{
  "version": 4,
  "terraform_version": "1.0.6",
  "serial": 220,
  "lineage": "b021d041-6d7a-abf4-2f6f-af8ba200e945",
  "outputs": {
    "private_subnets": {
      "value": [],
      "type": [
        "tuple",
        []
      ]
    },
    "public_subnets": {
      "value": [
        "subnet-0fe469fde41db5637",
        "subnet-00674f5cf73c6011f"
      ],
      "type": [
        "tuple",
        [
          "string",
          "string"
        ]
      ]
    },
    "vpc_id": {
      "value": "vpc-03da84470e512698f",
      "type": "string"
    }
  },
  "resources": [
    {
      "mode": "data",
      "type": "aws_ami",
      "name": "jenkins-slave-ami",
      "provider": "provider[\"registry.terraform.io/hashicorp/aws\"]",
      "instances": [
        {
          "schema_version": 0,
          "attributes": {
            "architecture": "x86_64",
            "arn": "arn:aws:ec2:us-east-2::image/ami-01685d240b8fbbfeb",
            "block_device_mappings": [
              {
                "device_name": "/dev/sda1",
                "ebs": {
                  "delete_on_termination": "true",
                  "encrypted": "false",
                  "iops": "0",
                  "snapshot_id": "snap-0fb4d0b01079b40bf",
                  "throughput": "0",
                  "volume_size": "8",
                  "volume_type": "gp2"
                },
                "no_device": "",
                "virtual_name": ""
              },
              {
                "device_name": "/dev/sdb",
                "ebs": {},
                "no_device": "",
                "virtual_name": "ephemeral0"
              },
              {
                "device_name": "/dev/sdc",
                "ebs": {},
                "no_device": "",
                "virtual_name": "ephemeral1"
              }
            ],
            "creation_date": "2021-07-22T12:11:22.000Z",
            "description": "Canonical, Ubuntu, 16.04 LTS, amd64 xenial image build on 2021-07-21",
            "ena_support": true,
            "executable_users": null,
            "filter": [
              {
                "name": "name",
                "values": [
                  "ubuntu/images/hvm-ssd/ubuntu-xenial-16.04-amd64-server-*"
                ]
              },
              {
                "name": "virtualization-type",
                "values": [
                  "hvm"
                ]
              }
            ],
            "hypervisor": "xen",
            "id": "ami-01685d240b8fbbfeb",
            "image_id": "ami-01685d240b8fbbfeb",
            "image_location": "099720109477/ubuntu/images/hvm-ssd/ubuntu-xenial-16.04-amd64-server-20210721",
            "image_owner_alias": null,
            "image_type": "machine",
            "kernel_id": null,
            "most_recent": true,
            "name": "ubuntu/images/hvm-ssd/ubuntu-xenial-16.04-amd64-server-20210721",
            "name_regex": null,
            "owner_id": "099720109477",
            "owners": [
              "099720109477"
            ],
            "platform": null,
            "platform_details": "Linux/UNIX",
            "product_codes": [],
            "public": true,
            "ramdisk_id": null,
            "root_device_name": "/dev/sda1",
            "root_device_type": "ebs",
            "root_snapshot_id": "snap-0fb4d0b01079b40bf",
            "sriov_net_support": "simple",
            "state": "available",
            "state_reason": {
              "code": "UNSET",
              "message": "UNSET"
            },
            "tags": {},
            "usage_operation": "RunInstances",
            "virtualization_type": "hvm"
          },
          "sensitive_attributes": []
        }
      ]
    },
    {
      "mode": "data",
      "type": "aws_ami",
      "name": "ubuntu",
      "provider": "provider[\"registry.terraform.io/hashicorp/aws\"]",
      "instances": [
        {
          "schema_version": 0,
          "attributes": {
            "architecture": "x86_64",
            "arn": "arn:aws:ec2:us-east-2::image/ami-01685d240b8fbbfeb",
            "block_device_mappings": [
              {
                "device_name": "/dev/sda1",
                "ebs": {
                  "delete_on_termination": "true",
                  "encrypted": "false",
                  "iops": "0",
                  "snapshot_id": "snap-0fb4d0b01079b40bf",
                  "throughput": "0",
                  "volume_size": "8",
                  "volume_type": "gp2"
                },
                "no_device": "",
                "virtual_name": ""
              },
              {
                "device_name": "/dev/sdb",
                "ebs": {},
                "no_device": "",
                "virtual_name": "ephemeral0"
              },
              {
                "device_name": "/dev/sdc",
                "ebs": {},
                "no_device": "",
                "virtual_name": "ephemeral1"
              }
            ],
            "creation_date": "2021-07-22T12:11:22.000Z",
            "description": "Canonical, Ubuntu, 16.04 LTS, amd64 xenial image build on 2021-07-21",
            "ena_support": true,
            "executable_users": null,
            "filter": [
              {
                "name": "name",
                "values": [
                  "ubuntu/images/hvm-ssd/ubuntu-xenial-16.04-amd64-server-*"
                ]
              },
              {
                "name": "virtualization-type",
                "values": [
                  "hvm"
                ]
              }
            ],
            "hypervisor": "xen",
            "id": "ami-01685d240b8fbbfeb",
            "image_id": "ami-01685d240b8fbbfeb",
            "image_location": "099720109477/ubuntu/images/hvm-ssd/ubuntu-xenial-16.04-amd64-server-20210721",
            "image_owner_alias": null,
            "image_type": "machine",
            "kernel_id": null,
            "most_recent": true,
            "name": "ubuntu/images/hvm-ssd/ubuntu-xenial-16.04-amd64-server-20210721",
            "name_regex": null,
            "owner_id": "099720109477",
            "owners": [
              "099720109477"
            ],
            "platform": null,
            "platform_details": "Linux/UNIX",
            "product_codes": [],
            "public": true,
            "ramdisk_id": null,
            "root_device_name": "/dev/sda1",
            "root_device_type": "ebs",
            "root_snapshot_id": "snap-0fb4d0b01079b40bf",
            "sriov_net_support": "simple",
            "state": "available",
            "state_reason": {
              "code": "UNSET",
              "message": "UNSET"
            },
            "tags": {},
            "usage_operation": "RunInstances",
            "virtualization_type": "hvm"
          },
          "sensitive_attributes": []
        }
      ]
    },
    {
      "mode": "managed",
      "type": "aws_launch_template",
      "name": "web-app-template",
      "provider": "provider[\"registry.terraform.io/hashicorp/aws\"]",
      "instances": [
        {
          "schema_version": 0,
          "attributes": {
            "arn": "arn:aws:ec2:us-east-2:052776272001:launch-template/lt-0925c3593e64d2ceb",
            "block_device_mappings": [],
            "capacity_reservation_specification": [],
            "cpu_options": [],
            "credit_specification": [],
            "default_version": 1,
            "description": "",
            "disable_api_termination": false,
            "ebs_optimized": "",
            "elastic_gpu_specifications": [],
            "elastic_inference_accelerator": [],
            "enclave_options": [],
            "hibernation_options": [],
            "iam_instance_profile": [],
            "id": "lt-0925c3593e64d2ceb",
            "image_id": "ami-01685d240b8fbbfeb",
            "instance_initiated_shutdown_behavior": "",
            "instance_market_options": [],
            "instance_type": "t2.micro",
            "kernel_id": "",
            "key_name": "vieskovtf",
            "latest_version": 1,
            "license_specification": [],
            "metadata_options": [],
            "monitoring": [
              {
                "enabled": true
              }
            ],
            "name": "run-web-app",
            "name_prefix": "",
            "network_interfaces": [
              {
                "associate_carrier_ip_address": "",
                "associate_public_ip_address": "true",
                "delete_on_termination": "true",
                "description": "",
                "device_index": 0,
                "interface_type": "",
                "ipv4_address_count": 0,
                "ipv4_addresses": null,
                "ipv6_address_count": 0,
                "ipv6_addresses": null,
                "network_interface_id": "",
                "private_ip_address": "",
                "security_groups": [
                  "sg-0dcae7614cae267f3"
                ],
                "subnet_id": ""
              }
            ],
            "placement": [],
            "ram_disk_id": "",
            "security_group_names": null,
            "tag_specifications": [],
            "tags": null,
            "tags_all": {},
            "update_default_version": null,
            "user_data": "IyEvYmluL2Jhc2gKc3VkbyBhcHQtZ2V0IHVwZGF0ZQpzdWRvIGFwdC1nZXQgaW5zdGFsbCAteSBhcGFjaGUyCmVjaG8gJ0hlbGxvIGZyb20gVGVycmFmb3JtJyA+IC92YXIvd3d3L2h0bWwvaW5kZXguaHRtbApzZXJ2aWNlIGh0dHBkIHN0YXJ0CgpzdWRvIGFwdC1nZXQgaW5zdGFsbCAteSBzdHJlc3MtbmcKCiMgc3VkbyBzdHJlc3MtbmcgLS1jcHUgMzIgLS10aW1lb3V0IDE4MCAtLW1ldHJpY3MtYnJpZWYK",
            "vpc_security_group_ids": null
          },
          "sensitive_attributes": [],
          "private": "bnVsbA==",
          "dependencies": [
            "data.aws_ami.ubuntu",
            "module.autoscaling.aws_security_group.this",
            "module.autoscaling.aws_security_group.this_name_prefix",
            "module.vpc.aws_vpc.this"
          ],
          "create_before_destroy": true
        }
      ]
    },
    {
      "module": "module.alb",
      "mode": "managed",
      "type": "aws_security_group",
      "name": "this_name_prefix",
      "provider": "provider[\"registry.terraform.io/hashicorp/aws\"]",
      "instances": [
        {
          "index_key": 0,
          "schema_version": 1,
          "attributes": {
            "arn": "arn:aws:ec2:us-east-2:052776272001:security-group/sg-02fccecff4f19e207",
            "description": "Security group that allows public inbound traffic",
            "egress": [],
            "id": "sg-02fccecff4f19e207",
            "ingress": [],
            "name": "alb-sg-20210917193608837100000009",
            "name_prefix": "alb-sg-",
            "owner_id": "052776272001",
            "revoke_rules_on_delete": false,
            "tags": {
              "Name": "Web Server",
              "Terraform": "true"
            },
            "tags_all": {
              "Name": "Web Server",
              "Terraform": "true"
            },
            "timeouts": null,
            "vpc_id": "vpc-03da84470e512698f"
          },
          "sensitive_attributes": [],
          "private": "eyJlMmJmYjczMC1lY2FhLTExZTYtOGY4OC0zNDM2M2JjN2M0YzAiOnsiY3JlYXRlIjo2MDAwMDAwMDAwMDAsImRlbGV0ZSI6OTAwMDAwMDAwMDAwfSwic2NoZW1hX3ZlcnNpb24iOiIxIn0=",
          "dependencies": [
            "module.vpc.aws_vpc.this"
          ],
          "create_before_destroy": true
        }
      ]
    },
    {
      "module": "module.alb",
      "mode": "managed",
      "type": "aws_security_group_rule",
      "name": "egress_with_cidr_blocks",
      "provider": "provider[\"registry.terraform.io/hashicorp/aws\"]",
      "instances": [
        {
          "index_key": 0,
          "schema_version": 2,
          "attributes": {
            "cidr_blocks": [
              "0.0.0.0/0"
            ],
            "description": "lb outbound",
            "from_port": 0,
            "id": "sgrule-3371891539",
            "ipv6_cidr_blocks": null,
            "prefix_list_ids": [],
            "protocol": "-1",
            "security_group_id": "sg-02fccecff4f19e207",
            "self": false,
            "source_security_group_id": null,
            "to_port": 0,
            "type": "egress"
          },
          "sensitive_attributes": [],
          "private": "eyJzY2hlbWFfdmVyc2lvbiI6IjIifQ==",
          "dependencies": [
            "module.alb.aws_security_group.this",
            "module.alb.aws_security_group.this_name_prefix",
            "module.vpc.aws_vpc.this"
          ]
        }
      ]
    },
    {
      "module": "module.alb",
      "mode": "managed",
      "type": "aws_security_group_rule",
      "name": "ingress_with_cidr_blocks",
      "provider": "provider[\"registry.terraform.io/hashicorp/aws\"]",
      "instances": [
        {
          "index_key": 0,
          "schema_version": 2,
          "attributes": {
            "cidr_blocks": [
              "0.0.0.0/0"
            ],
            "description": "http ",
            "from_port": 80,
            "id": "sgrule-729761624",
            "ipv6_cidr_blocks": null,
            "prefix_list_ids": [],
            "protocol": "tcp",
            "security_group_id": "sg-02fccecff4f19e207",
            "self": false,
            "source_security_group_id": null,
            "to_port": 80,
            "type": "ingress"
          },
          "sensitive_attributes": [],
          "private": "eyJzY2hlbWFfdmVyc2lvbiI6IjIifQ==",
          "dependencies": [
            "module.alb.aws_security_group.this",
            "module.alb.aws_security_group.this_name_prefix",
            "module.vpc.aws_vpc.this"
          ]
        }
      ]
    },
    {
      "module": "module.app_alb",
      "mode": "managed",
      "type": "aws_lb",
      "name": "this",
      "provider": "provider[\"registry.terraform.io/hashicorp/aws\"]",
      "instances": [
        {
          "index_key": 0,
          "status": "tainted",
          "schema_version": 0,
          "attributes": {
            "access_logs": [
              {
                "bucket": "my-alb-logs",
                "enabled": true,
                "prefix": ""
              }
            ],
            "arn": null,
            "arn_suffix": null,
            "customer_owned_ipv4_pool": null,
            "dns_name": null,
            "drop_invalid_header_fields": false,
            "enable_cross_zone_load_balancing": null,
            "enable_deletion_protection": false,
            "enable_http2": true,
            "id": "arn:aws:elasticloadbalancing:us-east-2:052776272001:loadbalancer/app/app-alb/4ea700eec862252f",
            "idle_timeout": 60,
            "internal": false,
            "ip_address_type": "ipv4",
            "load_balancer_type": "application",
            "name": "app-alb",
            "name_prefix": null,
            "security_groups": [
              "sg-05b7b14fdd6da0f82"
            ],
            "subnet_mapping": [],
            "subnets": [
              "subnet-00674f5cf73c6011f",
              "subnet-0fe469fde41db5637"
            ],
            "tags": {
              "Environment": "dev",
              "Name": "app-alb"
            },
            "tags_all": {
              "Environment": "dev",
              "Name": "app-alb"
            },
            "timeouts": {
              "create": "10m",
              "delete": "10m",
              "update": "10m"
            },
            "vpc_id": null,
            "zone_id": null
          },
          "sensitive_attributes": [],
          "private": "eyJlMmJmYjczMC1lY2FhLTExZTYtOGY4OC0zNDM2M2JjN2M0YzAiOnsiY3JlYXRlIjo2MDAwMDAwMDAwMDAsImRlbGV0ZSI6NjAwMDAwMDAwMDAwLCJ1cGRhdGUiOjYwMDAwMDAwMDAwMH19",
          "dependencies": [
            "module.vpc.aws_subnet.public",
            "module.vpc.aws_vpc.this",
            "module.vpc.aws_vpc_ipv4_cidr_block_association.this",
            "module.web.aws_security_group.this",
            "module.web.aws_security_group.this_name_prefix"
          ]
        }
      ]
    },
    {
      "module": "module.app_alb",
      "mode": "managed",
      "type": "aws_lb_listener",
      "name": "frontend_http_tcp",
      "provider": "provider[\"registry.terraform.io/hashicorp/aws\"]",
      "instances": []
    },
    {
      "module": "module.app_alb",
      "mode": "managed",
      "type": "aws_lb_listener",
      "name": "frontend_https",
      "provider": "provider[\"registry.terraform.io/hashicorp/aws\"]",
      "instances": []
    },
    {
      "module": "module.app_alb",
      "mode": "managed",
      "type": "aws_lb_target_group",
      "name": "main",
      "provider": "provider[\"registry.terraform.io/hashicorp/aws\"]",
      "instances": [
        {
          "index_key": 0,
          "schema_version": 0,
          "attributes": {
            "arn": "arn:aws:elasticloadbalancing:us-east-2:052776272001:targetgroup/pref-20210917193608501600000008/109be93a09b2d2f9",
            "arn_suffix": "targetgroup/pref-20210917193608501600000008/109be93a09b2d2f9",
            "deregistration_delay": 300,
            "health_check": [
              {
                "enabled": true,
                "healthy_threshold": 5,
                "interval": 30,
                "matcher": "200",
                "path": "/",
                "port": "traffic-port",
                "protocol": "HTTP",
                "timeout": 5,
                "unhealthy_threshold": 2
              }
            ],
            "id": "arn:aws:elasticloadbalancing:us-east-2:052776272001:targetgroup/pref-20210917193608501600000008/109be93a09b2d2f9",
            "lambda_multi_value_headers_enabled": false,
            "load_balancing_algorithm_type": "round_robin",
            "name": "pref-20210917193608501600000008",
            "name_prefix": "pref-",
            "port": 80,
            "preserve_client_ip": null,
            "protocol": "HTTP",
            "protocol_version": "HTTP1",
            "proxy_protocol_v2": false,
            "slow_start": 0,
            "stickiness": [
              {
                "cookie_duration": 86400,
                "cookie_name": "",
                "enabled": false,
                "type": "lb_cookie"
              }
            ],
            "tags": {
              "Environment": "dev",
              "Name": "pref-"
            },
            "tags_all": {
              "Environment": "dev",
              "Name": "pref-"
            },
            "target_type": "instance",
            "vpc_id": "vpc-03da84470e512698f"
          },
          "sensitive_attributes": [],
          "private": "bnVsbA==",
          "dependencies": [
            "module.vpc.aws_vpc.this"
          ],
          "create_before_destroy": true
        }
      ]
    },
    {
      "module": "module.asg",
      "mode": "managed",
      "type": "aws_autoscaling_group",
      "name": "this",
      "provider": "provider[\"registry.terraform.io/hashicorp/aws\"]",
      "instances": [
        {
          "index_key": 0,
          "schema_version": 0,
          "attributes": {
            "arn": "arn:aws:autoscaling:us-east-2:052776272001:autoScalingGroup:97af42cd-dd76-4803-ad27-97c9f378093a:autoScalingGroupName/dev-app-asg-2021091719362251510000000e",
            "availability_zones": [
              "us-east-2a",
              "us-east-2b"
            ],
            "capacity_rebalance": false,
            "default_cooldown": 300,
            "desired_capacity": 2,
            "enabled_metrics": null,
            "force_delete": false,
            "force_delete_warm_pool": false,
            "health_check_grace_period": 300,
            "health_check_type": "EC2",
            "id": "dev-app-asg-2021091719362251510000000e",
            "initial_lifecycle_hook": [
              {
                "default_result": "CONTINUE",
                "heartbeat_timeout": 180,
                "lifecycle_transition": "autoscaling:EC2_INSTANCE_TERMINATING",
                "name": "ExampleTerminationLifeCycleHook",
                "notification_metadata": "{\"goodbye\":\"world\"}",
                "notification_target_arn": "",
                "role_arn": ""
              },
              {
                "default_result": "CONTINUE",
                "heartbeat_timeout": 60,
                "lifecycle_transition": "autoscaling:EC2_INSTANCE_LAUNCHING",
                "name": "ExampleStartupLifeCycleHook",
                "notification_metadata": "{\"hello\":\"world\"}",
                "notification_target_arn": "",
                "role_arn": ""
              }
            ],
            "instance_refresh": [
              {
                "preferences": [
                  {
                    "instance_warmup": "",
                    "min_healthy_percentage": 50
                  }
                ],
                "strategy": "Rolling",
                "triggers": [
                  "tag"
                ]
              }
            ],
            "launch_configuration": "",
            "launch_template": [
              {
                "id": "lt-0925c3593e64d2ceb",
                "name": "run-web-app",
                "version": ""
              }
            ],
            "load_balancers": null,
            "max_instance_lifetime": 0,
            "max_size": 5,
            "metrics_granularity": "1Minute",
            "min_elb_capacity": null,
            "min_size": 2,
            "mixed_instances_policy": [],
            "name": "dev-app-asg-2021091719362251510000000e",
            "name_prefix": "dev-app-asg-",
            "placement_group": "",
            "protect_from_scale_in": false,
            "service_linked_role_arn": "arn:aws:iam::052776272001:role/aws-service-role/autoscaling.amazonaws.com/AWSServiceRoleForAutoScaling",
            "suspended_processes": null,
            "tag": [],
            "tags": [
              {
                "key": "Environment",
                "propagate_at_launch": "true",
                "value": "dev"
              },
              {
                "key": "Name",
                "propagate_at_launch": "true",
                "value": "dev-app-asg"
              },
              {
                "key": "Project",
                "propagate_at_launch": "true",
                "value": "megasecret"
              },
              {
                "key": "extra_tag1",
                "propagate_at_launch": "true",
                "value": "extra_value1"
              },
              {
                "key": "extra_tag2",
                "propagate_at_launch": "true",
                "value": "extra_value2"
              }
            ],
            "target_group_arns": null,
            "termination_policies": null,
            "timeouts": {
              "delete": null
            },
            "vpc_zone_identifier": [
              "subnet-00674f5cf73c6011f",
              "subnet-0fe469fde41db5637"
            ],
            "wait_for_capacity_timeout": "0",
            "wait_for_elb_capacity": null,
            "warm_pool": []
          },
          "sensitive_attributes": [],
          "private": "eyJlMmJmYjczMC1lY2FhLTExZTYtOGY4OC0zNDM2M2JjN2M0YzAiOnsiZGVsZXRlIjo2MDAwMDAwMDAwMDB9fQ==",
          "dependencies": [
            "aws_launch_template.web-app-template",
            "data.aws_ami.ubuntu",
            "module.asg.aws_launch_configuration.this",
            "module.asg.aws_launch_template.this",
            "module.asg.null_resource.tags_as_list_of_maps",
            "module.autoscaling.aws_security_group.this",
            "module.autoscaling.aws_security_group.this_name_prefix",
            "module.vpc.aws_subnet.public",
            "module.vpc.aws_vpc.this",
            "module.vpc.aws_vpc_ipv4_cidr_block_association.this"
          ],
          "create_before_destroy": true
        }
      ]
    },
    {
      "module": "module.asg",
      "mode": "managed",
      "type": "null_resource",
      "name": "tags_as_list_of_maps",
      "provider": "provider[\"registry.terraform.io/hashicorp/null\"]",
      "instances": [
        {
          "index_key": 0,
          "schema_version": 0,
          "attributes": {
            "id": "9003850346469568254",
            "triggers": {
              "key": "extra_tag1",
              "propagate_at_launch": "true",
              "value": "extra_value1"
            }
          },
          "sensitive_attributes": [],
          "private": "bnVsbA==",
          "create_before_destroy": true
        },
        {
          "index_key": 1,
          "schema_version": 0,
          "attributes": {
            "id": "7582303741560793331",
            "triggers": {
              "key": "extra_tag2",
              "propagate_at_launch": "true",
              "value": "extra_value2"
            }
          },
          "sensitive_attributes": [],
          "private": "bnVsbA==",
          "create_before_destroy": true
        }
      ]
    },
    {
      "module": "module.autoscaling",
      "mode": "managed",
      "type": "aws_security_group",
      "name": "this_name_prefix",
      "provider": "provider[\"registry.terraform.io/hashicorp/aws\"]",
      "instances": [
        {
          "index_key": 0,
          "schema_version": 1,
          "attributes": {
            "arn": "arn:aws:ec2:us-east-2:052776272001:security-group/sg-0dcae7614cae267f3",
            "description": "Security group that allows public inbound traffic",
            "egress": [],
            "id": "sg-0dcae7614cae267f3",
            "ingress": [],
            "name": "autoscaling-sg-20210917193606616000000005",
            "name_prefix": "autoscaling-sg-",
            "owner_id": "052776272001",
            "revoke_rules_on_delete": false,
            "tags": {
              "Name": "Auto Scaling",
              "Terraform": "true"
            },
            "tags_all": {
              "Name": "Auto Scaling",
              "Terraform": "true"
            },
            "timeouts": null,
            "vpc_id": "vpc-03da84470e512698f"
          },
          "sensitive_attributes": [],
          "private": "eyJlMmJmYjczMC1lY2FhLTExZTYtOGY4OC0zNDM2M2JjN2M0YzAiOnsiY3JlYXRlIjo2MDAwMDAwMDAwMDAsImRlbGV0ZSI6OTAwMDAwMDAwMDAwfSwic2NoZW1hX3ZlcnNpb24iOiIxIn0=",
          "dependencies": [
            "module.vpc.aws_vpc.this"
          ],
          "create_before_destroy": true
        }
      ]
    },
    {
      "module": "module.autoscaling",
      "mode": "managed",
      "type": "aws_security_group_rule",
      "name": "computed_ingress_with_source_security_group_id",
      "provider": "provider[\"registry.terraform.io/hashicorp/aws\"]",
      "instances": [
        {
          "index_key": 0,
          "schema_version": 2,
          "attributes": {
            "cidr_blocks": null,
            "description": "Ingress Rule",
            "from_port": 80,
            "id": "sgrule-1054574627",
            "ipv6_cidr_blocks": null,
            "prefix_list_ids": [],
            "protocol": "tcp",
            "security_group_id": "sg-0dcae7614cae267f3",
            "self": false,
            "source_security_group_id": "sg-02fccecff4f19e207",
            "to_port": 80,
            "type": "ingress"
          },
          "sensitive_attributes": [],
          "private": "eyJzY2hlbWFfdmVyc2lvbiI6IjIifQ==",
          "dependencies": [
            "module.alb.aws_security_group.this",
            "module.alb.aws_security_group.this_name_prefix",
            "module.autoscaling.aws_security_group.this",
            "module.autoscaling.aws_security_group.this_name_prefix",
            "module.vpc.aws_vpc.this"
          ]
        }
      ]
    },
    {
      "module": "module.autoscaling",
      "mode": "managed",
      "type": "aws_security_group_rule",
      "name": "egress_with_cidr_blocks",
      "provider": "provider[\"registry.terraform.io/hashicorp/aws\"]",
      "instances": [
        {
          "index_key": 0,
          "schema_version": 2,
          "attributes": {
            "cidr_blocks": [
              "0.0.0.0/0"
            ],
            "description": "autoscaling outbound",
            "from_port": 0,
            "id": "sgrule-2626439766",
            "ipv6_cidr_blocks": null,
            "prefix_list_ids": [],
            "protocol": "-1",
            "security_group_id": "sg-0dcae7614cae267f3",
            "self": false,
            "source_security_group_id": null,
            "to_port": 0,
            "type": "egress"
          },
          "sensitive_attributes": [],
          "private": "eyJzY2hlbWFfdmVyc2lvbiI6IjIifQ==",
          "dependencies": [
            "module.autoscaling.aws_security_group.this",
            "module.autoscaling.aws_security_group.this_name_prefix",
            "module.vpc.aws_vpc.this"
          ]
        }
      ]
    },
    {
      "module": "module.autoscaling",
      "mode": "managed",
      "type": "aws_security_group_rule",
      "name": "ingress_with_cidr_blocks",
      "provider": "provider[\"registry.terraform.io/hashicorp/aws\"]",
      "instances": [
        {
          "index_key": 0,
          "schema_version": 2,
          "attributes": {
            "cidr_blocks": [
              "0.0.0.0/0"
            ],
            "description": "ssh",
            "from_port": 22,
            "id": "sgrule-1140840266",
            "ipv6_cidr_blocks": null,
            "prefix_list_ids": [],
            "protocol": "tcp",
            "security_group_id": "sg-0dcae7614cae267f3",
            "self": false,
            "source_security_group_id": null,
            "to_port": 22,
            "type": "ingress"
          },
          "sensitive_attributes": [],
          "private": "eyJzY2hlbWFfdmVyc2lvbiI6IjIifQ==",
          "dependencies": [
            "module.autoscaling.aws_security_group.this",
            "module.autoscaling.aws_security_group.this_name_prefix",
            "module.vpc.aws_vpc.this"
          ]
        },
        {
          "index_key": 1,
          "schema_version": 2,
          "attributes": {
            "cidr_blocks": [
              "0.0.0.0/0"
            ],
            "description": "http ",
            "from_port": 80,
            "id": "sgrule-4118121215",
            "ipv6_cidr_blocks": null,
            "prefix_list_ids": [],
            "protocol": "tcp",
            "security_group_id": "sg-0dcae7614cae267f3",
            "self": false,
            "source_security_group_id": null,
            "to_port": 80,
            "type": "ingress"
          },
          "sensitive_attributes": [],
          "private": "eyJzY2hlbWFfdmVyc2lvbiI6IjIifQ==",
          "dependencies": [
            "module.autoscaling.aws_security_group.this",
            "module.autoscaling.aws_security_group.this_name_prefix",
            "module.vpc.aws_vpc.this"
          ]
        }
      ]
    },
    {
      "module": "module.bastion",
      "mode": "data",
      "type": "aws_ami",
      "name": "amazon-linux-2",
      "provider": "provider[\"registry.terraform.io/hashicorp/aws\"]",
      "instances": [
        {
          "schema_version": 0,
          "attributes": {
            "architecture": "x86_64",
            "arn": "arn:aws:ec2:us-east-2::image/ami-0184d9fabdcd7504a",
            "block_device_mappings": [
              {
                "device_name": "/dev/xvda",
                "ebs": {
                  "delete_on_termination": "true",
                  "encrypted": "false",
                  "iops": "0",
                  "snapshot_id": "snap-0350fa19a1ac7579d",
                  "throughput": "0",
                  "volume_size": "8",
                  "volume_type": "standard"
                },
                "no_device": "",
                "virtual_name": ""
              }
            ],
            "creation_date": "2021-08-25T06:54:48.000Z",
            "description": "Amazon Linux 2 AMI 2.0.20210813.1 x86_64 HVM ebs",
            "ena_support": true,
            "executable_users": null,
            "filter": [
              {
                "name": "architecture",
                "values": [
                  "x86_64"
                ]
              }
            ],
            "hypervisor": "xen",
            "id": "ami-0184d9fabdcd7504a",
            "image_id": "ami-0184d9fabdcd7504a",
            "image_location": "amazon/amzn2-ami-hvm-2.0.20210813.1-x86_64-ebs",
            "image_owner_alias": "amazon",
            "image_type": "machine",
            "kernel_id": null,
            "most_recent": true,
            "name": "amzn2-ami-hvm-2.0.20210813.1-x86_64-ebs",
            "name_regex": "^amzn2-ami-hvm.*-ebs",
            "owner_id": "137112412989",
            "owners": [
              "amazon"
            ],
            "platform": null,
            "platform_details": "Linux/UNIX",
            "product_codes": [],
            "public": true,
            "ramdisk_id": null,
            "root_device_name": "/dev/xvda",
            "root_device_type": "ebs",
            "root_snapshot_id": "snap-0350fa19a1ac7579d",
            "sriov_net_support": "simple",
            "state": "available",
            "state_reason": {
              "code": "UNSET",
              "message": "UNSET"
            },
            "tags": {},
            "usage_operation": "RunInstances",
            "virtualization_type": "hvm"
          },
          "sensitive_attributes": []
        }
      ]
    },
    {
      "module": "module.bastion",
      "mode": "data",
      "type": "aws_iam_policy_document",
      "name": "assume_policy_document",
      "provider": "provider[\"registry.terraform.io/hashicorp/aws\"]",
      "instances": [
        {
          "schema_version": 0,
          "attributes": {
            "id": "1903849331",
            "json": "{\n  \"Version\": \"2012-10-17\",\n  \"Statement\": [\n    {\n      \"Sid\": \"\",\n      \"Effect\": \"Allow\",\n      \"Action\": \"sts:AssumeRole\",\n      \"Principal\": {\n        \"Service\": \"ec2.amazonaws.com\"\n      }\n    }\n  ]\n}",
            "override_json": null,
            "override_policy_documents": null,
            "policy_id": null,
            "source_json": null,
            "source_policy_documents": null,
            "statement": [
              {
                "actions": [
                  "sts:AssumeRole"
                ],
                "condition": [],
                "effect": "Allow",
                "not_actions": [],
                "not_principals": [],
                "not_resources": [],
                "principals": [
                  {
                    "identifiers": [
                      "ec2.amazonaws.com"
                    ],
                    "type": "Service"
                  }
                ],
                "resources": [],
                "sid": ""
              }
            ],
            "version": "2012-10-17"
          },
          "sensitive_attributes": []
        }
      ]
    },
    {
      "module": "module.bastion",
      "mode": "data",
      "type": "aws_iam_policy_document",
      "name": "bastion_host_policy_document",
      "provider": "provider[\"registry.terraform.io/hashicorp/aws\"]",
      "instances": []
    },
    {
      "module": "module.bastion",
      "mode": "data",
      "type": "aws_kms_alias",
      "name": "kms-ebs",
      "provider": "provider[\"registry.terraform.io/hashicorp/aws\"]",
      "instances": [
        {
          "schema_version": 0,
          "attributes": {
            "arn": "arn:aws:kms:us-east-2:052776272001:alias/aws/ebs",
            "id": "arn:aws:kms:us-east-2:052776272001:alias/aws/ebs",
            "name": "alias/aws/ebs",
            "target_key_arn": "arn:aws:kms:us-east-2:052776272001:key/04955640-c4ea-4b47-8798-b8d56fb68bfa",
            "target_key_id": "04955640-c4ea-4b47-8798-b8d56fb68bfa"
          },
          "sensitive_attributes": []
        }
      ]
    },
    {
      "module": "module.bastion",
      "mode": "data",
      "type": "aws_subnet",
      "name": "subnets",
      "provider": "provider[\"registry.terraform.io/hashicorp/aws\"]",
      "instances": [
        {
          "index_key": 0,
          "schema_version": 0,
          "attributes": {
            "arn": "arn:aws:ec2:us-east-2:052776272001:subnet/subnet-0fe469fde41db5637",
            "assign_ipv6_address_on_creation": false,
            "availability_zone": "us-east-2a",
            "availability_zone_id": "use2-az1",
            "available_ip_address_count": 250,
            "cidr_block": "192.168.1.0/24",
            "customer_owned_ipv4_pool": "",
            "default_for_az": false,
            "filter": null,
            "id": "subnet-0fe469fde41db5637",
            "ipv6_cidr_block": null,
            "ipv6_cidr_block_association_id": null,
            "map_customer_owned_ip_on_launch": false,
            "map_public_ip_on_launch": true,
            "outpost_arn": "",
            "owner_id": "052776272001",
            "state": "available",
            "tags": {
              "Name": "app-vpc-public-us-east-2a",
              "Terraform": "true"
            },
            "vpc_id": "vpc-03da84470e512698f"
          },
          "sensitive_attributes": []
        },
        {
          "index_key": 1,
          "schema_version": 0,
          "attributes": {
            "arn": "arn:aws:ec2:us-east-2:052776272001:subnet/subnet-00674f5cf73c6011f",
            "assign_ipv6_address_on_creation": false,
            "availability_zone": "us-east-2b",
            "availability_zone_id": "use2-az2",
            "available_ip_address_count": 251,
            "cidr_block": "192.168.2.0/24",
            "customer_owned_ipv4_pool": "",
            "default_for_az": false,
            "filter": null,
            "id": "subnet-00674f5cf73c6011f",
            "ipv6_cidr_block": null,
            "ipv6_cidr_block_association_id": null,
            "map_customer_owned_ip_on_launch": false,
            "map_public_ip_on_launch": true,
            "outpost_arn": "",
            "owner_id": "052776272001",
            "state": "available",
            "tags": {
              "Name": "app-vpc-public-us-east-2b",
              "Terraform": "true"
            },
            "vpc_id": "vpc-03da84470e512698f"
          },
          "sensitive_attributes": []
        }
      ]
    },
    {
      "module": "module.bastion",
      "mode": "managed",
      "type": "aws_autoscaling_group",
      "name": "bastion_auto_scaling_group",
      "provider": "provider[\"registry.terraform.io/hashicorp/aws\"]",
      "instances": []
    },
    {
      "module": "module.bastion",
      "mode": "managed",
      "type": "aws_iam_instance_profile",
      "name": "bastion_host_profile",
      "provider": "provider[\"registry.terraform.io/hashicorp/aws\"]",
      "instances": [
        {
          "schema_version": 0,
          "attributes": {
            "arn": "arn:aws:iam::052776272001:instance-profile/terraform-20210917193550710400000003",
            "create_date": "2021-09-17T19:35:53Z",
            "id": "terraform-20210917193550710400000003",
            "name": "terraform-20210917193550710400000003",
            "name_prefix": null,
            "path": "/",
            "role": "terraform-20210917193548424700000002",
            "tags": null,
            "tags_all": {},
            "unique_id": "AIPAQYSNWACASBAUZ7CVI"
          },
          "sensitive_attributes": [],
          "private": "bnVsbA==",
          "dependencies": [
            "module.bastion.aws_iam_role.bastion_host_role",
            "module.bastion.data.aws_iam_policy_document.assume_policy_document"
          ],
          "create_before_destroy": true
        }
      ]
    },
    {
      "module": "module.bastion",
      "mode": "managed",
      "type": "aws_iam_policy",
      "name": "bastion_host_policy",
      "provider": "provider[\"registry.terraform.io/hashicorp/aws\"]",
      "instances": []
    },
    {
      "module": "module.bastion",
      "mode": "managed",
      "type": "aws_iam_role",
      "name": "bastion_host_role",
      "provider": "provider[\"registry.terraform.io/hashicorp/aws\"]",
      "instances": [
        {
          "schema_version": 0,
          "attributes": {
            "arn": "arn:aws:iam::052776272001:role/terraform-20210917193548424700000002",
            "assume_role_policy": "{\"Version\":\"2012-10-17\",\"Statement\":[{\"Sid\":\"\",\"Effect\":\"Allow\",\"Principal\":{\"Service\":\"ec2.amazonaws.com\"},\"Action\":\"sts:AssumeRole\"}]}",
            "create_date": "2021-09-17T19:35:51Z",
            "description": "",
            "force_detach_policies": false,
            "id": "terraform-20210917193548424700000002",
            "inline_policy": [
              {
                "name": "",
                "policy": ""
              }
            ],
            "managed_policy_arns": [],
            "max_session_duration": 3600,
            "name": "terraform-20210917193548424700000002",
            "name_prefix": "terraform-",
            "path": "/",
            "permissions_boundary": "",
            "tags": null,
            "tags_all": {},
            "unique_id": "AROAQYSNWACAQJII4HF3A"
          },
          "sensitive_attributes": [],
          "private": "bnVsbA==",
          "dependencies": [
            "module.bastion.data.aws_iam_policy_document.assume_policy_document"
          ],
          "create_before_destroy": true
        }
      ]
    },
    {
      "module": "module.bastion",
      "mode": "managed",
      "type": "aws_iam_role_policy_attachment",
      "name": "bastion_host",
      "provider": "provider[\"registry.terraform.io/hashicorp/aws\"]",
      "instances": []
    },
    {
      "module": "module.bastion",
      "mode": "managed",
      "type": "aws_kms_alias",
      "name": "alias",
      "provider": "provider[\"registry.terraform.io/hashicorp/aws\"]",
      "instances": [
        {
          "schema_version": 0,
          "attributes": {
            "arn": "arn:aws:kms:us-east-2:052776272001:alias/bucket_bastion_dev",
            "id": "alias/bucket_bastion_dev",
            "name": "alias/bucket_bastion_dev",
            "name_prefix": "",
            "target_key_arn": "arn:aws:kms:us-east-2:052776272001:key/5c2ce8ac-f22f-41a3-bc58-367fa51f2a9e",
            "target_key_id": "5c2ce8ac-f22f-41a3-bc58-367fa51f2a9e"
          },
          "sensitive_attributes": [],
          "private": "bnVsbA==",
          "dependencies": [
            "module.bastion.aws_kms_key.key"
          ]
        }
      ]
    },
    {
      "module": "module.bastion",
      "mode": "managed",
      "type": "aws_kms_key",
      "name": "key",
      "provider": "provider[\"registry.terraform.io/hashicorp/aws\"]",
      "instances": [
        {
          "schema_version": 0,
          "attributes": {
            "arn": "arn:aws:kms:us-east-2:052776272001:key/5c2ce8ac-f22f-41a3-bc58-367fa51f2a9e",
            "bypass_policy_lockout_safety_check": false,
            "customer_master_key_spec": "SYMMETRIC_DEFAULT",
            "deletion_window_in_days": null,
            "description": "",
            "enable_key_rotation": false,
            "id": "5c2ce8ac-f22f-41a3-bc58-367fa51f2a9e",
            "is_enabled": true,
            "key_id": "5c2ce8ac-f22f-41a3-bc58-367fa51f2a9e",
            "key_usage": "ENCRYPT_DECRYPT",
            "policy": "{\"Id\":\"key-default-1\",\"Statement\":[{\"Action\":\"kms:*\",\"Effect\":\"Allow\",\"Principal\":{\"AWS\":\"arn:aws:iam::052776272001:root\"},\"Resource\":\"*\",\"Sid\":\"Enable IAM User Permissions\"}],\"Version\":\"2012-10-17\"}",
            "tags": {
              "description": "vieskovtf_bastion_description",
              "name": "vieskovtf_bastion"
            },
            "tags_all": {
              "description": "vieskovtf_bastion_description",
              "name": "vieskovtf_bastion"
            }
          },
          "sensitive_attributes": [],
          "private": "bnVsbA==",
          "create_before_destroy": true
        }
      ]
    },
    {
      "module": "module.bastion",
      "mode": "managed",
      "type": "aws_launch_template",
      "name": "bastion_launch_template",
      "provider": "provider[\"registry.terraform.io/hashicorp/aws\"]",
      "instances": [
        {
          "schema_version": 0,
          "attributes": {
            "arn": "arn:aws:ec2:us-east-2:052776272001:launch-template/lt-0a318b8efaf947986",
            "block_device_mappings": [
              {
                "device_name": "/dev/xvda",
                "ebs": [
                  {
                    "delete_on_termination": "true",
                    "encrypted": "true",
                    "iops": 0,
                    "kms_key_id": "arn:aws:kms:us-east-2:052776272001:key/04955640-c4ea-4b47-8798-b8d56fb68bfa",
                    "snapshot_id": "",
                    "throughput": 0,
                    "volume_size": 8,
                    "volume_type": "gp2"
                  }
                ],
                "no_device": "",
                "virtual_name": ""
              }
            ],
            "capacity_reservation_specification": [],
            "cpu_options": [],
            "credit_specification": [],
            "default_version": 1,
            "description": "",
            "disable_api_termination": false,
            "ebs_optimized": "",
            "elastic_gpu_specifications": [],
            "elastic_inference_accelerator": [],
            "enclave_options": [],
            "hibernation_options": [],
            "iam_instance_profile": [
              {
                "arn": "",
                "name": "terraform-20210917193550710400000003"
              }
            ],
            "id": "lt-0a318b8efaf947986",
            "image_id": "ami-0184d9fabdcd7504a",
            "instance_initiated_shutdown_behavior": "",
            "instance_market_options": [],
            "instance_type": "t3.nano",
            "kernel_id": "",
            "key_name": "vieskovtf",
            "latest_version": 1,
            "license_specification": [],
            "metadata_options": [],
            "monitoring": [
              {
                "enabled": true
              }
            ],
            "name": "bastion-lt2021091719362057590000000c",
            "name_prefix": "bastion-lt",
            "network_interfaces": [
              {
                "associate_carrier_ip_address": "",
                "associate_public_ip_address": "true",
                "delete_on_termination": "true",
                "description": "",
                "device_index": 0,
                "interface_type": "",
                "ipv4_address_count": 0,
                "ipv4_addresses": null,
                "ipv6_address_count": 0,
                "ipv6_addresses": null,
                "network_interface_id": "",
                "private_ip_address": "",
                "security_groups": [
                  "sg-0b0c5f6c892cc57f5"
                ],
                "subnet_id": ""
              }
            ],
            "placement": [],
            "ram_disk_id": "",
            "security_group_names": null,
            "tag_specifications": [
              {
                "resource_type": "instance",
                "tags": {
                  "Name": "bastion-lt",
                  "description": "vieskovtf_bastion_description",
                  "name": "vieskovtf_bastion"
                }
              },
              {
                "resource_type": "volume",
                "tags": {
                  "Name": "bastion-lt",
                  "description": "vieskovtf_bastion_description",
                  "name": "vieskovtf_bastion"
                }
              }
            ],
            "tags": null,
            "tags_all": {},
            "update_default_version": true,
            "user_data": "IyEvYmluL2Jhc2ggLXgNCnl1bSAteSB1cGRhdGUgLS1zZWN1cml0eQ0KDQojIyMjIyMjIyMjIyMjIyMjIyMjIyMjIyMjIw0KIyMgRU5BQkxFIFNTSCBSRUNPUkRJTkcgIyMNCiMjIyMjIyMjIyMjIyMjIyMjIyMjIyMjIyMjDQoNCiMgQ3JlYXRlIGEgbmV3IGZvbGRlciBmb3IgdGhlIGxvZyBmaWxlcw0KbWtkaXIgL3Zhci9sb2cvYmFzdGlvbg0KDQojIEFsbG93IGVjMi11c2VyIG9ubHkgdG8gYWNjZXNzIHRoaXMgZm9sZGVyIGFuZCBpdHMgY29udGVudA0KY2hvd24gZWMyLXVzZXI6ZWMyLXVzZXIgL3Zhci9sb2cvYmFzdGlvbg0KY2htb2QgLVIgNzcwIC92YXIvbG9nL2Jhc3Rpb24NCnNldGZhY2wgLVJkbSBvdGhlcjowIC92YXIvbG9nL2Jhc3Rpb24NCg0KIyBVcGRhdGUgc3NoZCBkZWZhdWx0IHBvcnQgdG8gcHVibGljX3NzaF9wb3J0DQpzZWQgLWkgInMvI1BvcnQgMjIvUG9ydCAyMi9nIiAvZXRjL3NzaC9zc2hkX2NvbmZpZw0KDQojIE1ha2UgT3BlblNTSCBleGVjdXRlIGEgY3VzdG9tIHNjcmlwdCBvbiBsb2dpbnMNCmVjaG8gLWUgIlxcbkZvcmNlQ29tbWFuZCAvdXNyL2Jpbi9iYXN0aW9uL3NoZWxsIiA+PiAvZXRjL3NzaC9zc2hkX2NvbmZpZw0KDQojIEJsb2NrIHNvbWUgU1NIIGZlYXR1cmVzIHRoYXQgYmFzdGlvbiBob3N0IHVzZXJzIGNvdWxkIHVzZSB0byBjaXJjdW12ZW50IHRoZSBzb2x1dGlvbg0KYXdrICchL1gxMUZvcndhcmRpbmcvJyAvZXRjL3NzaC9zc2hkX2NvbmZpZyA+IHRlbXAgJiYgbXYgdGVtcCAvZXRjL3NzaC9zc2hkX2NvbmZpZw0KZWNobyAiWDExRm9yd2FyZGluZyBubyIgPj4gL2V0Yy9zc2gvc3NoZF9jb25maWcNCg0KbWtkaXIgL3Vzci9iaW4vYmFzdGlvbg0KDQpjYXQgPiAvdXNyL2Jpbi9iYXN0aW9uL3NoZWxsIDw8ICdFT0YnDQoNCiMgQ2hlY2sgdGhhdCB0aGUgU1NIIGNsaWVudCBkaWQgbm90IHN1cHBseSBhIGNvbW1hbmQNCmlmIFtbIC16ICRTU0hfT1JJR0lOQUxfQ09NTUFORCBdXTsgdGhlbg0KDQogICMgVGhlIGZvcm1hdCBvZiBsb2cgZmlsZXMgaXMgL3Zhci9sb2cvYmFzdGlvbi9ZWVlZLU1NLUREX0hILU1NLVNTX3VzZXINCiAgTE9HX0ZJTEU9ImBkYXRlIC0tZGF0ZT0idG9kYXkiICIrJVktJW0tJWRfJUgtJU0tJVMiYF9gd2hvYW1pYCINCiAgTE9HX0RJUj0iL3Zhci9sb2cvYmFzdGlvbi8iDQoNCiAgIyBQcmludCBhIHdlbGNvbWUgbWVzc2FnZQ0KICBlY2hvICIiDQogIGVjaG8gIk5PVEU6IFRoaXMgU1NIIHNlc3Npb24gd2lsbCBiZSByZWNvcmRlZCINCiAgZWNobyAiQVVESVQgS0VZOiAkTE9HX0ZJTEUiDQogIGVjaG8gIiINCg0KICAjIEkgc3VmZml4IHRoZSBsb2cgZmlsZSBuYW1lIHdpdGggYSByYW5kb20gc3RyaW5nLiBJIGV4cGxhaW4gd2h5IGxhdGVyIG9uLg0KICBTVUZGSVg9YG1rdGVtcCAtdSBfWFhYWFhYWFhYWFhYWFhYWFhYWFhYWFhYWFhYWFhYWFhgDQoNCiAgIyBXcmFwIGFuIGludGVyYWN0aXZlIHNoZWxsIGludG8gInNjcmlwdCIgdG8gcmVjb3JkIHRoZSBTU0ggc2Vzc2lvbg0KICBzY3JpcHQgLXFmIC0tdGltaW5nPSRMT0dfRElSJExPR19GSUxFJFNVRkZJWC50aW1lICRMT0dfRElSJExPR19GSUxFJFNVRkZJWC5kYXRhIC0tY29tbWFuZD0vYmluL2Jhc2gNCg0KZWxzZQ0KDQogICMgSWYgdGhlIG1vZHVsZSBjb25zdW1lciB3YW50cyB0byBhbGxvdyByZW1vdGUgY29tbWFuZHMgKGZvciBhbnNpYmxlIG9yIG90aGVyKSB0aGVuIGFsbG93IHRoYXQgY29tbWFuZCB0aHJvdWdoLg0KICBpZiBbICIiID09ICJUcnVlIiBdOyB0aGVuDQogICAgZXhlYyAvYmluL2Jhc2ggLWMgIiRTU0hfT1JJR0lOQUxfQ09NTUFORCINCiAgZWxzZQ0KICAgICMgVGhlICJzY3JpcHQiIHByb2dyYW0gY291bGQgYmUgY2lyY3VtdmVudGVkIHdpdGggc29tZSBjb21tYW5kcyAoZS5nLiBiYXNoLCBuYykuDQogICAgIyBUaGVyZWZvcmUsIEkgaW50ZW50aW9uYWxseSBwcmV2ZW50IHVzZXJzIGZyb20gc3VwcGx5aW5nIGNvbW1hbmRzLg0KDQogICAgZWNobyAiVGhpcyBiYXN0aW9uIHN1cHBvcnRzIGludGVyYWN0aXZlIHNlc3Npb25zIG9ubHkuIERvIG5vdCBzdXBwbHkgYSBjb21tYW5kIg0KICAgIGV4aXQgMQ0KICBmaQ0KZmkNCg0KRU9GDQoNCiMgTWFrZSB0aGUgY3VzdG9tIHNjcmlwdCBleGVjdXRhYmxlDQpjaG1vZCBhK3ggL3Vzci9iaW4vYmFzdGlvbi9zaGVsbA0KDQojIEJhc3Rpb24gaG9zdCB1c2VycyBjb3VsZCBvdmVyd3JpdGUgYW5kIHRhbXBlciB3aXRoIGFuIGV4aXN0aW5nIGxvZyBmaWxlIHVzaW5nICJzY3JpcHQiIGlmDQojIHRoZXkga25ldyB0aGUgZXhhY3QgZmlsZSBuYW1lLiBJIHRha2Ugc2V2ZXJhbCBtZWFzdXJlcyB0byBvYmZ1c2NhdGUgdGhlIGZpbGUgbmFtZToNCiMgMS4gQWRkIGEgcmFuZG9tIHN1ZmZpeCB0byB0aGUgbG9nIGZpbGUgbmFtZS4NCiMgMi4gUHJldmVudCBiYXN0aW9uIGhvc3QgdXNlcnMgZnJvbSBsaXN0aW5nIHRoZSBmb2xkZXIgY29udGFpbmluZyBsb2cgZmlsZXMuIFRoaXMgaXMgZG9uZQ0KIyAgICBieSBjaGFuZ2luZyB0aGUgZ3JvdXAgb3duZXIgb2YgInNjcmlwdCIgYW5kIHNldHRpbmcgR0lELg0KY2hvd24gcm9vdDplYzItdXNlciAvdXNyL2Jpbi9zY3JpcHQNCmNobW9kIGcrcyAvdXNyL2Jpbi9zY3JpcHQNCg0KIyAzLiBQcmV2ZW50IGJhc3Rpb24gaG9zdCB1c2VycyBmcm9tIHZpZXdpbmcgcHJvY2Vzc2VzIG93bmVkIGJ5IG90aGVyIHVzZXJzLCBiZWNhdXNlIHRoZSBsb2cNCiMgICAgZmlsZSBuYW1lIGlzIG9uZSBvZiB0aGUgInNjcmlwdCIgZXhlY3V0aW9uIHBhcmFtZXRlcnMuDQptb3VudCAtbyByZW1vdW50LHJ3LGhpZGVwaWQ9MiAvcHJvYw0KYXdrICchL3Byb2MvJyAvZXRjL2ZzdGFiID4gdGVtcCAmJiBtdiB0ZW1wIC9ldGMvZnN0YWINCmVjaG8gInByb2MgL3Byb2MgcHJvYyBkZWZhdWx0cyxoaWRlcGlkPTIgMCAwIiA+PiAvZXRjL2ZzdGFiDQoNCiMgUmVzdGFydCB0aGUgU1NIIHNlcnZpY2UgdG8gYXBwbHkgL2V0Yy9zc2gvc3NoZF9jb25maWcgbW9kaWZpY2F0aW9ucy4NCnNlcnZpY2Ugc3NoZCByZXN0YXJ0DQoNCiMjIyMjIyMjIyMjIyMjIyMjIyMjIyMjIyMjIyMNCiMjIEVYUE9SVCBMT0cgRklMRVMgVE8gUzMgIyMNCiMjIyMjIyMjIyMjIyMjIyMjIyMjIyMjIyMjIyMNCg0KY2F0ID4gL3Vzci9iaW4vYmFzdGlvbi9zeW5jX3MzIDw8ICdFT0YnDQojIS91c3IvYmluL2VudiBiYXNoDQoNCiMgQ29weSBsb2cgZmlsZXMgdG8gUzMgd2l0aCBzZXJ2ZXItc2lkZSBlbmNyeXB0aW9uIGVuYWJsZWQuDQojIFRoZW4sIGlmIHN1Y2Nlc3NmdWwsIGRlbGV0ZSBsb2cgZmlsZXMgdGhhdCBhcmUgb2xkZXIgdGhhbiBhIGRheS4NCkxPR19ESVI9Ii92YXIvbG9nL2Jhc3Rpb24vIg0KYXdzIHMzIGNwICRMT0dfRElSIHMzOi8vYnVja2V0X2Jhc3Rpb25fZGV2L2xvZ3MvIC0tc3NlIC0tcmVnaW9uIHVzLWVhc3QtMiAtLXJlY3Vyc2l2ZSAmJiBmaW5kICRMT0dfRElSKiAtbXRpbWUgKzEgLWV4ZWMgcm0ge30gXDsNCg0KRU9GDQoNCmNobW9kIDcwMCAvdXNyL2Jpbi9iYXN0aW9uL3N5bmNfczMNCg0KIyMjIyMjIyMjIyMjIyMjIyMjIyMjIyMjIyMjIyMjIyMjIyMjIyMjDQojIyBTWU5DSFJPTklaRSBVU0VSUyBBTkQgUFVCTElDIEtFWVMgIyMNCiMjIyMjIyMjIyMjIyMjIyMjIyMjIyMjIyMjIyMjIyMjIyMjIyMjIw0KDQojIEJhc3Rpb24gaG9zdCB1c2VycyBzaG91bGQgbG9nIGluIHRvIHRoZSBiYXN0aW9uIGhvc3Qgd2l0aCB0aGVpciBwZXJzb25hbCBTU0gga2V5IHBhaXIuDQojIFRoZSBwdWJsaWMga2V5cyBhcmUgc3RvcmVkIG9uIFMzIHdpdGggdGhlIGZvbGxvd2luZyBuYW1pbmcgY29udmVudGlvbjogInVzZXJuYW1lLnB1YiIuDQojIFRoaXMgc2NyaXB0IHJldHJpZXZlcyB0aGUgcHVibGljIGtleXMsIGNyZWF0ZXMgb3IgZGVsZXRlcyBsb2NhbCB1c2VyIGFjY291bnRzIGFzIG5lZWRlZCwNCiMgYW5kIGNvcGllcyB0aGUgcHVibGljIGtleSB0byAvaG9tZS91c2VybmFtZS8uc3NoL2F1dGhvcml6ZWRfa2V5cw0KDQpjYXQgPiAvdXNyL2Jpbi9iYXN0aW9uL3N5bmNfdXNlcnMgPDwgJ0VPRicNCiMhL3Vzci9iaW4vZW52IGJhc2gNCg0KIyBUaGUgZmlsZSB3aWxsIGxvZyB1c2VyIGNoYW5nZXMNCkxPR19GSUxFPSIvdmFyL2xvZy9iYXN0aW9uL3VzZXJzX2NoYW5nZWxvZy50eHQiDQoNCiMgVGhlIGZ1bmN0aW9uIHJldHVybnMgdGhlIHVzZXIgbmFtZSBmcm9tIHRoZSBwdWJsaWMga2V5IGZpbGUgbmFtZS4NCiMgRXhhbXBsZTogcHVibGljLWtleXMvc3NodXNlci5wdWIgPT4gc3NodXNlcg0KZ2V0X3VzZXJfbmFtZSAoKSB7DQogIGVjaG8gIiQxIiB8IHNlZCAtZSAicy8uKlwvLy9nIiB8IHNlZCAtZSAicy9cLnB1Yi8vZyINCn0NCg0KIyBGb3IgZWFjaCBwdWJsaWMga2V5IGF2YWlsYWJsZSBpbiB0aGUgUzMgYnVja2V0DQphd3MgczNhcGkgbGlzdC1vYmplY3RzIC0tYnVja2V0IGJ1Y2tldF9iYXN0aW9uX2RldiAtLXByZWZpeCBwdWJsaWMta2V5cy8gLS1yZWdpb24gdXMtZWFzdC0yIC0tb3V0cHV0IHRleHQgLS1xdWVyeSAnQ29udGVudHNbP1NpemU+YDBgXS5LZXknIHwgdHIgJ1x0JyAnXG4nID4gfi9rZXlzX3JldHJpZXZlZF9mcm9tX3MzDQp3aGlsZSByZWFkIGxpbmU7IGRvDQogIFVTRVJfTkFNRT0iYGdldF91c2VyX25hbWUgIiRsaW5lImAiDQoNCiAgIyBNYWtlIHN1cmUgdGhlIHVzZXIgbmFtZSBpcyBhbHBoYW51bWVyaWMNCiAgaWYgW1sgIiRVU0VSX05BTUUiID1+IF5bYS16XVstYS16MC05XSokIF1dOyB0aGVuDQoNCiAgICAjIENyZWF0ZSBhIHVzZXIgYWNjb3VudCBpZiBpdCBkb2VzIG5vdCBhbHJlYWR5IGV4aXN0DQogICAgY3V0IC1kOiAtZjEgL2V0Yy9wYXNzd2QgfCBncmVwIC1xeCAkVVNFUl9OQU1FDQogICAgaWYgWyAkPyAtZXEgMSBdOyB0aGVuDQogICAgICAvdXNyL3NiaW4vYWRkdXNlciAkVVNFUl9OQU1FICYmIFwNCiAgICAgIG1rZGlyIC1tIDcwMCAvaG9tZS8kVVNFUl9OQU1FLy5zc2ggJiYgXA0KICAgICAgY2hvd24gJFVTRVJfTkFNRTokVVNFUl9OQU1FIC9ob21lLyRVU0VSX05BTUUvLnNzaCAmJiBcDQogICAgICBlY2hvICIkbGluZSIgPj4gfi9rZXlzX2luc3RhbGxlZCAmJiBcDQogICAgICBlY2hvICJgZGF0ZSAtLWRhdGU9InRvZGF5IiAiKyVZLSVtLSVkICVILSVNLSVTImA6IENyZWF0aW5nIHVzZXIgYWNjb3VudCBmb3IgJFVTRVJfTkFNRSAoJGxpbmUpIiA+PiAkTE9HX0ZJTEUNCiAgICBmaQ0KDQogICAgIyBDb3B5IHRoZSBwdWJsaWMga2V5IGZyb20gUzMsIGlmIGFuIHVzZXIgYWNjb3VudCB3YXMgY3JlYXRlZCBmcm9tIHRoaXMga2V5DQogICAgaWYgWyAtZiB+L2tleXNfaW5zdGFsbGVkIF07IHRoZW4NCiAgICAgIGdyZXAgLXF4ICIkbGluZSIgfi9rZXlzX2luc3RhbGxlZA0KICAgICAgaWYgWyAkPyAtZXEgMCBdOyB0aGVuDQogICAgICAgIGF3cyBzMyBjcCBzMzovL2J1Y2tldF9iYXN0aW9uX2Rldi8kbGluZSAvaG9tZS8kVVNFUl9OQU1FLy5zc2gvYXV0aG9yaXplZF9rZXlzIC0tcmVnaW9uIHVzLWVhc3QtMg0KICAgICAgICBjaG1vZCA2MDAgL2hvbWUvJFVTRVJfTkFNRS8uc3NoL2F1dGhvcml6ZWRfa2V5cw0KICAgICAgICBjaG93biAkVVNFUl9OQU1FOiRVU0VSX05BTUUgL2hvbWUvJFVTRVJfTkFNRS8uc3NoL2F1dGhvcml6ZWRfa2V5cw0KICAgICAgZmkNCiAgICBmaQ0KDQogIGZpDQpkb25lIDwgfi9rZXlzX3JldHJpZXZlZF9mcm9tX3MzDQoNCiMgUmVtb3ZlIHVzZXIgYWNjb3VudHMgd2hvc2UgcHVibGljIGtleSB3YXMgZGVsZXRlZCBmcm9tIFMzDQppZiBbIC1mIH4va2V5c19pbnN0YWxsZWQgXTsgdGhlbg0KICBzb3J0IC11byB+L2tleXNfaW5zdGFsbGVkIH4va2V5c19pbnN0YWxsZWQNCiAgc29ydCAtdW8gfi9rZXlzX3JldHJpZXZlZF9mcm9tX3MzIH4va2V5c19yZXRyaWV2ZWRfZnJvbV9zMw0KICBjb21tIC0xMyB+L2tleXNfcmV0cmlldmVkX2Zyb21fczMgfi9rZXlzX2luc3RhbGxlZCB8IHNlZCAicy9cdC8vZyIgPiB+L2tleXNfdG9fcmVtb3ZlDQogIHdoaWxlIHJlYWQgbGluZTsgZG8NCiAgICBVU0VSX05BTUU9ImBnZXRfdXNlcl9uYW1lICIkbGluZSJgIg0KICAgIGVjaG8gImBkYXRlIC0tZGF0ZT0idG9kYXkiICIrJVktJW0tJWQgJUgtJU0tJVMiYDogUmVtb3ZpbmcgdXNlciBhY2NvdW50IGZvciAkVVNFUl9OQU1FICgkbGluZSkiID4+ICRMT0dfRklMRQ0KICAgIC91c3Ivc2Jpbi91c2VyZGVsIC1yIC1mICRVU0VSX05BTUUNCiAgZG9uZSA8IH4va2V5c190b19yZW1vdmUNCiAgY29tbSAtMyB+L2tleXNfaW5zdGFsbGVkIH4va2V5c190b19yZW1vdmUgfCBzZWQgInMvXHQvL2ciID4gfi90bXAgJiYgbXYgfi90bXAgfi9rZXlzX2luc3RhbGxlZA0KZmkNCg0KRU9GDQoNCmNobW9kIDcwMCAvdXNyL2Jpbi9iYXN0aW9uL3N5bmNfdXNlcnMNCg0KIyMjIyMjIyMjIyMjIyMjIyMjIyMjIyMjIyMjIyMjIyMjIyMjIyMjIyMjIw0KIyMgU0NIRURVTEUgU0NSSVBUUyBBTkQgU0VDVVJJVFkgVVBEQVRFUyAjIw0KIyMjIyMjIyMjIyMjIyMjIyMjIyMjIyMjIyMjIyMjIyMjIyMjIyMjIyMjIw0KDQpjYXQgPiB+L215Y3JvbiA8PCBFT0YNCiovNSAqICogKiAqIC91c3IvYmluL2Jhc3Rpb24vc3luY191c2Vycw0KMCAwICogKiAqIHl1bSAteSB1cGRhdGUgLS1zZWN1cml0eQ0KKi81ICogKiAqICogL3Vzci9iaW4vYmFzdGlvbi9zeW5jX3MzDQpFT0YNCmNyb250YWIgfi9teWNyb24NCnJtIH4vbXljcm9uDQoNCg0KIyMjIyMjIyMjIyMjIyMjIyMjIyMjIyMjIyMjIyMjIyMjIyMjIyMjIyMNCiMjIEFkZCBDdXN0b20gZXh0cmFfdXNlcl9kYXRhX2NvbnRlbnQgIyMNCiMjIyMjIyMjIyMjIyMjIyMjIyMjIyMjIyMjIyMjIyMjIyMjIyMjIw0KDQoNCg==",
            "vpc_security_group_ids": null
          },
          "sensitive_attributes": [],
          "private": "bnVsbA==",
          "dependencies": [
            "module.bastion.aws_iam_instance_profile.bastion_host_profile",
            "module.bastion.aws_iam_role.bastion_host_role",
            "module.bastion.aws_security_group.bastion_host_security_group",
            "module.bastion.data.aws_ami.amazon-linux-2",
            "module.bastion.data.aws_iam_policy_document.assume_policy_document",
            "module.bastion.data.aws_kms_alias.kms-ebs",
            "module.vpc.aws_vpc.this"
          ],
          "create_before_destroy": true
        }
      ]
    },
    {
      "module": "module.bastion",
      "mode": "managed",
      "type": "aws_lb",
      "name": "bastion_lb",
      "provider": "provider[\"registry.terraform.io/hashicorp/aws\"]",
      "instances": [
        {
          "schema_version": 0,
          "attributes": {
            "access_logs": [
              {
                "bucket": "",
                "enabled": false,
                "prefix": ""
              }
            ],
            "arn": "arn:aws:elasticloadbalancing:us-east-2:052776272001:loadbalancer/net/bastion-lt-lb/639b04eee583ca23",
            "arn_suffix": "net/bastion-lt-lb/639b04eee583ca23",
            "customer_owned_ipv4_pool": "",
            "dns_name": "bastion-lt-lb-639b04eee583ca23.elb.us-east-2.amazonaws.com",
            "drop_invalid_header_fields": null,
            "enable_cross_zone_load_balancing": false,
            "enable_deletion_protection": false,
            "enable_http2": null,
            "id": "arn:aws:elasticloadbalancing:us-east-2:052776272001:loadbalancer/net/bastion-lt-lb/639b04eee583ca23",
            "idle_timeout": null,
            "internal": false,
            "ip_address_type": "ipv4",
            "load_balancer_type": "network",
            "name": "bastion-lt-lb",
            "name_prefix": null,
            "security_groups": [],
            "subnet_mapping": [
              {
                "allocation_id": "",
                "ipv6_address": "",
                "outpost_id": "",
                "private_ipv4_address": "",
                "subnet_id": "subnet-00674f5cf73c6011f"
              },
              {
                "allocation_id": "",
                "ipv6_address": "",
                "outpost_id": "",
                "private_ipv4_address": "",
                "subnet_id": "subnet-0fe469fde41db5637"
              }
            ],
            "subnets": [
              "subnet-00674f5cf73c6011f",
              "subnet-0fe469fde41db5637"
            ],
            "tags": {
              "description": "vieskovtf_bastion_description",
              "name": "vieskovtf_bastion"
            },
            "tags_all": {
              "description": "vieskovtf_bastion_description",
              "name": "vieskovtf_bastion"
            },
            "timeouts": null,
            "vpc_id": "vpc-03da84470e512698f",
            "zone_id": "ZLMOA37VPKANP"
          },
          "sensitive_attributes": [],
          "private": "eyJlMmJmYjczMC1lY2FhLTExZTYtOGY4OC0zNDM2M2JjN2M0YzAiOnsiY3JlYXRlIjo2MDAwMDAwMDAwMDAsImRlbGV0ZSI6NjAwMDAwMDAwMDAwLCJ1cGRhdGUiOjYwMDAwMDAwMDAwMH19",
          "dependencies": [
            "module.vpc.aws_subnet.public",
            "module.vpc.aws_vpc.this",
            "module.vpc.aws_vpc_ipv4_cidr_block_association.this"
          ]
        }
      ]
    },
    {
      "module": "module.bastion",
      "mode": "managed",
      "type": "aws_lb_listener",
      "name": "bastion_lb_listener_22",
      "provider": "provider[\"registry.terraform.io/hashicorp/aws\"]",
      "instances": [
        {
          "schema_version": 0,
          "attributes": {
            "alpn_policy": null,
            "arn": "arn:aws:elasticloadbalancing:us-east-2:052776272001:listener/net/bastion-lt-lb/639b04eee583ca23/f7a6f9030b27b082",
            "certificate_arn": null,
            "default_action": [
              {
                "authenticate_cognito": [],
                "authenticate_oidc": [],
                "fixed_response": [],
                "forward": [],
                "order": 1,
                "redirect": [],
                "target_group_arn": "arn:aws:elasticloadbalancing:us-east-2:052776272001:targetgroup/bastion-lt-lb-target/dde2ca8a12f5021a",
                "type": "forward"
              }
            ],
            "id": "arn:aws:elasticloadbalancing:us-east-2:052776272001:listener/net/bastion-lt-lb/639b04eee583ca23/f7a6f9030b27b082",
            "load_balancer_arn": "arn:aws:elasticloadbalancing:us-east-2:052776272001:loadbalancer/net/bastion-lt-lb/639b04eee583ca23",
            "port": 22,
            "protocol": "TCP",
            "ssl_policy": "",
            "tags": null,
            "tags_all": {},
            "timeouts": null
          },
          "sensitive_attributes": [],
          "private": "eyJlMmJmYjczMC1lY2FhLTExZTYtOGY4OC0zNDM2M2JjN2M0YzAiOnsicmVhZCI6NjAwMDAwMDAwMDAwfX0=",
          "dependencies": [
            "module.bastion.aws_lb.bastion_lb",
            "module.bastion.aws_lb_target_group.bastion_lb_target_group",
            "module.vpc.aws_subnet.public",
            "module.vpc.aws_vpc.this",
            "module.vpc.aws_vpc_ipv4_cidr_block_association.this"
          ]
        }
      ]
    },
    {
      "module": "module.bastion",
      "mode": "managed",
      "type": "aws_lb_target_group",
      "name": "bastion_lb_target_group",
      "provider": "provider[\"registry.terraform.io/hashicorp/aws\"]",
      "instances": [
        {
          "schema_version": 0,
          "attributes": {
            "arn": "arn:aws:elasticloadbalancing:us-east-2:052776272001:targetgroup/bastion-lt-lb-target/dde2ca8a12f5021a",
            "arn_suffix": "targetgroup/bastion-lt-lb-target/dde2ca8a12f5021a",
            "deregistration_delay": 300,
            "health_check": [
              {
                "enabled": true,
                "healthy_threshold": 3,
                "interval": 30,
                "matcher": "",
                "path": "",
                "port": "traffic-port",
                "protocol": "TCP",
                "timeout": 10,
                "unhealthy_threshold": 3
              }
            ],
            "id": "arn:aws:elasticloadbalancing:us-east-2:052776272001:targetgroup/bastion-lt-lb-target/dde2ca8a12f5021a",
            "lambda_multi_value_headers_enabled": false,
            "load_balancing_algorithm_type": null,
            "name": "bastion-lt-lb-target",
            "name_prefix": null,
            "port": 22,
            "preserve_client_ip": "true",
            "protocol": "TCP",
            "protocol_version": null,
            "proxy_protocol_v2": false,
            "slow_start": 0,
            "stickiness": [
              {
                "cookie_duration": 0,
                "cookie_name": "",
                "enabled": false,
                "type": "source_ip"
              }
            ],
            "tags": {
              "description": "vieskovtf_bastion_description",
              "name": "vieskovtf_bastion"
            },
            "tags_all": {
              "description": "vieskovtf_bastion_description",
              "name": "vieskovtf_bastion"
            },
            "target_type": "instance",
            "vpc_id": "vpc-03da84470e512698f"
          },
          "sensitive_attributes": [],
          "private": "bnVsbA==",
          "dependencies": [
            "module.vpc.aws_vpc.this"
          ],
          "create_before_destroy": true
        }
      ]
    },
    {
      "module": "module.bastion",
      "mode": "managed",
      "type": "aws_s3_bucket_object",
      "name": "bucket_public_keys_readme",
      "provider": "provider[\"registry.terraform.io/hashicorp/aws\"]",
      "instances": []
    },
    {
      "module": "module.bastion",
      "mode": "managed",
      "type": "aws_security_group",
      "name": "bastion_host_security_group",
      "provider": "provider[\"registry.terraform.io/hashicorp/aws\"]",
      "instances": [
        {
          "index_key": 0,
          "schema_version": 1,
          "attributes": {
            "arn": "arn:aws:ec2:us-east-2:052776272001:security-group/sg-0b0c5f6c892cc57f5",
            "description": "Enable SSH access to the bastion host from external via SSH port",
            "egress": [],
            "id": "sg-0b0c5f6c892cc57f5",
            "ingress": [],
            "name": "bastion-lt-host",
            "name_prefix": "",
            "owner_id": "052776272001",
            "revoke_rules_on_delete": false,
            "tags": {
              "description": "vieskovtf_bastion_description",
              "name": "vieskovtf_bastion"
            },
            "tags_all": {
              "description": "vieskovtf_bastion_description",
              "name": "vieskovtf_bastion"
            },
            "timeouts": null,
            "vpc_id": "vpc-03da84470e512698f"
          },
          "sensitive_attributes": [],
          "private": "eyJlMmJmYjczMC1lY2FhLTExZTYtOGY4OC0zNDM2M2JjN2M0YzAiOnsiY3JlYXRlIjo2MDAwMDAwMDAwMDAsImRlbGV0ZSI6OTAwMDAwMDAwMDAwfSwic2NoZW1hX3ZlcnNpb24iOiIxIn0=",
          "dependencies": [
            "module.vpc.aws_vpc.this"
          ],
          "create_before_destroy": true
        }
      ]
    },
    {
      "module": "module.bastion",
      "mode": "managed",
      "type": "aws_security_group",
      "name": "private_instances_security_group",
      "provider": "provider[\"registry.terraform.io/hashicorp/aws\"]",
      "instances": [
        {
          "schema_version": 1,
          "attributes": {
            "arn": "arn:aws:ec2:us-east-2:052776272001:security-group/sg-02f0540dc5d6b9838",
            "description": "Enable SSH access to the Private instances from the bastion via SSH port",
            "egress": [],
            "id": "sg-02f0540dc5d6b9838",
            "ingress": [],
            "name": "bastion-lt-priv-instances",
            "name_prefix": "",
            "owner_id": "052776272001",
            "revoke_rules_on_delete": false,
            "tags": {
              "description": "vieskovtf_bastion_description",
              "name": "vieskovtf_bastion"
            },
            "tags_all": {
              "description": "vieskovtf_bastion_description",
              "name": "vieskovtf_bastion"
            },
            "timeouts": null,
            "vpc_id": "vpc-03da84470e512698f"
          },
          "sensitive_attributes": [],
          "private": "eyJlMmJmYjczMC1lY2FhLTExZTYtOGY4OC0zNDM2M2JjN2M0YzAiOnsiY3JlYXRlIjo2MDAwMDAwMDAwMDAsImRlbGV0ZSI6OTAwMDAwMDAwMDAwfSwic2NoZW1hX3ZlcnNpb24iOiIxIn0=",
          "dependencies": [
            "module.vpc.aws_vpc.this"
          ]
        }
      ]
    },
    {
      "module": "module.bastion",
      "mode": "managed",
      "type": "aws_security_group_rule",
      "name": "egress_bastion",
      "provider": "provider[\"registry.terraform.io/hashicorp/aws\"]",
      "instances": [
        {
          "index_key": 0,
          "schema_version": 2,
          "attributes": {
            "cidr_blocks": [
              "0.0.0.0/0"
            ],
            "description": "Outgoing traffic from bastion to instances",
            "from_port": 0,
            "id": "sgrule-4228179765",
            "ipv6_cidr_blocks": null,
            "prefix_list_ids": null,
            "protocol": "-1",
            "security_group_id": "sg-0b0c5f6c892cc57f5",
            "self": false,
            "source_security_group_id": null,
            "to_port": 65535,
            "type": "egress"
          },
          "sensitive_attributes": [],
          "private": "eyJzY2hlbWFfdmVyc2lvbiI6IjIifQ==",
          "dependencies": [
            "module.bastion.aws_security_group.bastion_host_security_group",
            "module.vpc.aws_vpc.this"
          ]
        }
      ]
    },
    {
      "module": "module.bastion",
      "mode": "managed",
      "type": "aws_security_group_rule",
      "name": "ingress_bastion",
      "provider": "provider[\"registry.terraform.io/hashicorp/aws\"]",
      "instances": [
        {
          "index_key": 0,
          "schema_version": 2,
          "attributes": {
            "cidr_blocks": [
              "192.168.1.0/24",
              "192.168.2.0/24",
              "0.0.0.0/0"
            ],
            "description": "Incoming traffic to bastion",
            "from_port": 22,
            "id": "sgrule-828956781",
            "ipv6_cidr_blocks": null,
            "prefix_list_ids": null,
            "protocol": "tcp",
            "security_group_id": "sg-0b0c5f6c892cc57f5",
            "self": false,
            "source_security_group_id": null,
            "to_port": 22,
            "type": "ingress"
          },
          "sensitive_attributes": [],
          "private": "eyJzY2hlbWFfdmVyc2lvbiI6IjIifQ==",
          "dependencies": [
            "module.bastion.aws_security_group.bastion_host_security_group",
            "module.bastion.data.aws_subnet.subnets",
            "module.vpc.aws_subnet.public",
            "module.vpc.aws_vpc.this",
            "module.vpc.aws_vpc_ipv4_cidr_block_association.this"
          ]
        }
      ]
    },
    {
      "module": "module.bastion",
      "mode": "managed",
      "type": "aws_security_group_rule",
      "name": "ingress_instances",
      "provider": "provider[\"registry.terraform.io/hashicorp/aws\"]",
      "instances": [
        {
          "schema_version": 2,
          "attributes": {
            "cidr_blocks": null,
            "description": "Incoming traffic from bastion",
            "from_port": 22,
            "id": "sgrule-1774657587",
            "ipv6_cidr_blocks": null,
            "prefix_list_ids": null,
            "protocol": "tcp",
            "security_group_id": "sg-02f0540dc5d6b9838",
            "self": false,
            "source_security_group_id": "sg-0b0c5f6c892cc57f5",
            "to_port": 22,
            "type": "ingress"
          },
          "sensitive_attributes": [],
          "private": "eyJzY2hlbWFfdmVyc2lvbiI6IjIifQ==",
          "dependencies": [
            "module.bastion.aws_security_group.bastion_host_security_group",
            "module.bastion.aws_security_group.private_instances_security_group",
            "module.vpc.aws_vpc.this"
          ]
        }
      ]
    },
    {
      "module": "module.bastion",
      "mode": "managed",
      "type": "null_resource",
      "name": "tags_as_list_of_maps",
      "provider": "provider[\"registry.terraform.io/hashicorp/null\"]",
      "instances": [
        {
          "index_key": 0,
          "schema_version": 0,
          "attributes": {
            "id": "4364734529547627739",
            "triggers": {
              "key": "description",
              "propagate_at_launch": "true",
              "value": "vieskovtf_bastion_description"
            }
          },
          "sensitive_attributes": [],
          "private": "bnVsbA==",
          "create_before_destroy": true
        },
        {
          "index_key": 1,
          "schema_version": 0,
          "attributes": {
            "id": "86321870750436580",
            "triggers": {
              "key": "name",
              "propagate_at_launch": "true",
              "value": "vieskovtf_bastion"
            }
          },
          "sensitive_attributes": [],
          "private": "bnVsbA==",
          "create_before_destroy": true
        }
      ]
    },
    {
      "module": "module.db",
      "mode": "managed",
      "type": "aws_security_group",
      "name": "this_name_prefix",
      "provider": "provider[\"registry.terraform.io/hashicorp/aws\"]",
      "instances": [
        {
          "index_key": 0,
          "schema_version": 1,
          "attributes": {
            "arn": "arn:aws:ec2:us-east-2:052776272001:security-group/sg-0232569b22a3badbd",
            "description": "Security group that allows public inbound traffic",
            "egress": [],
            "id": "sg-0232569b22a3badbd",
            "ingress": [],
            "name": "db-sg-20210917193608461500000007",
            "name_prefix": "db-sg-",
            "owner_id": "052776272001",
            "revoke_rules_on_delete": false,
            "tags": {
              "Name": "Web Server",
              "Terraform": "true"
            },
            "tags_all": {
              "Name": "Web Server",
              "Terraform": "true"
            },
            "timeouts": null,
            "vpc_id": "vpc-03da84470e512698f"
          },
          "sensitive_attributes": [],
          "private": "eyJlMmJmYjczMC1lY2FhLTExZTYtOGY4OC0zNDM2M2JjN2M0YzAiOnsiY3JlYXRlIjo2MDAwMDAwMDAwMDAsImRlbGV0ZSI6OTAwMDAwMDAwMDAwfSwic2NoZW1hX3ZlcnNpb24iOiIxIn0=",
          "dependencies": [
            "module.vpc.aws_vpc.this"
          ],
          "create_before_destroy": true
        }
      ]
    },
    {
      "module": "module.db",
      "mode": "managed",
      "type": "aws_security_group_rule",
      "name": "computed_ingress_with_source_security_group_id",
      "provider": "provider[\"registry.terraform.io/hashicorp/aws\"]",
      "instances": [
        {
          "index_key": 0,
          "schema_version": 2,
          "attributes": {
            "cidr_blocks": null,
            "description": "Ingress Rule",
            "from_port": 5432,
            "id": "sgrule-3034080253",
            "ipv6_cidr_blocks": null,
            "prefix_list_ids": [],
            "protocol": "tcp",
            "security_group_id": "sg-0232569b22a3badbd",
            "self": false,
            "source_security_group_id": "sg-05b7b14fdd6da0f82",
            "to_port": 5432,
            "type": "ingress"
          },
          "sensitive_attributes": [],
          "private": "eyJzY2hlbWFfdmVyc2lvbiI6IjIifQ==",
          "dependencies": [
            "module.db.aws_security_group.this",
            "module.db.aws_security_group.this_name_prefix",
            "module.vpc.aws_vpc.this",
            "module.web.aws_security_group.this",
            "module.web.aws_security_group.this_name_prefix"
          ]
        }
      ]
    },
    {
      "module": "module.db",
      "mode": "managed",
      "type": "aws_security_group_rule",
      "name": "egress_with_cidr_blocks",
      "provider": "provider[\"registry.terraform.io/hashicorp/aws\"]",
      "instances": [
        {
          "index_key": 0,
          "schema_version": 2,
          "attributes": {
            "cidr_blocks": [
              "0.0.0.0/0"
            ],
            "description": "http ",
            "from_port": 80,
            "id": "sgrule-2935780112",
            "ipv6_cidr_blocks": null,
            "prefix_list_ids": [],
            "protocol": "tcp",
            "security_group_id": "sg-0232569b22a3badbd",
            "self": false,
            "source_security_group_id": null,
            "to_port": 80,
            "type": "egress"
          },
          "sensitive_attributes": [],
          "private": "eyJzY2hlbWFfdmVyc2lvbiI6IjIifQ==",
          "dependencies": [
            "module.db.aws_security_group.this",
            "module.db.aws_security_group.this_name_prefix",
            "module.vpc.aws_vpc.this"
          ]
        },
        {
          "index_key": 1,
          "schema_version": 2,
          "attributes": {
            "cidr_blocks": [
              "0.0.0.0/0"
            ],
            "description": "https",
            "from_port": 443,
            "id": "sgrule-2057833238",
            "ipv6_cidr_blocks": null,
            "prefix_list_ids": [],
            "protocol": "tcp",
            "security_group_id": "sg-0232569b22a3badbd",
            "self": false,
            "source_security_group_id": null,
            "to_port": 443,
            "type": "egress"
          },
          "sensitive_attributes": [],
          "private": "eyJzY2hlbWFfdmVyc2lvbiI6IjIifQ==",
          "dependencies": [
            "module.db.aws_security_group.this",
            "module.db.aws_security_group.this_name_prefix",
            "module.vpc.aws_vpc.this"
          ]
        }
      ]
    },
    {
      "module": "module.db",
      "mode": "managed",
      "type": "aws_security_group_rule",
      "name": "ingress_with_cidr_blocks",
      "provider": "provider[\"registry.terraform.io/hashicorp/aws\"]",
      "instances": [
        {
          "index_key": 0,
          "schema_version": 2,
          "attributes": {
            "cidr_blocks": [
              "192.168.3.0/24"
            ],
            "description": "DB Connection",
            "from_port": -1,
            "id": "sgrule-1725910068",
            "ipv6_cidr_blocks": null,
            "prefix_list_ids": [],
            "protocol": "icmp",
            "security_group_id": "sg-0232569b22a3badbd",
            "self": false,
            "source_security_group_id": null,
            "to_port": -1,
            "type": "ingress"
          },
          "sensitive_attributes": [],
          "private": "eyJzY2hlbWFfdmVyc2lvbiI6IjIifQ==",
          "dependencies": [
            "module.db.aws_security_group.this",
            "module.db.aws_security_group.this_name_prefix",
            "module.vpc.aws_vpc.this"
          ]
        },
        {
          "index_key": 1,
          "schema_version": 2,
          "attributes": {
            "cidr_blocks": [
              "192.168.0.0/16"
            ],
            "description": "ssh",
            "from_port": 22,
            "id": "sgrule-3227206993",
            "ipv6_cidr_blocks": null,
            "prefix_list_ids": [],
            "protocol": "tcp",
            "security_group_id": "sg-0232569b22a3badbd",
            "self": false,
            "source_security_group_id": null,
            "to_port": 22,
            "type": "ingress"
          },
          "sensitive_attributes": [],
          "private": "eyJzY2hlbWFfdmVyc2lvbiI6IjIifQ==",
          "dependencies": [
            "module.db.aws_security_group.this",
            "module.db.aws_security_group.this_name_prefix",
            "module.vpc.aws_vpc.this"
          ]
        }
      ]
    },
    {
      "module": "module.dbi.module.db_instance",
      "mode": "data",
      "type": "aws_iam_policy_document",
      "name": "enhanced_monitoring",
      "provider": "provider[\"registry.terraform.io/hashicorp/aws\"]",
      "instances": [
        {
          "schema_version": 0,
          "attributes": {
            "id": "1813475199",
            "json": "{\n  \"Version\": \"2012-10-17\",\n  \"Statement\": [\n    {\n      \"Sid\": \"\",\n      \"Effect\": \"Allow\",\n      \"Action\": \"sts:AssumeRole\",\n      \"Principal\": {\n        \"Service\": \"monitoring.rds.amazonaws.com\"\n      }\n    }\n  ]\n}",
            "override_json": null,
            "override_policy_documents": null,
            "policy_id": null,
            "source_json": null,
            "source_policy_documents": null,
            "statement": [
              {
                "actions": [
                  "sts:AssumeRole"
                ],
                "condition": [],
                "effect": "Allow",
                "not_actions": [],
                "not_principals": [],
                "not_resources": [],
                "principals": [
                  {
                    "identifiers": [
                      "monitoring.rds.amazonaws.com"
                    ],
                    "type": "Service"
                  }
                ],
                "resources": [],
                "sid": ""
              }
            ],
            "version": "2012-10-17"
          },
          "sensitive_attributes": []
        }
      ]
    },
    {
      "module": "module.dbi.module.db_instance",
      "mode": "data",
      "type": "aws_partition",
      "name": "current",
      "provider": "provider[\"registry.terraform.io/hashicorp/aws\"]",
      "instances": [
        {
          "schema_version": 0,
          "attributes": {
            "dns_suffix": "amazonaws.com",
            "id": "aws",
            "partition": "aws",
            "reverse_dns_prefix": "com.amazonaws"
          },
          "sensitive_attributes": []
        }
      ]
    },
    {
      "module": "module.dbi.module.db_instance",
      "mode": "managed",
      "type": "aws_db_instance",
      "name": "this",
      "provider": "provider[\"registry.terraform.io/hashicorp/aws\"]",
      "instances": [
        {
          "index_key": 0,
          "schema_version": 1,
          "attributes": {
            "address": "webdb.cjhm8wq6amtj.us-east-2.rds.amazonaws.com",
            "allocated_storage": 20,
            "allow_major_version_upgrade": false,
            "apply_immediately": false,
            "arn": "arn:aws:rds:us-east-2:052776272001:db:webdb",
            "auto_minor_version_upgrade": true,
            "availability_zone": "us-east-2b",
            "backup_retention_period": 0,
            "backup_window": "03:00-06:00",
            "ca_cert_identifier": "rds-ca-2019",
            "character_set_name": "",
            "copy_tags_to_snapshot": false,
            "customer_owned_ip_enabled": false,
            "db_subnet_group_name": "webdb-2021091719362007080000000b",
            "delete_automated_backups": true,
            "deletion_protection": false,
            "domain": "",
            "domain_iam_role_name": "",
            "enabled_cloudwatch_logs_exports": [
              "postgresql",
              "upgrade"
            ],
            "endpoint": "webdb.cjhm8wq6amtj.us-east-2.rds.amazonaws.com:5432",
            "engine": "postgres",
            "engine_version": "11.10",
            "engine_version_actual": "11.10",
            "final_snapshot_identifier": null,
            "hosted_zone_id": "Z2XHWR1WZ565X2",
            "iam_database_authentication_enabled": false,
            "id": "webdb",
            "identifier": "webdb",
            "identifier_prefix": null,
            "instance_class": "db.t3.large",
            "iops": 0,
            "kms_key_id": "",
            "latest_restorable_time": "0001-01-01T00:00:00Z",
            "license_model": "postgresql-license",
            "maintenance_window": "mon:00:00-mon:03:00",
            "max_allocated_storage": 100,
            "monitoring_interval": 60,
            "monitoring_role_arn": "arn:aws:iam::052776272001:role/example-monitoring-role-name",
            "multi_az": true,
            "name": "completePostgresql",
            "nchar_character_set_name": "",
            "option_group_name": "default:postgres-11",
            "parameter_group_name": "webdb-20210917193548420000000001",
            "password": "YourPwdShouldBeLongAndSecure!",
            "performance_insights_enabled": true,
            "performance_insights_kms_key_id": "arn:aws:kms:us-east-2:052776272001:key/15405399-d21e-4486-ad88-6d520fa3343e",
            "performance_insights_retention_period": 7,
            "port": 5432,
            "publicly_accessible": false,
            "replicas": [],
            "replicate_source_db": "",
            "resource_id": "db-KWWUVPVJJ3IEZGZACFNDVVW6GA",
            "restore_to_point_in_time": [],
            "s3_import": [],
            "security_group_names": null,
            "skip_final_snapshot": true,
            "snapshot_identifier": null,
            "status": "available",
            "storage_encrypted": false,
            "storage_type": "gp2",
            "tags": {
              "Name": "webdb",
              "Terraform": "true"
            },
            "tags_all": {
              "Name": "webdb",
              "Terraform": "true"
            },
            "timeouts": {
              "create": "40m",
              "delete": "40m",
              "update": "80m"
            },
            "timezone": "",
            "username": "complete_postgresql",
            "vpc_security_group_ids": [
              "sg-0232569b22a3badbd"
            ]
          },
          "sensitive_attributes": [],
          "private": "eyJlMmJmYjczMC1lY2FhLTExZTYtOGY4OC0zNDM2M2JjN2M0YzAiOnsiY3JlYXRlIjoyNDAwMDAwMDAwMDAwLCJkZWxldGUiOjI0MDAwMDAwMDAwMDAsInVwZGF0ZSI6NDgwMDAwMDAwMDAwMH0sInNjaGVtYV92ZXJzaW9uIjoiMSJ9",
          "dependencies": [
            "module.db.aws_security_group.this",
            "module.db.aws_security_group.this_name_prefix",
            "module.dbi.module.db_instance.aws_iam_role.enhanced_monitoring",
            "module.dbi.module.db_instance.data.aws_iam_policy_document.enhanced_monitoring",
            "module.dbi.module.db_instance.random_id.snapshot_identifier",
            "module.dbi.module.db_option_group.aws_db_option_group.this",
            "module.dbi.module.db_parameter_group.aws_db_parameter_group.this",
            "module.dbi.module.db_subnet_group.aws_db_subnet_group.this",
            "module.dbi.random_password.master_password",
            "module.vpc.aws_subnet.database",
            "module.vpc.aws_vpc.this",
            "module.vpc.aws_vpc_ipv4_cidr_block_association.this"
          ]
        }
      ]
    },
    {
      "module": "module.dbi.module.db_instance",
      "mode": "managed",
      "type": "aws_iam_role",
      "name": "enhanced_monitoring",
      "provider": "provider[\"registry.terraform.io/hashicorp/aws\"]",
      "instances": [
        {
          "index_key": 0,
          "schema_version": 0,
          "attributes": {
            "arn": "arn:aws:iam::052776272001:role/example-monitoring-role-name",
            "assume_role_policy": "{\"Version\":\"2012-10-17\",\"Statement\":[{\"Sid\":\"\",\"Effect\":\"Allow\",\"Principal\":{\"Service\":\"monitoring.rds.amazonaws.com\"},\"Action\":\"sts:AssumeRole\"}]}",
            "create_date": "2021-09-17T19:35:51Z",
            "description": "Description for monitoring role",
            "force_detach_policies": false,
            "id": "example-monitoring-role-name",
            "inline_policy": [
              {
                "name": "",
                "policy": ""
              }
            ],
            "managed_policy_arns": [],
            "max_session_duration": 3600,
            "name": "example-monitoring-role-name",
            "name_prefix": "",
            "path": "/",
            "permissions_boundary": null,
            "tags": {
              "Name": "example-monitoring-role-name",
              "Terraform": "true"
            },
            "tags_all": {
              "Name": "example-monitoring-role-name",
              "Terraform": "true"
            },
            "unique_id": "AROAQYSNWACA3KGIJFXV5"
          },
          "sensitive_attributes": [],
          "private": "bnVsbA==",
          "dependencies": [
            "module.dbi.module.db_instance.data.aws_iam_policy_document.enhanced_monitoring"
          ]
        }
      ]
    },
    {
      "module": "module.dbi.module.db_instance",
      "mode": "managed",
      "type": "aws_iam_role_policy_attachment",
      "name": "enhanced_monitoring",
      "provider": "provider[\"registry.terraform.io/hashicorp/aws\"]",
      "instances": [
        {
          "index_key": 0,
          "schema_version": 0,
          "attributes": {
            "id": "example-monitoring-role-name-20210917193551267900000004",
            "policy_arn": "arn:aws:iam::aws:policy/service-role/AmazonRDSEnhancedMonitoringRole",
            "role": "example-monitoring-role-name"
          },
          "sensitive_attributes": [],
          "private": "bnVsbA==",
          "dependencies": [
            "module.dbi.module.db_instance.aws_iam_role.enhanced_monitoring",
            "module.dbi.module.db_instance.data.aws_iam_policy_document.enhanced_monitoring",
            "module.dbi.module.db_instance.data.aws_partition.current"
          ]
        }
      ]
    },
    {
      "module": "module.dbi.module.db_parameter_group",
      "mode": "managed",
      "type": "aws_db_parameter_group",
      "name": "this",
      "provider": "provider[\"registry.terraform.io/hashicorp/aws\"]",
      "instances": [
        {
          "index_key": 0,
          "schema_version": 0,
          "attributes": {
            "arn": "arn:aws:rds:us-east-2:052776272001:pg:webdb-20210917193548420000000001",
            "description": "webdb parameter group",
            "family": "postgres11",
            "id": "webdb-20210917193548420000000001",
            "name": "webdb-20210917193548420000000001",
            "name_prefix": "webdb-",
            "parameter": [
              {
                "apply_method": "immediate",
                "name": "autovacuum",
                "value": "1"
              },
              {
                "apply_method": "immediate",
                "name": "client_encoding",
                "value": "utf8"
              }
            ],
            "tags": {
              "Name": "webdb",
              "Sensitive": "low",
              "Terraform": "true"
            },
            "tags_all": {
              "Name": "webdb",
              "Sensitive": "low",
              "Terraform": "true"
            }
          },
          "sensitive_attributes": [],
          "private": "bnVsbA==",
          "create_before_destroy": true
        }
      ]
    },
    {
      "module": "module.dbi.module.db_subnet_group",
      "mode": "managed",
      "type": "aws_db_subnet_group",
      "name": "this",
      "provider": "provider[\"registry.terraform.io/hashicorp/aws\"]",
      "instances": [
        {
          "index_key": 0,
          "schema_version": 0,
          "attributes": {
            "arn": "arn:aws:rds:us-east-2:052776272001:subgrp:webdb-2021091719362007080000000b",
            "description": "webdb subnet group",
            "id": "webdb-2021091719362007080000000b",
            "name": "webdb-2021091719362007080000000b",
            "name_prefix": "webdb-",
            "subnet_ids": [
              "subnet-0b31d7611f3601ef0",
              "subnet-0d1072f842ef4f217"
            ],
            "tags": {
              "Name": "webdb",
              "Sensitive": "high",
              "Terraform": "true"
            },
            "tags_all": {
              "Name": "webdb",
              "Sensitive": "high",
              "Terraform": "true"
            }
          },
          "sensitive_attributes": [],
          "private": "bnVsbA==",
          "dependencies": [
            "module.vpc.aws_subnet.database",
            "module.vpc.aws_vpc.this",
            "module.vpc.aws_vpc_ipv4_cidr_block_association.this"
          ]
        }
      ]
    },
    {
      "module": "module.vpc",
      "mode": "managed",
      "type": "aws_db_subnet_group",
      "name": "database",
      "provider": "provider[\"registry.terraform.io/hashicorp/aws\"]",
      "instances": [
        {
          "index_key": 0,
          "schema_version": 0,
          "attributes": {
            "arn": "arn:aws:rds:us-east-2:052776272001:subgrp:app-vpc",
            "description": "Database subnet group for app-vpc",
            "id": "app-vpc",
            "name": "app-vpc",
            "name_prefix": null,
            "subnet_ids": [
              "subnet-0b31d7611f3601ef0",
              "subnet-0d1072f842ef4f217"
            ],
            "tags": {
              "Name": "app-vpc",
              "Terraform": "true"
            },
            "tags_all": {
              "Name": "app-vpc",
              "Terraform": "true"
            }
          },
          "sensitive_attributes": [],
          "private": "bnVsbA==",
          "dependencies": [
            "module.vpc.aws_subnet.database",
            "module.vpc.aws_vpc.this",
            "module.vpc.aws_vpc_ipv4_cidr_block_association.this"
          ]
        }
      ]
    },
    {
      "module": "module.vpc",
      "mode": "managed",
      "type": "aws_eip",
      "name": "nat",
      "provider": "provider[\"registry.terraform.io/hashicorp/aws\"]",
      "instances": [
        {
          "index_key": 0,
          "schema_version": 0,
          "attributes": {
            "address": null,
            "allocation_id": null,
            "associate_with_private_ip": null,
            "association_id": "",
            "carrier_ip": "",
            "customer_owned_ip": "",
            "customer_owned_ipv4_pool": "",
            "domain": "vpc",
            "id": "eipalloc-04c62fc4a0e0c9003",
            "instance": "",
            "network_border_group": "us-east-2",
            "network_interface": "",
            "private_dns": null,
            "private_ip": "",
            "public_dns": "ec2-3-18-56-66.us-east-2.compute.amazonaws.com",
            "public_ip": "3.18.56.66",
            "public_ipv4_pool": "amazon",
            "tags": {
              "Name": "app-vpc-us-east-2a",
              "Terraform": "true"
            },
            "tags_all": {
              "Name": "app-vpc-us-east-2a",
              "Terraform": "true"
            },
            "timeouts": null,
            "vpc": true
          },
          "sensitive_attributes": [],
          "private": "eyJlMmJmYjczMC1lY2FhLTExZTYtOGY4OC0zNDM2M2JjN2M0YzAiOnsiZGVsZXRlIjoxODAwMDAwMDAwMDAsInJlYWQiOjkwMDAwMDAwMDAwMCwidXBkYXRlIjozMDAwMDAwMDAwMDB9fQ=="
        },
        {
          "index_key": 1,
          "schema_version": 0,
          "attributes": {
            "address": null,
            "allocation_id": null,
            "associate_with_private_ip": null,
            "association_id": "",
            "carrier_ip": "",
            "customer_owned_ip": "",
            "customer_owned_ipv4_pool": "",
            "domain": "vpc",
            "id": "eipalloc-05a81de2d199f1bfe",
            "instance": "",
            "network_border_group": "us-east-2",
            "network_interface": "",
            "private_dns": null,
            "private_ip": "",
            "public_dns": "ec2-3-131-204-130.us-east-2.compute.amazonaws.com",
            "public_ip": "3.131.204.130",
            "public_ipv4_pool": "amazon",
            "tags": {
              "Name": "app-vpc-us-east-2b",
              "Terraform": "true"
            },
            "tags_all": {
              "Name": "app-vpc-us-east-2b",
              "Terraform": "true"
            },
            "timeouts": null,
            "vpc": true
          },
          "sensitive_attributes": [],
          "private": "eyJlMmJmYjczMC1lY2FhLTExZTYtOGY4OC0zNDM2M2JjN2M0YzAiOnsiZGVsZXRlIjoxODAwMDAwMDAwMDAsInJlYWQiOjkwMDAwMDAwMDAwMCwidXBkYXRlIjozMDAwMDAwMDAwMDB9fQ=="
        }
      ]
    },
    {
      "module": "module.vpc",
      "mode": "managed",
      "type": "aws_internet_gateway",
      "name": "this",
      "provider": "provider[\"registry.terraform.io/hashicorp/aws\"]",
      "instances": [
        {
          "index_key": 0,
          "schema_version": 0,
          "attributes": {
            "arn": "arn:aws:ec2:us-east-2:052776272001:internet-gateway/igw-0f29cd5bd20408507",
            "id": "igw-0f29cd5bd20408507",
            "owner_id": "052776272001",
            "tags": {
              "Name": "app-vpc",
              "Terraform": "true"
            },
            "tags_all": {
              "Name": "app-vpc",
              "Terraform": "true"
            },
            "vpc_id": "vpc-03da84470e512698f"
          },
          "sensitive_attributes": [],
          "private": "bnVsbA==",
          "dependencies": [
            "module.vpc.aws_vpc.this",
            "module.vpc.aws_vpc_ipv4_cidr_block_association.this"
          ]
        }
      ]
    },
    {
      "module": "module.vpc",
      "mode": "managed",
      "type": "aws_nat_gateway",
      "name": "this",
      "provider": "provider[\"registry.terraform.io/hashicorp/aws\"]",
      "instances": [
        {
          "index_key": 0,
          "schema_version": 0,
          "attributes": {
            "allocation_id": "eipalloc-04c62fc4a0e0c9003",
            "connectivity_type": "public",
            "id": "nat-0bc186ad8eb6858c0",
            "network_interface_id": "eni-0584477b0703e2fab",
            "private_ip": "192.168.1.169",
            "public_ip": "3.18.56.66",
            "subnet_id": "subnet-0fe469fde41db5637",
            "tags": {
              "Name": "app-vpc-us-east-2a",
              "Terraform": "true"
            },
            "tags_all": {
              "Name": "app-vpc-us-east-2a",
              "Terraform": "true"
            }
          },
          "sensitive_attributes": [],
          "private": "bnVsbA==",
          "dependencies": [
            "module.vpc.aws_eip.nat",
            "module.vpc.aws_internet_gateway.this",
            "module.vpc.aws_subnet.public",
            "module.vpc.aws_vpc.this",
            "module.vpc.aws_vpc_ipv4_cidr_block_association.this"
          ]
        },
        {
          "index_key": 1,
          "schema_version": 0,
          "attributes": {
            "allocation_id": "eipalloc-05a81de2d199f1bfe",
            "connectivity_type": "public",
            "id": "nat-03405d4c64bd2d153",
            "network_interface_id": "eni-0f0908c53af552a2d",
            "private_ip": "192.168.2.199",
            "public_ip": "3.131.204.130",
            "subnet_id": "subnet-00674f5cf73c6011f",
            "tags": {
              "Name": "app-vpc-us-east-2b",
              "Terraform": "true"
            },
            "tags_all": {
              "Name": "app-vpc-us-east-2b",
              "Terraform": "true"
            }
          },
          "sensitive_attributes": [],
          "private": "bnVsbA==",
          "dependencies": [
            "module.vpc.aws_eip.nat",
            "module.vpc.aws_internet_gateway.this",
            "module.vpc.aws_subnet.public",
            "module.vpc.aws_vpc.this",
            "module.vpc.aws_vpc_ipv4_cidr_block_association.this"
          ]
        }
      ]
    },
    {
      "module": "module.vpc",
      "mode": "managed",
      "type": "aws_route",
      "name": "private_nat_gateway",
      "provider": "provider[\"registry.terraform.io/hashicorp/aws\"]",
      "instances": [
        {
          "index_key": 0,
          "schema_version": 0,
          "attributes": {
            "carrier_gateway_id": "",
            "destination_cidr_block": "0.0.0.0/0",
            "destination_ipv6_cidr_block": "",
            "destination_prefix_list_id": "",
            "egress_only_gateway_id": "",
            "gateway_id": "",
            "id": "r-rtb-0189b329991cb6cfb1080289494",
            "instance_id": "",
            "instance_owner_id": "",
            "local_gateway_id": "",
            "nat_gateway_id": "nat-0bc186ad8eb6858c0",
            "network_interface_id": "",
            "origin": "CreateRoute",
            "route_table_id": "rtb-0189b329991cb6cfb",
            "state": "active",
            "timeouts": {
              "create": "5m",
              "delete": null
            },
            "transit_gateway_id": "",
            "vpc_endpoint_id": "",
            "vpc_peering_connection_id": ""
          },
          "sensitive_attributes": [],
          "private": "eyJlMmJmYjczMC1lY2FhLTExZTYtOGY4OC0zNDM2M2JjN2M0YzAiOnsiY3JlYXRlIjozMDAwMDAwMDAwMDAsImRlbGV0ZSI6MzAwMDAwMDAwMDAwfX0=",
          "dependencies": [
            "module.vpc.aws_eip.nat",
            "module.vpc.aws_internet_gateway.this",
            "module.vpc.aws_nat_gateway.this",
            "module.vpc.aws_route_table.private",
            "module.vpc.aws_subnet.public",
            "module.vpc.aws_vpc.this",
            "module.vpc.aws_vpc_ipv4_cidr_block_association.this"
          ]
        },
        {
          "index_key": 1,
          "schema_version": 0,
          "attributes": {
            "carrier_gateway_id": "",
            "destination_cidr_block": "0.0.0.0/0",
            "destination_ipv6_cidr_block": "",
            "destination_prefix_list_id": "",
            "egress_only_gateway_id": "",
            "gateway_id": "",
            "id": "r-rtb-018ecf29f6bdb4d471080289494",
            "instance_id": "",
            "instance_owner_id": "",
            "local_gateway_id": "",
            "nat_gateway_id": "nat-03405d4c64bd2d153",
            "network_interface_id": "",
            "origin": "CreateRoute",
            "route_table_id": "rtb-018ecf29f6bdb4d47",
            "state": "active",
            "timeouts": {
              "create": "5m",
              "delete": null
            },
            "transit_gateway_id": "",
            "vpc_endpoint_id": "",
            "vpc_peering_connection_id": ""
          },
          "sensitive_attributes": [],
          "private": "eyJlMmJmYjczMC1lY2FhLTExZTYtOGY4OC0zNDM2M2JjN2M0YzAiOnsiY3JlYXRlIjozMDAwMDAwMDAwMDAsImRlbGV0ZSI6MzAwMDAwMDAwMDAwfX0=",
          "dependencies": [
            "module.vpc.aws_eip.nat",
            "module.vpc.aws_internet_gateway.this",
            "module.vpc.aws_nat_gateway.this",
            "module.vpc.aws_route_table.private",
            "module.vpc.aws_subnet.public",
            "module.vpc.aws_vpc.this",
            "module.vpc.aws_vpc_ipv4_cidr_block_association.this"
          ]
        }
      ]
    },
    {
      "module": "module.vpc",
      "mode": "managed",
      "type": "aws_route",
      "name": "public_internet_gateway",
      "provider": "provider[\"registry.terraform.io/hashicorp/aws\"]",
      "instances": [
        {
          "index_key": 0,
          "schema_version": 0,
          "attributes": {
            "carrier_gateway_id": "",
            "destination_cidr_block": "0.0.0.0/0",
            "destination_ipv6_cidr_block": "",
            "destination_prefix_list_id": "",
            "egress_only_gateway_id": "",
            "gateway_id": "igw-0f29cd5bd20408507",
            "id": "r-rtb-07c8ebd5dc223545a1080289494",
            "instance_id": "",
            "instance_owner_id": "",
            "local_gateway_id": "",
            "nat_gateway_id": "",
            "network_interface_id": "",
            "origin": "CreateRoute",
            "route_table_id": "rtb-07c8ebd5dc223545a",
            "state": "active",
            "timeouts": {
              "create": "5m",
              "delete": null
            },
            "transit_gateway_id": "",
            "vpc_endpoint_id": "",
            "vpc_peering_connection_id": ""
          },
          "sensitive_attributes": [],
          "private": "eyJlMmJmYjczMC1lY2FhLTExZTYtOGY4OC0zNDM2M2JjN2M0YzAiOnsiY3JlYXRlIjozMDAwMDAwMDAwMDAsImRlbGV0ZSI6MzAwMDAwMDAwMDAwfX0=",
          "dependencies": [
            "module.vpc.aws_internet_gateway.this",
            "module.vpc.aws_route_table.public",
            "module.vpc.aws_vpc.this",
            "module.vpc.aws_vpc_ipv4_cidr_block_association.this"
          ]
        }
      ]
    },
    {
      "module": "module.vpc",
      "mode": "managed",
      "type": "aws_route_table",
      "name": "private",
      "provider": "provider[\"registry.terraform.io/hashicorp/aws\"]",
      "instances": [
        {
          "index_key": 0,
          "schema_version": 0,
          "attributes": {
            "arn": "arn:aws:ec2:us-east-2:052776272001:route-table/rtb-0189b329991cb6cfb",
            "id": "rtb-0189b329991cb6cfb",
            "owner_id": "052776272001",
            "propagating_vgws": [],
            "route": [],
            "tags": {
              "Name": "app-vpc-private-us-east-2a",
              "Terraform": "true"
            },
            "tags_all": {
              "Name": "app-vpc-private-us-east-2a",
              "Terraform": "true"
            },
            "vpc_id": "vpc-03da84470e512698f"
          },
          "sensitive_attributes": [],
          "private": "bnVsbA==",
          "dependencies": [
            "module.vpc.aws_vpc.this",
            "module.vpc.aws_vpc_ipv4_cidr_block_association.this"
          ]
        },
        {
          "index_key": 1,
          "schema_version": 0,
          "attributes": {
            "arn": "arn:aws:ec2:us-east-2:052776272001:route-table/rtb-018ecf29f6bdb4d47",
            "id": "rtb-018ecf29f6bdb4d47",
            "owner_id": "052776272001",
            "propagating_vgws": [],
            "route": [],
            "tags": {
              "Name": "app-vpc-private-us-east-2b",
              "Terraform": "true"
            },
            "tags_all": {
              "Name": "app-vpc-private-us-east-2b",
              "Terraform": "true"
            },
            "vpc_id": "vpc-03da84470e512698f"
          },
          "sensitive_attributes": [],
          "private": "bnVsbA==",
          "dependencies": [
            "module.vpc.aws_vpc.this",
            "module.vpc.aws_vpc_ipv4_cidr_block_association.this"
          ]
        }
      ]
    },
    {
      "module": "module.vpc",
      "mode": "managed",
      "type": "aws_route_table",
      "name": "public",
      "provider": "provider[\"registry.terraform.io/hashicorp/aws\"]",
      "instances": [
        {
          "index_key": 0,
          "schema_version": 0,
          "attributes": {
            "arn": "arn:aws:ec2:us-east-2:052776272001:route-table/rtb-07c8ebd5dc223545a",
            "id": "rtb-07c8ebd5dc223545a",
            "owner_id": "052776272001",
            "propagating_vgws": [],
            "route": [],
            "tags": {
              "Name": "app-vpc-public",
              "Terraform": "true"
            },
            "tags_all": {
              "Name": "app-vpc-public",
              "Terraform": "true"
            },
            "vpc_id": "vpc-03da84470e512698f"
          },
          "sensitive_attributes": [],
          "private": "bnVsbA==",
          "dependencies": [
            "module.vpc.aws_vpc.this",
            "module.vpc.aws_vpc_ipv4_cidr_block_association.this"
          ]
        }
      ]
    },
    {
      "module": "module.vpc",
      "mode": "managed",
      "type": "aws_route_table_association",
      "name": "database",
      "provider": "provider[\"registry.terraform.io/hashicorp/aws\"]",
      "instances": [
        {
          "index_key": 0,
          "schema_version": 0,
          "attributes": {
            "gateway_id": "",
            "id": "rtbassoc-0c437054939bfa439",
            "route_table_id": "rtb-0189b329991cb6cfb",
            "subnet_id": "subnet-0b31d7611f3601ef0"
          },
          "sensitive_attributes": [],
          "private": "bnVsbA==",
          "dependencies": [
            "module.vpc.aws_route_table.database",
            "module.vpc.aws_route_table.private",
            "module.vpc.aws_subnet.database",
            "module.vpc.aws_vpc.this",
            "module.vpc.aws_vpc_ipv4_cidr_block_association.this"
          ]
        },
        {
          "index_key": 1,
          "schema_version": 0,
          "attributes": {
            "gateway_id": "",
            "id": "rtbassoc-06231fd220a7d65fe",
            "route_table_id": "rtb-018ecf29f6bdb4d47",
            "subnet_id": "subnet-0d1072f842ef4f217"
          },
          "sensitive_attributes": [],
          "private": "bnVsbA==",
          "dependencies": [
            "module.vpc.aws_route_table.database",
            "module.vpc.aws_route_table.private",
            "module.vpc.aws_subnet.database",
            "module.vpc.aws_vpc.this",
            "module.vpc.aws_vpc_ipv4_cidr_block_association.this"
          ]
        }
      ]
    },
    {
      "module": "module.vpc",
      "mode": "managed",
      "type": "aws_route_table_association",
      "name": "public",
      "provider": "provider[\"registry.terraform.io/hashicorp/aws\"]",
      "instances": [
        {
          "index_key": 0,
          "schema_version": 0,
          "attributes": {
            "gateway_id": "",
            "id": "rtbassoc-04601634164dbf47f",
            "route_table_id": "rtb-07c8ebd5dc223545a",
            "subnet_id": "subnet-0fe469fde41db5637"
          },
          "sensitive_attributes": [],
          "private": "bnVsbA==",
          "dependencies": [
            "module.vpc.aws_route_table.public",
            "module.vpc.aws_subnet.public",
            "module.vpc.aws_vpc.this",
            "module.vpc.aws_vpc_ipv4_cidr_block_association.this"
          ]
        },
        {
          "index_key": 1,
          "schema_version": 0,
          "attributes": {
            "gateway_id": "",
            "id": "rtbassoc-075e125c498b2d017",
            "route_table_id": "rtb-07c8ebd5dc223545a",
            "subnet_id": "subnet-00674f5cf73c6011f"
          },
          "sensitive_attributes": [],
          "private": "bnVsbA==",
          "dependencies": [
            "module.vpc.aws_route_table.public",
            "module.vpc.aws_subnet.public",
            "module.vpc.aws_vpc.this",
            "module.vpc.aws_vpc_ipv4_cidr_block_association.this"
          ]
        }
      ]
    },
    {
      "module": "module.vpc",
      "mode": "managed",
      "type": "aws_subnet",
      "name": "database",
      "provider": "provider[\"registry.terraform.io/hashicorp/aws\"]",
      "instances": [
        {
          "index_key": 0,
          "schema_version": 1,
          "attributes": {
            "arn": "arn:aws:ec2:us-east-2:052776272001:subnet/subnet-0b31d7611f3601ef0",
            "assign_ipv6_address_on_creation": false,
            "availability_zone": "us-east-2a",
            "availability_zone_id": "use2-az1",
            "cidr_block": "192.168.3.0/24",
            "customer_owned_ipv4_pool": "",
            "id": "subnet-0b31d7611f3601ef0",
            "ipv6_cidr_block": "",
            "ipv6_cidr_block_association_id": "",
            "map_customer_owned_ip_on_launch": false,
            "map_public_ip_on_launch": false,
            "outpost_arn": "",
            "owner_id": "052776272001",
            "tags": {
              "Name": "app-vpc-db-us-east-2a",
              "Terraform": "true"
            },
            "tags_all": {
              "Name": "app-vpc-db-us-east-2a",
              "Terraform": "true"
            },
            "timeouts": null,
            "vpc_id": "vpc-03da84470e512698f"
          },
          "sensitive_attributes": [],
          "private": "eyJlMmJmYjczMC1lY2FhLTExZTYtOGY4OC0zNDM2M2JjN2M0YzAiOnsiY3JlYXRlIjo2MDAwMDAwMDAwMDAsImRlbGV0ZSI6MTIwMDAwMDAwMDAwMH0sInNjaGVtYV92ZXJzaW9uIjoiMSJ9",
          "dependencies": [
            "module.vpc.aws_vpc.this",
            "module.vpc.aws_vpc_ipv4_cidr_block_association.this"
          ]
        },
        {
          "index_key": 1,
          "schema_version": 1,
          "attributes": {
            "arn": "arn:aws:ec2:us-east-2:052776272001:subnet/subnet-0d1072f842ef4f217",
            "assign_ipv6_address_on_creation": false,
            "availability_zone": "us-east-2b",
            "availability_zone_id": "use2-az2",
            "cidr_block": "192.168.4.0/24",
            "customer_owned_ipv4_pool": "",
            "id": "subnet-0d1072f842ef4f217",
            "ipv6_cidr_block": "",
            "ipv6_cidr_block_association_id": "",
            "map_customer_owned_ip_on_launch": false,
            "map_public_ip_on_launch": false,
            "outpost_arn": "",
            "owner_id": "052776272001",
            "tags": {
              "Name": "app-vpc-db-us-east-2b",
              "Terraform": "true"
            },
            "tags_all": {
              "Name": "app-vpc-db-us-east-2b",
              "Terraform": "true"
            },
            "timeouts": null,
            "vpc_id": "vpc-03da84470e512698f"
          },
          "sensitive_attributes": [],
          "private": "eyJlMmJmYjczMC1lY2FhLTExZTYtOGY4OC0zNDM2M2JjN2M0YzAiOnsiY3JlYXRlIjo2MDAwMDAwMDAwMDAsImRlbGV0ZSI6MTIwMDAwMDAwMDAwMH0sInNjaGVtYV92ZXJzaW9uIjoiMSJ9",
          "dependencies": [
            "module.vpc.aws_vpc.this",
            "module.vpc.aws_vpc_ipv4_cidr_block_association.this"
          ]
        }
      ]
    },
    {
      "module": "module.vpc",
      "mode": "managed",
      "type": "aws_subnet",
      "name": "public",
      "provider": "provider[\"registry.terraform.io/hashicorp/aws\"]",
      "instances": [
        {
          "index_key": 0,
          "schema_version": 1,
          "attributes": {
            "arn": "arn:aws:ec2:us-east-2:052776272001:subnet/subnet-0fe469fde41db5637",
            "assign_ipv6_address_on_creation": false,
            "availability_zone": "us-east-2a",
            "availability_zone_id": "use2-az1",
            "cidr_block": "192.168.1.0/24",
            "customer_owned_ipv4_pool": "",
            "id": "subnet-0fe469fde41db5637",
            "ipv6_cidr_block": "",
            "ipv6_cidr_block_association_id": "",
            "map_customer_owned_ip_on_launch": false,
            "map_public_ip_on_launch": true,
            "outpost_arn": "",
            "owner_id": "052776272001",
            "tags": {
              "Name": "app-vpc-public-us-east-2a",
              "Terraform": "true"
            },
            "tags_all": {
              "Name": "app-vpc-public-us-east-2a",
              "Terraform": "true"
            },
            "timeouts": null,
            "vpc_id": "vpc-03da84470e512698f"
          },
          "sensitive_attributes": [],
          "private": "eyJlMmJmYjczMC1lY2FhLTExZTYtOGY4OC0zNDM2M2JjN2M0YzAiOnsiY3JlYXRlIjo2MDAwMDAwMDAwMDAsImRlbGV0ZSI6MTIwMDAwMDAwMDAwMH0sInNjaGVtYV92ZXJzaW9uIjoiMSJ9",
          "dependencies": [
            "module.vpc.aws_vpc.this",
            "module.vpc.aws_vpc_ipv4_cidr_block_association.this"
          ],
          "create_before_destroy": true
        },
        {
          "index_key": 1,
          "schema_version": 1,
          "attributes": {
            "arn": "arn:aws:ec2:us-east-2:052776272001:subnet/subnet-00674f5cf73c6011f",
            "assign_ipv6_address_on_creation": false,
            "availability_zone": "us-east-2b",
            "availability_zone_id": "use2-az2",
            "cidr_block": "192.168.2.0/24",
            "customer_owned_ipv4_pool": "",
            "id": "subnet-00674f5cf73c6011f",
            "ipv6_cidr_block": "",
            "ipv6_cidr_block_association_id": "",
            "map_customer_owned_ip_on_launch": false,
            "map_public_ip_on_launch": true,
            "outpost_arn": "",
            "owner_id": "052776272001",
            "tags": {
              "Name": "app-vpc-public-us-east-2b",
              "Terraform": "true"
            },
            "tags_all": {
              "Name": "app-vpc-public-us-east-2b",
              "Terraform": "true"
            },
            "timeouts": null,
            "vpc_id": "vpc-03da84470e512698f"
          },
          "sensitive_attributes": [],
          "private": "eyJlMmJmYjczMC1lY2FhLTExZTYtOGY4OC0zNDM2M2JjN2M0YzAiOnsiY3JlYXRlIjo2MDAwMDAwMDAwMDAsImRlbGV0ZSI6MTIwMDAwMDAwMDAwMH0sInNjaGVtYV92ZXJzaW9uIjoiMSJ9",
          "dependencies": [
            "module.vpc.aws_vpc.this",
            "module.vpc.aws_vpc_ipv4_cidr_block_association.this"
          ],
          "create_before_destroy": true
        }
      ]
    },
    {
      "module": "module.vpc",
      "mode": "managed",
      "type": "aws_vpc",
      "name": "this",
      "provider": "provider[\"registry.terraform.io/hashicorp/aws\"]",
      "instances": [
        {
          "index_key": 0,
          "schema_version": 1,
          "attributes": {
            "arn": "arn:aws:ec2:us-east-2:052776272001:vpc/vpc-03da84470e512698f",
            "assign_generated_ipv6_cidr_block": false,
            "cidr_block": "192.168.0.0/16",
            "default_network_acl_id": "acl-03311b82f4aafbc9b",
            "default_route_table_id": "rtb-0c281642d2acd953f",
            "default_security_group_id": "sg-0855e690513057d2b",
            "dhcp_options_id": "dopt-5513733e",
            "enable_classiclink": null,
            "enable_classiclink_dns_support": null,
            "enable_dns_hostnames": true,
            "enable_dns_support": true,
            "id": "vpc-03da84470e512698f",
            "instance_tenancy": "default",
            "ipv6_association_id": "",
            "ipv6_cidr_block": "",
            "main_route_table_id": "rtb-0c281642d2acd953f",
            "owner_id": "052776272001",
            "tags": {
              "Name": "app-vpc",
              "Terraform": "true"
            },
            "tags_all": {
              "Name": "app-vpc",
              "Terraform": "true"
            }
          },
          "sensitive_attributes": [],
          "private": "eyJzY2hlbWFfdmVyc2lvbiI6IjEifQ==",
          "create_before_destroy": true
        }
      ]
    },
    {
      "module": "module.vpc",
      "mode": "managed",
      "type": "aws_vpn_gateway",
      "name": "this",
      "provider": "provider[\"registry.terraform.io/hashicorp/aws\"]",
      "instances": [
        {
          "index_key": 0,
          "schema_version": 0,
          "attributes": {
            "amazon_side_asn": "64512",
            "arn": "arn:aws:ec2:us-east-2:052776272001:vpn-gateway/vgw-080fbef96f062cbcb",
            "availability_zone": null,
            "id": "vgw-080fbef96f062cbcb",
            "tags": {
              "Name": "app-vpc",
              "Terraform": "true"
            },
            "tags_all": {
              "Name": "app-vpc",
              "Terraform": "true"
            },
            "vpc_id": "vpc-03da84470e512698f"
          },
          "sensitive_attributes": [],
          "private": "bnVsbA==",
          "dependencies": [
            "module.vpc.aws_vpc.this",
            "module.vpc.aws_vpc_ipv4_cidr_block_association.this"
          ]
        }
      ]
    },
    {
      "module": "module.web",
      "mode": "managed",
      "type": "aws_security_group",
      "name": "this_name_prefix",
      "provider": "provider[\"registry.terraform.io/hashicorp/aws\"]",
      "instances": [
        {
          "index_key": 0,
          "schema_version": 1,
          "attributes": {
            "arn": "arn:aws:ec2:us-east-2:052776272001:security-group/sg-05b7b14fdd6da0f82",
            "description": "Security group that allows public inbound traffic",
            "egress": [],
            "id": "sg-05b7b14fdd6da0f82",
            "ingress": [],
            "name": "web-sg-20210917193608426200000006",
            "name_prefix": "web-sg-",
            "owner_id": "052776272001",
            "revoke_rules_on_delete": false,
            "tags": {
              "Name": "Web Server",
              "Terraform": "true"
            },
            "tags_all": {
              "Name": "Web Server",
              "Terraform": "true"
            },
            "timeouts": null,
            "vpc_id": "vpc-03da84470e512698f"
          },
          "sensitive_attributes": [],
          "private": "eyJlMmJmYjczMC1lY2FhLTExZTYtOGY4OC0zNDM2M2JjN2M0YzAiOnsiY3JlYXRlIjo2MDAwMDAwMDAwMDAsImRlbGV0ZSI6OTAwMDAwMDAwMDAwfSwic2NoZW1hX3ZlcnNpb24iOiIxIn0=",
          "dependencies": [
            "module.vpc.aws_vpc.this"
          ],
          "create_before_destroy": true
        }
      ]
    },
    {
      "module": "module.web",
      "mode": "managed",
      "type": "aws_security_group_rule",
      "name": "egress_with_cidr_blocks",
      "provider": "provider[\"registry.terraform.io/hashicorp/aws\"]",
      "instances": [
        {
          "index_key": 0,
          "schema_version": 2,
          "attributes": {
            "cidr_blocks": [
              "192.168.3.0/24"
            ],
            "description": "Egress Rule",
            "from_port": 5432,
            "id": "sgrule-3847811255",
            "ipv6_cidr_blocks": null,
            "prefix_list_ids": [],
            "protocol": "tcp",
            "security_group_id": "sg-05b7b14fdd6da0f82",
            "self": false,
            "source_security_group_id": null,
            "to_port": 5432,
            "type": "egress"
          },
          "sensitive_attributes": [],
          "private": "eyJzY2hlbWFfdmVyc2lvbiI6IjIifQ==",
          "dependencies": [
            "module.vpc.aws_vpc.this",
            "module.web.aws_security_group.this",
            "module.web.aws_security_group.this_name_prefix"
          ]
        }
      ]
    },
    {
      "module": "module.web",
      "mode": "managed",
      "type": "aws_security_group_rule",
      "name": "ingress_with_cidr_blocks",
      "provider": "provider[\"registry.terraform.io/hashicorp/aws\"]",
      "instances": [
        {
          "index_key": 0,
          "schema_version": 2,
          "attributes": {
            "cidr_blocks": [
              "0.0.0.0/0"
            ],
            "description": "http ",
            "from_port": 80,
            "id": "sgrule-70070405",
            "ipv6_cidr_blocks": null,
            "prefix_list_ids": [],
            "protocol": "tcp",
            "security_group_id": "sg-05b7b14fdd6da0f82",
            "self": false,
            "source_security_group_id": null,
            "to_port": 80,
            "type": "ingress"
          },
          "sensitive_attributes": [],
          "private": "eyJzY2hlbWFfdmVyc2lvbiI6IjIifQ==",
          "dependencies": [
            "module.vpc.aws_vpc.this",
            "module.web.aws_security_group.this",
            "module.web.aws_security_group.this_name_prefix"
          ]
        },
        {
          "index_key": 1,
          "schema_version": 2,
          "attributes": {
            "cidr_blocks": [
              "0.0.0.0/0"
            ],
            "description": "https",
            "from_port": 443,
            "id": "sgrule-3322821245",
            "ipv6_cidr_blocks": null,
            "prefix_list_ids": [],
            "protocol": "tcp",
            "security_group_id": "sg-05b7b14fdd6da0f82",
            "self": false,
            "source_security_group_id": null,
            "to_port": 443,
            "type": "ingress"
          },
          "sensitive_attributes": [],
          "private": "eyJzY2hlbWFfdmVyc2lvbiI6IjIifQ==",
          "dependencies": [
            "module.vpc.aws_vpc.this",
            "module.web.aws_security_group.this",
            "module.web.aws_security_group.this_name_prefix"
          ]
        },
        {
          "index_key": 2,
          "schema_version": 2,
          "attributes": {
            "cidr_blocks": [
              "0.0.0.0/0"
            ],
            "description": "ssh",
            "from_port": 22,
            "id": "sgrule-2997316912",
            "ipv6_cidr_blocks": null,
            "prefix_list_ids": [],
            "protocol": "tcp",
            "security_group_id": "sg-05b7b14fdd6da0f82",
            "self": false,
            "source_security_group_id": null,
            "to_port": 22,
            "type": "ingress"
          },
          "sensitive_attributes": [],
          "private": "eyJzY2hlbWFfdmVyc2lvbiI6IjIifQ==",
          "dependencies": [
            "module.vpc.aws_vpc.this",
            "module.web.aws_security_group.this",
            "module.web.aws_security_group.this_name_prefix"
          ]
        }
      ]
    }
  ]
}
