{
  "version": 4,
  "terraform_version": "1.0.6",
  "serial": 30,
  "lineage": "e6311279-d20c-6d1f-aa4a-c2e8619c3705",
  "outputs": {
    "alb_id": {
      "value": "arn:aws:elasticloadbalancing:us-east-2:052776272001:loadbalancer/app/Terraform-ALB/33783c9d59f4b38e",
      "type": "string"
    },
    "igw_id": {
      "value": "igw-014f2f729e5d61ded",
      "type": "string"
    },
    "private_route_table_id": {
      "value": "rtb-03f6ae3bce12d0db8",
      "type": "string"
    },
    "public_route_table_id": {
      "value": "rtb-023e7ab16fd646954",
      "type": "string"
    },
    "route_table_assossiation_ids": {
      "value": [
        "rtbassoc-028fd64c395e70ef7",
        "rtbassoc-0f7e84804c8d72233",
        "rtbassoc-072de44bb72b7a063",
        "rtbassoc-03309239fb31d4757"
      ],
      "type": [
        "tuple",
        [
          "string",
          "string",
          "string",
          "string"
        ]
      ]
    },
    "sg_alb_id": {
      "value": "sg-01e2d0d0ef08f85cf",
      "type": "string"
    },
    "sg_db_id": {
      "value": "sg-0bb467edf327caf40",
      "type": "string"
    },
    "sg_web_id": {
      "value": "sg-0889c6495835827ca",
      "type": "string"
    },
    "subnet_ids": {
      "value": {
        "Private A": "subnet-04ddbbb1124c81bb5",
        "Private B": "subnet-03e7aebd0d7ff0abd",
        "Public A": "subnet-0a680c26af4edc9ca",
        "Public B": "subnet-025718ae7162eb8c5"
      },
      "type": [
        "object",
        {
          "Private A": "string",
          "Private B": "string",
          "Public A": "string",
          "Public B": "string"
        }
      ]
    },
    "vpc_id": {
      "value": "vpc-04090ee7dcb915f9f",
      "type": "string"
    }
  },
  "resources": [
    {
      "mode": "data",
      "type": "aws_ami",
      "name": "ubuntu",
      "provider": "provider[\"registry.terraform.io/hashicorp/aws\"]",
      "instances": [
        {
          "schema_version": 0,
          "attributes": {
            "architecture": "x86_64",
            "arn": "arn:aws:ec2:us-east-2::image/ami-08c215fed75e4fa46",
            "block_device_mappings": [
              {
                "device_name": "/dev/sda1",
                "ebs": {
                  "delete_on_termination": "true",
                  "encrypted": "false",
                  "iops": "0",
                  "snapshot_id": "snap-065fd9b850ce22b21",
                  "throughput": "0",
                  "volume_size": "35",
                  "volume_type": "gp2"
                },
                "no_device": "",
                "virtual_name": ""
              },
              {
                "device_name": "/dev/sdb",
                "ebs": {},
                "no_device": "",
                "virtual_name": "ephemeral0"
              },
              {
                "device_name": "/dev/sdc",
                "ebs": {},
                "no_device": "",
                "virtual_name": "ephemeral1"
              }
            ],
            "creation_date": "2021-09-09T14:31:30.000Z",
            "description": "AWS ParallelCluster AMI for ubuntu2004, kernel-5.11.0-1016-aws, lustre-5.11.0.1016.17~20.04.15, efa-1.13.0-1.amzn1, dcv-2021.1.10851-1, slurm-20-11-8-1, nvidia-470.57.02",
            "ena_support": true,
            "executable_users": null,
            "filter": [
              {
                "name": "architecture",
                "values": [
                  "x86_64"
                ]
              }
            ],
            "hypervisor": "xen",
            "id": "ami-08c215fed75e4fa46",
            "image_id": "ami-08c215fed75e4fa46",
            "image_location": "amazon/aws-parallelcluster-3.0.0-ubuntu-2004-lts-hvm-x86_64-202109071115 2021-09-07T11-19-02.092Z",
            "image_owner_alias": "amazon",
            "image_type": "machine",
            "kernel_id": null,
            "most_recent": true,
            "name": "aws-parallelcluster-3.0.0-ubuntu-2004-lts-hvm-x86_64-202109071115 2021-09-07T11-19-02.092Z",
            "name_regex": "ubuntu",
            "owner_id": "247102896272",
            "owners": [
              "amazon"
            ],
            "platform": null,
            "platform_details": "Linux/UNIX",
            "product_codes": [],
            "public": true,
            "ramdisk_id": null,
            "root_device_name": "/dev/sda1",
            "root_device_type": "ebs",
            "root_snapshot_id": "snap-065fd9b850ce22b21",
            "sriov_net_support": "simple",
            "state": "available",
            "state_reason": {
              "code": "UNSET",
              "message": "UNSET"
            },
            "tags": {},
            "usage_operation": "RunInstances",
            "virtualization_type": "hvm"
          },
          "sensitive_attributes": []
        }
      ]
    },
    {
      "mode": "managed",
      "type": "aws_autoscaling_group",
      "name": "this",
      "provider": "provider[\"registry.terraform.io/hashicorp/aws\"]",
      "instances": [
        {
          "schema_version": 0,
          "attributes": {
            "arn": "arn:aws:autoscaling:us-east-2:052776272001:autoScalingGroup:78c828ee-230e-479b-ac72-f822e7a9506c:autoScalingGroupName/terraform-autoscaling",
            "availability_zones": [
              "us-east-2a",
              "us-east-2b"
            ],
            "capacity_rebalance": false,
            "default_cooldown": 300,
            "desired_capacity": 2,
            "enabled_metrics": null,
            "force_delete": true,
            "force_delete_warm_pool": false,
            "health_check_grace_period": 240,
            "health_check_type": "ELB",
            "id": "terraform-autoscaling",
            "initial_lifecycle_hook": [],
            "instance_refresh": [],
            "launch_configuration": "",
            "launch_template": [
              {
                "id": "lt-0a61b1b8d816a1630",
                "name": "terraform-20210916151126843800000001",
                "version": "1"
              }
            ],
            "load_balancers": null,
            "max_instance_lifetime": 0,
            "max_size": 5,
            "metrics_granularity": "1Minute",
            "min_elb_capacity": null,
            "min_size": 2,
            "mixed_instances_policy": [],
            "name": "terraform-autoscaling",
            "name_prefix": "",
            "placement_group": "",
            "protect_from_scale_in": false,
            "service_linked_role_arn": "arn:aws:iam::052776272001:role/aws-service-role/autoscaling.amazonaws.com/AWSServiceRoleForAutoScaling",
            "suspended_processes": null,
            "tag": [],
            "tags": null,
            "target_group_arns": [
              "arn:aws:elasticloadbalancing:us-east-2:052776272001:targetgroup/ALB-TG/0620d5f4469a836a"
            ],
            "termination_policies": null,
            "timeouts": null,
            "vpc_zone_identifier": [
              "subnet-025718ae7162eb8c5",
              "subnet-0a680c26af4edc9ca"
            ],
            "wait_for_capacity_timeout": "10m",
            "wait_for_elb_capacity": null,
            "warm_pool": []
          },
          "sensitive_attributes": [],
          "private": "eyJlMmJmYjczMC1lY2FhLTExZTYtOGY4OC0zNDM2M2JjN2M0YzAiOnsiZGVsZXRlIjo2MDAwMDAwMDAwMDB9fQ==",
          "dependencies": [
            "aws_launch_template.this",
            "aws_lb_target_group.this",
            "aws_security_group.alb",
            "aws_security_group.autoscaling",
            "aws_subnet.this",
            "aws_vpc.this",
            "data.aws_ami.ubuntu"
          ]
        }
      ]
    },
    {
      "mode": "managed",
      "type": "aws_autoscaling_policy",
      "name": "scaledown",
      "provider": "provider[\"registry.terraform.io/hashicorp/aws\"]",
      "instances": [
        {
          "schema_version": 0,
          "attributes": {
            "adjustment_type": "ChangeInCapacity",
            "arn": "arn:aws:autoscaling:us-east-2:052776272001:scalingPolicy:577d0a14-352b-4313-88f4-ca7060b3fc9a:autoScalingGroupName/terraform-autoscaling:policyName/Scale Down",
            "autoscaling_group_name": "terraform-autoscaling",
            "cooldown": 180,
            "estimated_instance_warmup": 0,
            "id": "Scale Down",
            "metric_aggregation_type": "",
            "min_adjustment_magnitude": null,
            "name": "Scale Down",
            "policy_type": "SimpleScaling",
            "predictive_scaling_configuration": [],
            "scaling_adjustment": -1,
            "step_adjustment": [],
            "target_tracking_configuration": []
          },
          "sensitive_attributes": [],
          "private": "bnVsbA==",
          "dependencies": [
            "aws_autoscaling_group.this",
            "aws_launch_template.this",
            "aws_lb_target_group.this",
            "aws_security_group.alb",
            "aws_security_group.autoscaling",
            "aws_subnet.this",
            "aws_vpc.this",
            "data.aws_ami.ubuntu"
          ]
        }
      ]
    },
    {
      "mode": "managed",
      "type": "aws_autoscaling_policy",
      "name": "scaleup",
      "provider": "provider[\"registry.terraform.io/hashicorp/aws\"]",
      "instances": [
        {
          "schema_version": 0,
          "attributes": {
            "adjustment_type": "ChangeInCapacity",
            "arn": "arn:aws:autoscaling:us-east-2:052776272001:scalingPolicy:97442929-1604-4173-a2c9-68af03e7c182:autoScalingGroupName/terraform-autoscaling:policyName/Scale Up",
            "autoscaling_group_name": "terraform-autoscaling",
            "cooldown": 180,
            "estimated_instance_warmup": 0,
            "id": "Scale Up",
            "metric_aggregation_type": "",
            "min_adjustment_magnitude": null,
            "name": "Scale Up",
            "policy_type": "SimpleScaling",
            "predictive_scaling_configuration": [],
            "scaling_adjustment": 1,
            "step_adjustment": [],
            "target_tracking_configuration": []
          },
          "sensitive_attributes": [],
          "private": "bnVsbA==",
          "dependencies": [
            "aws_autoscaling_group.this",
            "aws_launch_template.this",
            "aws_lb_target_group.this",
            "aws_security_group.alb",
            "aws_security_group.autoscaling",
            "aws_subnet.this",
            "aws_vpc.this",
            "data.aws_ami.ubuntu"
          ]
        }
      ]
    },
    {
      "mode": "managed",
      "type": "aws_cloudwatch_metric_alarm",
      "name": "down",
      "provider": "provider[\"registry.terraform.io/hashicorp/aws\"]",
      "instances": [
        {
          "schema_version": 1,
          "attributes": {
            "actions_enabled": true,
            "alarm_actions": [
              "arn:aws:autoscaling:us-east-2:052776272001:scalingPolicy:577d0a14-352b-4313-88f4-ca7060b3fc9a:autoScalingGroupName/terraform-autoscaling:policyName/Scale Down"
            ],
            "alarm_description": "Scales down an instance when CPU utilization is lesser than 40%",
            "alarm_name": "ASG Down",
            "arn": "arn:aws:cloudwatch:us-east-2:052776272001:alarm:ASG Down",
            "comparison_operator": "LessThanOrEqualToThreshold",
            "datapoints_to_alarm": 0,
            "dimensions": {
              "AutoScalingGroupName": "terraform-autoscaling"
            },
            "evaluate_low_sample_count_percentiles": "",
            "evaluation_periods": 1,
            "extended_statistic": "",
            "id": "ASG Down",
            "insufficient_data_actions": null,
            "metric_name": "CPUUtilization",
            "metric_query": [],
            "namespace": "AWS/EC2",
            "ok_actions": null,
            "period": 60,
            "statistic": "Average",
            "tags": null,
            "tags_all": {},
            "threshold": 40,
            "threshold_metric_id": "",
            "treat_missing_data": "missing",
            "unit": ""
          },
          "sensitive_attributes": [],
          "private": "eyJzY2hlbWFfdmVyc2lvbiI6IjEifQ==",
          "dependencies": [
            "aws_autoscaling_group.this",
            "aws_autoscaling_policy.scaledown",
            "aws_launch_template.this",
            "aws_lb_target_group.this",
            "aws_security_group.alb",
            "aws_security_group.autoscaling",
            "aws_subnet.this",
            "aws_vpc.this",
            "data.aws_ami.ubuntu"
          ]
        }
      ]
    },
    {
      "mode": "managed",
      "type": "aws_cloudwatch_metric_alarm",
      "name": "up",
      "provider": "provider[\"registry.terraform.io/hashicorp/aws\"]",
      "instances": [
        {
          "schema_version": 1,
          "attributes": {
            "actions_enabled": true,
            "alarm_actions": [
              "arn:aws:autoscaling:us-east-2:052776272001:scalingPolicy:97442929-1604-4173-a2c9-68af03e7c182:autoScalingGroupName/terraform-autoscaling:policyName/Scale Up"
            ],
            "alarm_description": "Scales up an instance when CPU utilization is greater than 30%",
            "alarm_name": "ASG Up",
            "arn": "arn:aws:cloudwatch:us-east-2:052776272001:alarm:ASG Up",
            "comparison_operator": "GreaterThanOrEqualToThreshold",
            "datapoints_to_alarm": 0,
            "dimensions": {
              "AutoScalingGroupName": "terraform-autoscaling"
            },
            "evaluate_low_sample_count_percentiles": "",
            "evaluation_periods": 1,
            "extended_statistic": "",
            "id": "ASG Up",
            "insufficient_data_actions": null,
            "metric_name": "CPUUtilization",
            "metric_query": [],
            "namespace": "AWS/EC2",
            "ok_actions": null,
            "period": 60,
            "statistic": "Average",
            "tags": null,
            "tags_all": {},
            "threshold": 30,
            "threshold_metric_id": "",
            "treat_missing_data": "missing",
            "unit": ""
          },
          "sensitive_attributes": [],
          "private": "eyJzY2hlbWFfdmVyc2lvbiI6IjEifQ==",
          "dependencies": [
            "aws_autoscaling_group.this",
            "aws_autoscaling_policy.scaleup",
            "aws_launch_template.this",
            "aws_lb_target_group.this",
            "aws_security_group.alb",
            "aws_security_group.autoscaling",
            "aws_subnet.this",
            "aws_vpc.this",
            "data.aws_ami.ubuntu"
          ]
        }
      ]
    },
    {
      "mode": "managed",
      "type": "aws_db_instance",
      "name": "web",
      "provider": "provider[\"registry.terraform.io/hashicorp/aws\"]",
      "instances": [
        {
          "schema_version": 1,
          "attributes": {
            "address": "terraform-20210916151128643500000003.cjhm8wq6amtj.us-east-2.rds.amazonaws.com",
            "allocated_storage": 10,
            "allow_major_version_upgrade": null,
            "apply_immediately": null,
            "arn": "arn:aws:rds:us-east-2:052776272001:db:terraform-20210916151128643500000003",
            "auto_minor_version_upgrade": true,
            "availability_zone": "us-east-2a",
            "backup_retention_period": 0,
            "backup_window": "04:35-05:05",
            "ca_cert_identifier": "rds-ca-2019",
            "character_set_name": "",
            "copy_tags_to_snapshot": false,
            "customer_owned_ip_enabled": false,
            "db_subnet_group_name": "main",
            "delete_automated_backups": true,
            "deletion_protection": false,
            "domain": "",
            "domain_iam_role_name": "",
            "enabled_cloudwatch_logs_exports": null,
            "endpoint": "terraform-20210916151128643500000003.cjhm8wq6amtj.us-east-2.rds.amazonaws.com:3306",
            "engine": "mysql",
            "engine_version": "5.7",
            "engine_version_actual": "5.7.33",
            "final_snapshot_identifier": null,
            "hosted_zone_id": "Z2XHWR1WZ565X2",
            "iam_database_authentication_enabled": false,
            "id": "terraform-20210916151128643500000003",
            "identifier": "terraform-20210916151128643500000003",
            "identifier_prefix": null,
            "instance_class": "db.t2.micro",
            "iops": 0,
            "kms_key_id": "",
            "latest_restorable_time": "0001-01-01T00:00:00Z",
            "license_model": "general-public-license",
            "maintenance_window": "tue:09:27-tue:09:57",
            "max_allocated_storage": 0,
            "monitoring_interval": 0,
            "monitoring_role_arn": "",
            "multi_az": false,
            "name": "mydb",
            "nchar_character_set_name": "",
            "option_group_name": "default:mysql-5-7",
            "parameter_group_name": "default.mysql5.7",
            "password": "foobarbaz",
            "performance_insights_enabled": false,
            "performance_insights_kms_key_id": "",
            "performance_insights_retention_period": 0,
            "port": 3306,
            "publicly_accessible": false,
            "replicas": [],
            "replicate_source_db": "",
            "resource_id": "db-KV4MPBOS4HCTZ7GWF57RHDCXCM",
            "restore_to_point_in_time": [],
            "s3_import": [],
            "security_group_names": null,
            "skip_final_snapshot": true,
            "snapshot_identifier": null,
            "status": "available",
            "storage_encrypted": false,
            "storage_type": "gp2",
            "tags": null,
            "tags_all": {},
            "timeouts": null,
            "timezone": "",
            "username": "foo",
            "vpc_security_group_ids": [
              "sg-0bb467edf327caf40"
            ]
          },
          "sensitive_attributes": [],
          "private": "eyJlMmJmYjczMC1lY2FhLTExZTYtOGY4OC0zNDM2M2JjN2M0YzAiOnsiY3JlYXRlIjoyNDAwMDAwMDAwMDAwLCJkZWxldGUiOjM2MDAwMDAwMDAwMDAsInVwZGF0ZSI6NDgwMDAwMDAwMDAwMH0sInNjaGVtYV92ZXJzaW9uIjoiMSJ9",
          "dependencies": [
            "aws_db_subnet_group.default",
            "aws_security_group.db",
            "aws_security_group.web",
            "aws_subnet.this",
            "aws_vpc.this"
          ]
        }
      ]
    },
    {
      "mode": "managed",
      "type": "aws_db_subnet_group",
      "name": "default",
      "provider": "provider[\"registry.terraform.io/hashicorp/aws\"]",
      "instances": [
        {
          "schema_version": 0,
          "attributes": {
            "arn": "arn:aws:rds:us-east-2:052776272001:subgrp:main",
            "description": "Managed by Terraform",
            "id": "main",
            "name": "main",
            "name_prefix": null,
            "subnet_ids": [
              "subnet-03e7aebd0d7ff0abd",
              "subnet-04ddbbb1124c81bb5"
            ],
            "tags": {
              "CreatedAt": "2020-03-17",
              "ManagedBy": "Terraform",
              "Name": "DB subnet group",
              "Owner": "Cleber Gasparoto",
              "Project": "Curso AWS com Terraform",
              "Service": "Auto Scaling App"
            },
            "tags_all": {
              "CreatedAt": "2020-03-17",
              "ManagedBy": "Terraform",
              "Name": "DB subnet group",
              "Owner": "Cleber Gasparoto",
              "Project": "Curso AWS com Terraform",
              "Service": "Auto Scaling App"
            }
          },
          "sensitive_attributes": [],
          "private": "bnVsbA==",
          "dependencies": [
            "aws_subnet.this",
            "aws_vpc.this"
          ]
        }
      ]
    },
    {
      "mode": "managed",
      "type": "aws_instance",
      "name": "jenkins",
      "provider": "provider[\"registry.terraform.io/hashicorp/aws\"]",
      "instances": [
        {
          "schema_version": 1,
          "attributes": {
            "ami": "ami-08c215fed75e4fa46",
            "arn": "arn:aws:ec2:us-east-2:052776272001:instance/i-0737e0c1fecdb41c4",
            "associate_public_ip_address": false,
            "availability_zone": "us-east-2b",
            "capacity_reservation_specification": [
              {
                "capacity_reservation_preference": "open",
                "capacity_reservation_target": []
              }
            ],
            "cpu_core_count": 1,
            "cpu_threads_per_core": 1,
            "credit_specification": [
              {
                "cpu_credits": "standard"
              }
            ],
            "disable_api_termination": false,
            "ebs_block_device": [],
            "ebs_optimized": false,
            "enclave_options": [
              {
                "enabled": false
              }
            ],
            "ephemeral_block_device": [],
            "get_password_data": false,
            "hibernation": false,
            "host_id": null,
            "iam_instance_profile": "",
            "id": "i-0737e0c1fecdb41c4",
            "instance_initiated_shutdown_behavior": "stop",
            "instance_state": "running",
            "instance_type": "t2.micro",
            "ipv6_address_count": 0,
            "ipv6_addresses": [],
            "key_name": "",
            "launch_template": [],
            "metadata_options": [
              {
                "http_endpoint": "enabled",
                "http_put_response_hop_limit": 1,
                "http_tokens": "optional"
              }
            ],
            "monitoring": false,
            "network_interface": [],
            "outpost_arn": "",
            "password_data": "",
            "placement_group": "",
            "primary_network_interface_id": "eni-012520559e565c79f",
            "private_dns": "ip-192-168-4-41.us-east-2.compute.internal",
            "private_ip": "192.168.4.41",
            "public_dns": "",
            "public_ip": "",
            "root_block_device": [
              {
                "delete_on_termination": true,
                "device_name": "/dev/sda1",
                "encrypted": false,
                "iops": 105,
                "kms_key_id": "",
                "tags": {},
                "throughput": 0,
                "volume_id": "vol-0352ecdb4072c5651",
                "volume_size": 35,
                "volume_type": "gp2"
              }
            ],
            "secondary_private_ips": [],
            "security_groups": [],
            "source_dest_check": true,
            "subnet_id": "subnet-03e7aebd0d7ff0abd",
            "tags": {
              "CreatedAt": "2020-03-17",
              "ManagedBy": "Terraform",
              "Name": "Jenkins Machine",
              "Owner": "Cleber Gasparoto",
              "Project": "Curso AWS com Terraform",
              "Service": "Auto Scaling App"
            },
            "tags_all": {
              "CreatedAt": "2020-03-17",
              "ManagedBy": "Terraform",
              "Name": "Jenkins Machine",
              "Owner": "Cleber Gasparoto",
              "Project": "Curso AWS com Terraform",
              "Service": "Auto Scaling App"
            },
            "tenancy": "default",
            "timeouts": null,
            "user_data": null,
            "user_data_base64": null,
            "volume_tags": null,
            "vpc_security_group_ids": [
              "sg-0670f30908ab5a3d3"
            ]
          },
          "sensitive_attributes": [],
          "private": "eyJlMmJmYjczMC1lY2FhLTExZTYtOGY4OC0zNDM2M2JjN2M0YzAiOnsiY3JlYXRlIjo2MDAwMDAwMDAwMDAsImRlbGV0ZSI6MTIwMDAwMDAwMDAwMCwidXBkYXRlIjo2MDAwMDAwMDAwMDB9LCJzY2hlbWFfdmVyc2lvbiI6IjEifQ==",
          "dependencies": [
            "aws_security_group.jenkins",
            "aws_security_group.web",
            "aws_subnet.this",
            "aws_vpc.this",
            "data.aws_ami.ubuntu"
          ]
        }
      ]
    },
    {
      "mode": "managed",
      "type": "aws_internet_gateway",
      "name": "this",
      "provider": "provider[\"registry.terraform.io/hashicorp/aws\"]",
      "instances": [
        {
          "schema_version": 0,
          "attributes": {
            "arn": "arn:aws:ec2:us-east-2:052776272001:internet-gateway/igw-014f2f729e5d61ded",
            "id": "igw-014f2f729e5d61ded",
            "owner_id": "052776272001",
            "tags": {
              "CreatedAt": "2020-03-17",
              "ManagedBy": "Terraform",
              "Name": "Terraform IGW ",
              "Owner": "Cleber Gasparoto",
              "Project": "Curso AWS com Terraform",
              "Service": "Auto Scaling App"
            },
            "tags_all": {
              "CreatedAt": "2020-03-17",
              "ManagedBy": "Terraform",
              "Name": "Terraform IGW ",
              "Owner": "Cleber Gasparoto",
              "Project": "Curso AWS com Terraform",
              "Service": "Auto Scaling App"
            },
            "vpc_id": "vpc-04090ee7dcb915f9f"
          },
          "sensitive_attributes": [],
          "private": "bnVsbA==",
          "dependencies": [
            "aws_vpc.this"
          ]
        }
      ]
    },
    {
      "mode": "managed",
      "type": "aws_launch_template",
      "name": "this",
      "provider": "provider[\"registry.terraform.io/hashicorp/aws\"]",
      "instances": [
        {
          "schema_version": 0,
          "attributes": {
            "arn": "arn:aws:ec2:us-east-2:052776272001:launch-template/lt-0a61b1b8d816a1630",
            "block_device_mappings": [],
            "capacity_reservation_specification": [],
            "cpu_options": [],
            "credit_specification": [],
            "default_version": 1,
            "description": "",
            "disable_api_termination": false,
            "ebs_optimized": "",
            "elastic_gpu_specifications": [],
            "elastic_inference_accelerator": [],
            "enclave_options": [],
            "hibernation_options": [],
            "iam_instance_profile": [],
            "id": "lt-0a61b1b8d816a1630",
            "image_id": "ami-08c215fed75e4fa46",
            "instance_initiated_shutdown_behavior": "",
            "instance_market_options": [],
            "instance_type": "t2.micro",
            "kernel_id": "",
            "key_name": "vieskovtf",
            "latest_version": 1,
            "license_specification": [],
            "metadata_options": [],
            "monitoring": [
              {
                "enabled": true
              }
            ],
            "name": "terraform-20210916151126843800000001",
            "name_prefix": "terraform-",
            "network_interfaces": [
              {
                "associate_carrier_ip_address": "",
                "associate_public_ip_address": "true",
                "delete_on_termination": "true",
                "description": "",
                "device_index": 0,
                "interface_type": "",
                "ipv4_address_count": 0,
                "ipv4_addresses": null,
                "ipv6_address_count": 0,
                "ipv6_addresses": null,
                "network_interface_id": "",
                "private_ip_address": "",
                "security_groups": [
                  "sg-006cf9ae9f79e1867"
                ],
                "subnet_id": ""
              }
            ],
            "placement": [],
            "ram_disk_id": "",
            "security_group_names": null,
            "tag_specifications": [],
            "tags": null,
            "tags_all": {},
            "update_default_version": null,
            "user_data": "IyEvYmluL2Jhc2gKc3VkbyBhcHQtZ2V0IHVwZGF0ZQpzdWRvIGFwdC1nZXQgaW5zdGFsbCAteSBhcGFjaGUyCmVjaG8gJ0hlbGxvIGZyb20gVGVycmFmb3JtJyA+IC92YXIvd3d3L2h0bWwvaW5kZXguaHRtbApzZXJ2aWNlIGh0dHBkIHN0YXJ0CgpzdWRvIGFwdC1nZXQgaW5zdGFsbCAteSBzdHJlc3MtbmcKCiMgc3VkbyBzdHJlc3MtbmcgLS1jcHUgMzIgLS10aW1lb3V0IDE4MCAtLW1ldHJpY3MtYnJpZWYK",
            "vpc_security_group_ids": null
          },
          "sensitive_attributes": [],
          "private": "bnVsbA==",
          "dependencies": [
            "aws_security_group.alb",
            "aws_security_group.autoscaling",
            "aws_vpc.this",
            "data.aws_ami.ubuntu"
          ]
        }
      ]
    },
    {
      "mode": "managed",
      "type": "aws_lb",
      "name": "this",
      "provider": "provider[\"registry.terraform.io/hashicorp/aws\"]",
      "instances": [
        {
          "schema_version": 0,
          "attributes": {
            "access_logs": [
              {
                "bucket": "",
                "enabled": false,
                "prefix": ""
              }
            ],
            "arn": "arn:aws:elasticloadbalancing:us-east-2:052776272001:loadbalancer/app/Terraform-ALB/33783c9d59f4b38e",
            "arn_suffix": "app/Terraform-ALB/33783c9d59f4b38e",
            "customer_owned_ipv4_pool": "",
            "dns_name": "Terraform-ALB-1496931731.us-east-2.elb.amazonaws.com",
            "drop_invalid_header_fields": false,
            "enable_cross_zone_load_balancing": null,
            "enable_deletion_protection": false,
            "enable_http2": true,
            "id": "arn:aws:elasticloadbalancing:us-east-2:052776272001:loadbalancer/app/Terraform-ALB/33783c9d59f4b38e",
            "idle_timeout": 60,
            "internal": false,
            "ip_address_type": "ipv4",
            "load_balancer_type": "application",
            "name": "Terraform-ALB",
            "name_prefix": null,
            "security_groups": [
              "sg-01e2d0d0ef08f85cf"
            ],
            "subnet_mapping": [
              {
                "allocation_id": "",
                "ipv6_address": "",
                "outpost_id": "",
                "private_ipv4_address": "",
                "subnet_id": "subnet-025718ae7162eb8c5"
              },
              {
                "allocation_id": "",
                "ipv6_address": "",
                "outpost_id": "",
                "private_ipv4_address": "",
                "subnet_id": "subnet-0a680c26af4edc9ca"
              }
            ],
            "subnets": [
              "subnet-025718ae7162eb8c5",
              "subnet-0a680c26af4edc9ca"
            ],
            "tags": {
              "CreatedAt": "2020-03-17",
              "ManagedBy": "Terraform",
              "Name": "Terraform ALB",
              "Owner": "Cleber Gasparoto",
              "Project": "Curso AWS com Terraform",
              "Service": "Auto Scaling App"
            },
            "tags_all": {
              "CreatedAt": "2020-03-17",
              "ManagedBy": "Terraform",
              "Name": "Terraform ALB",
              "Owner": "Cleber Gasparoto",
              "Project": "Curso AWS com Terraform",
              "Service": "Auto Scaling App"
            },
            "timeouts": null,
            "vpc_id": "vpc-04090ee7dcb915f9f",
            "zone_id": "Z3AADJGX6KTTL2"
          },
          "sensitive_attributes": [],
          "private": "eyJlMmJmYjczMC1lY2FhLTExZTYtOGY4OC0zNDM2M2JjN2M0YzAiOnsiY3JlYXRlIjo2MDAwMDAwMDAwMDAsImRlbGV0ZSI6NjAwMDAwMDAwMDAwLCJ1cGRhdGUiOjYwMDAwMDAwMDAwMH19",
          "dependencies": [
            "aws_security_group.alb",
            "aws_subnet.this",
            "aws_vpc.this"
          ]
        }
      ]
    },
    {
      "mode": "managed",
      "type": "aws_lb_listener",
      "name": "this",
      "provider": "provider[\"registry.terraform.io/hashicorp/aws\"]",
      "instances": [
        {
          "schema_version": 0,
          "attributes": {
            "alpn_policy": null,
            "arn": "arn:aws:elasticloadbalancing:us-east-2:052776272001:listener/app/Terraform-ALB/33783c9d59f4b38e/031adfa88425a26b",
            "certificate_arn": null,
            "default_action": [
              {
                "authenticate_cognito": [],
                "authenticate_oidc": [],
                "fixed_response": [],
                "forward": [],
                "order": 1,
                "redirect": [],
                "target_group_arn": "arn:aws:elasticloadbalancing:us-east-2:052776272001:targetgroup/ALB-TG/0620d5f4469a836a",
                "type": "forward"
              }
            ],
            "id": "arn:aws:elasticloadbalancing:us-east-2:052776272001:listener/app/Terraform-ALB/33783c9d59f4b38e/031adfa88425a26b",
            "load_balancer_arn": "arn:aws:elasticloadbalancing:us-east-2:052776272001:loadbalancer/app/Terraform-ALB/33783c9d59f4b38e",
            "port": 80,
            "protocol": "HTTP",
            "ssl_policy": "",
            "tags": null,
            "tags_all": {},
            "timeouts": null
          },
          "sensitive_attributes": [],
          "private": "eyJlMmJmYjczMC1lY2FhLTExZTYtOGY4OC0zNDM2M2JjN2M0YzAiOnsicmVhZCI6NjAwMDAwMDAwMDAwfX0=",
          "dependencies": [
            "aws_lb.this",
            "aws_lb_target_group.this",
            "aws_security_group.alb",
            "aws_subnet.this",
            "aws_vpc.this"
          ]
        }
      ]
    },
    {
      "mode": "managed",
      "type": "aws_lb_target_group",
      "name": "this",
      "provider": "provider[\"registry.terraform.io/hashicorp/aws\"]",
      "instances": [
        {
          "schema_version": 0,
          "attributes": {
            "arn": "arn:aws:elasticloadbalancing:us-east-2:052776272001:targetgroup/ALB-TG/0620d5f4469a836a",
            "arn_suffix": "targetgroup/ALB-TG/0620d5f4469a836a",
            "deregistration_delay": 300,
            "health_check": [
              {
                "enabled": true,
                "healthy_threshold": 2,
                "interval": 30,
                "matcher": "200",
                "path": "/",
                "port": "traffic-port",
                "protocol": "HTTP",
                "timeout": 5,
                "unhealthy_threshold": 3
              }
            ],
            "id": "arn:aws:elasticloadbalancing:us-east-2:052776272001:targetgroup/ALB-TG/0620d5f4469a836a",
            "lambda_multi_value_headers_enabled": false,
            "load_balancing_algorithm_type": "round_robin",
            "name": "ALB-TG",
            "name_prefix": null,
            "port": 80,
            "preserve_client_ip": null,
            "protocol": "HTTP",
            "protocol_version": "HTTP1",
            "proxy_protocol_v2": false,
            "slow_start": 0,
            "stickiness": [
              {
                "cookie_duration": 86400,
                "cookie_name": "",
                "enabled": false,
                "type": "lb_cookie"
              }
            ],
            "tags": null,
            "tags_all": {},
            "target_type": "instance",
            "vpc_id": "vpc-04090ee7dcb915f9f"
          },
          "sensitive_attributes": [],
          "private": "bnVsbA==",
          "dependencies": [
            "aws_vpc.this"
          ]
        }
      ]
    },
    {
      "mode": "managed",
      "type": "aws_route_table",
      "name": "private",
      "provider": "provider[\"registry.terraform.io/hashicorp/aws\"]",
      "instances": [
        {
          "schema_version": 0,
          "attributes": {
            "arn": "arn:aws:ec2:us-east-2:052776272001:route-table/rtb-03f6ae3bce12d0db8",
            "id": "rtb-03f6ae3bce12d0db8",
            "owner_id": "052776272001",
            "propagating_vgws": [],
            "route": [],
            "tags": {
              "CreatedAt": "2020-03-17",
              "ManagedBy": "Terraform",
              "Name": "Terraform Private",
              "Owner": "Cleber Gasparoto",
              "Project": "Curso AWS com Terraform",
              "Service": "Auto Scaling App"
            },
            "tags_all": {
              "CreatedAt": "2020-03-17",
              "ManagedBy": "Terraform",
              "Name": "Terraform Private",
              "Owner": "Cleber Gasparoto",
              "Project": "Curso AWS com Terraform",
              "Service": "Auto Scaling App"
            },
            "vpc_id": "vpc-04090ee7dcb915f9f"
          },
          "sensitive_attributes": [],
          "private": "bnVsbA==",
          "dependencies": [
            "aws_vpc.this"
          ]
        }
      ]
    },
    {
      "mode": "managed",
      "type": "aws_route_table",
      "name": "public",
      "provider": "provider[\"registry.terraform.io/hashicorp/aws\"]",
      "instances": [
        {
          "schema_version": 0,
          "attributes": {
            "arn": "arn:aws:ec2:us-east-2:052776272001:route-table/rtb-023e7ab16fd646954",
            "id": "rtb-023e7ab16fd646954",
            "owner_id": "052776272001",
            "propagating_vgws": [],
            "route": [
              {
                "carrier_gateway_id": "",
                "cidr_block": "0.0.0.0/0",
                "destination_prefix_list_id": "",
                "egress_only_gateway_id": "",
                "gateway_id": "igw-014f2f729e5d61ded",
                "instance_id": "",
                "ipv6_cidr_block": "",
                "local_gateway_id": "",
                "nat_gateway_id": "",
                "network_interface_id": "",
                "transit_gateway_id": "",
                "vpc_endpoint_id": "",
                "vpc_peering_connection_id": ""
              }
            ],
            "tags": {
              "CreatedAt": "2020-03-17",
              "ManagedBy": "Terraform",
              "Name": "Terraform Public",
              "Owner": "Cleber Gasparoto",
              "Project": "Curso AWS com Terraform",
              "Service": "Auto Scaling App"
            },
            "tags_all": {
              "CreatedAt": "2020-03-17",
              "ManagedBy": "Terraform",
              "Name": "Terraform Public",
              "Owner": "Cleber Gasparoto",
              "Project": "Curso AWS com Terraform",
              "Service": "Auto Scaling App"
            },
            "vpc_id": "vpc-04090ee7dcb915f9f"
          },
          "sensitive_attributes": [],
          "private": "bnVsbA==",
          "dependencies": [
            "aws_internet_gateway.this",
            "aws_vpc.this"
          ]
        }
      ]
    },
    {
      "mode": "managed",
      "type": "aws_route_table_association",
      "name": "this",
      "provider": "provider[\"registry.terraform.io/hashicorp/aws\"]",
      "instances": [
        {
          "index_key": "Private A",
          "schema_version": 0,
          "attributes": {
            "gateway_id": "",
            "id": "rtbassoc-028fd64c395e70ef7",
            "route_table_id": "rtb-03f6ae3bce12d0db8",
            "subnet_id": "subnet-04ddbbb1124c81bb5"
          },
          "sensitive_attributes": [],
          "private": "bnVsbA==",
          "dependencies": [
            "aws_internet_gateway.this",
            "aws_route_table.private",
            "aws_route_table.public",
            "aws_subnet.this",
            "aws_vpc.this"
          ]
        },
        {
          "index_key": "Private B",
          "schema_version": 0,
          "attributes": {
            "gateway_id": "",
            "id": "rtbassoc-0f7e84804c8d72233",
            "route_table_id": "rtb-03f6ae3bce12d0db8",
            "subnet_id": "subnet-03e7aebd0d7ff0abd"
          },
          "sensitive_attributes": [],
          "private": "bnVsbA==",
          "dependencies": [
            "aws_internet_gateway.this",
            "aws_route_table.private",
            "aws_route_table.public",
            "aws_subnet.this",
            "aws_vpc.this"
          ]
        },
        {
          "index_key": "Public A",
          "schema_version": 0,
          "attributes": {
            "gateway_id": "",
            "id": "rtbassoc-072de44bb72b7a063",
            "route_table_id": "rtb-023e7ab16fd646954",
            "subnet_id": "subnet-0a680c26af4edc9ca"
          },
          "sensitive_attributes": [],
          "private": "bnVsbA==",
          "dependencies": [
            "aws_internet_gateway.this",
            "aws_route_table.private",
            "aws_route_table.public",
            "aws_subnet.this",
            "aws_vpc.this"
          ]
        },
        {
          "index_key": "Public B",
          "schema_version": 0,
          "attributes": {
            "gateway_id": "",
            "id": "rtbassoc-03309239fb31d4757",
            "route_table_id": "rtb-023e7ab16fd646954",
            "subnet_id": "subnet-025718ae7162eb8c5"
          },
          "sensitive_attributes": [],
          "private": "bnVsbA==",
          "dependencies": [
            "aws_internet_gateway.this",
            "aws_route_table.private",
            "aws_route_table.public",
            "aws_subnet.this",
            "aws_vpc.this"
          ]
        }
      ]
    },
    {
      "mode": "managed",
      "type": "aws_security_group",
      "name": "alb",
      "provider": "provider[\"registry.terraform.io/hashicorp/aws\"]",
      "instances": [
        {
          "schema_version": 1,
          "attributes": {
            "arn": "arn:aws:ec2:us-east-2:052776272001:security-group/sg-01e2d0d0ef08f85cf",
            "description": "Load Balancer SG",
            "egress": [
              {
                "cidr_blocks": [
                  "0.0.0.0/0"
                ],
                "description": "",
                "from_port": 0,
                "ipv6_cidr_blocks": [],
                "prefix_list_ids": [],
                "protocol": "-1",
                "security_groups": [],
                "self": false,
                "to_port": 0
              }
            ],
            "id": "sg-01e2d0d0ef08f85cf",
            "ingress": [
              {
                "cidr_blocks": [
                  "0.0.0.0/0"
                ],
                "description": "",
                "from_port": 80,
                "ipv6_cidr_blocks": [],
                "prefix_list_ids": [],
                "protocol": "tcp",
                "security_groups": [],
                "self": false,
                "to_port": 80
              }
            ],
            "name": "ALB-SG",
            "name_prefix": "",
            "owner_id": "052776272001",
            "revoke_rules_on_delete": false,
            "tags": {
              "CreatedAt": "2020-03-17",
              "ManagedBy": "Terraform",
              "Name": "Load Balancer",
              "Owner": "Cleber Gasparoto",
              "Project": "Curso AWS com Terraform",
              "Service": "Auto Scaling App"
            },
            "tags_all": {
              "CreatedAt": "2020-03-17",
              "ManagedBy": "Terraform",
              "Name": "Load Balancer",
              "Owner": "Cleber Gasparoto",
              "Project": "Curso AWS com Terraform",
              "Service": "Auto Scaling App"
            },
            "timeouts": null,
            "vpc_id": "vpc-04090ee7dcb915f9f"
          },
          "sensitive_attributes": [],
          "private": "eyJlMmJmYjczMC1lY2FhLTExZTYtOGY4OC0zNDM2M2JjN2M0YzAiOnsiY3JlYXRlIjo2MDAwMDAwMDAwMDAsImRlbGV0ZSI6OTAwMDAwMDAwMDAwfSwic2NoZW1hX3ZlcnNpb24iOiIxIn0=",
          "dependencies": [
            "aws_vpc.this"
          ]
        }
      ]
    },
    {
      "mode": "managed",
      "type": "aws_security_group",
      "name": "autoscaling",
      "provider": "provider[\"registry.terraform.io/hashicorp/aws\"]",
      "instances": [
        {
          "schema_version": 1,
          "attributes": {
            "arn": "arn:aws:ec2:us-east-2:052776272001:security-group/sg-006cf9ae9f79e1867",
            "description": "Security group that allows ssh/http and all egress traffic",
            "egress": [
              {
                "cidr_blocks": [
                  "0.0.0.0/0"
                ],
                "description": "",
                "from_port": 0,
                "ipv6_cidr_blocks": [],
                "prefix_list_ids": [],
                "protocol": "-1",
                "security_groups": [],
                "self": false,
                "to_port": 0
              }
            ],
            "id": "sg-006cf9ae9f79e1867",
            "ingress": [
              {
                "cidr_blocks": [
                  "0.0.0.0/0"
                ],
                "description": "",
                "from_port": 22,
                "ipv6_cidr_blocks": [],
                "prefix_list_ids": [],
                "protocol": "tcp",
                "security_groups": [],
                "self": false,
                "to_port": 22
              },
              {
                "cidr_blocks": [],
                "description": "",
                "from_port": 80,
                "ipv6_cidr_blocks": [],
                "prefix_list_ids": [],
                "protocol": "tcp",
                "security_groups": [
                  "sg-01e2d0d0ef08f85cf"
                ],
                "self": false,
                "to_port": 80
              }
            ],
            "name": "autoscaling",
            "name_prefix": "",
            "owner_id": "052776272001",
            "revoke_rules_on_delete": false,
            "tags": {
              "CreatedAt": "2020-03-17",
              "ManagedBy": "Terraform",
              "Name": "Auto Scaling",
              "Owner": "Cleber Gasparoto",
              "Project": "Curso AWS com Terraform",
              "Service": "Auto Scaling App"
            },
            "tags_all": {
              "CreatedAt": "2020-03-17",
              "ManagedBy": "Terraform",
              "Name": "Auto Scaling",
              "Owner": "Cleber Gasparoto",
              "Project": "Curso AWS com Terraform",
              "Service": "Auto Scaling App"
            },
            "timeouts": null,
            "vpc_id": "vpc-04090ee7dcb915f9f"
          },
          "sensitive_attributes": [],
          "private": "eyJlMmJmYjczMC1lY2FhLTExZTYtOGY4OC0zNDM2M2JjN2M0YzAiOnsiY3JlYXRlIjo2MDAwMDAwMDAwMDAsImRlbGV0ZSI6OTAwMDAwMDAwMDAwfSwic2NoZW1hX3ZlcnNpb24iOiIxIn0=",
          "dependencies": [
            "aws_security_group.alb",
            "aws_vpc.this"
          ]
        }
      ]
    },
    {
      "mode": "managed",
      "type": "aws_security_group",
      "name": "db",
      "provider": "provider[\"registry.terraform.io/hashicorp/aws\"]",
      "instances": [
        {
          "schema_version": 1,
          "attributes": {
            "arn": "arn:aws:ec2:us-east-2:052776272001:security-group/sg-0bb467edf327caf40",
            "description": "Allow incoming database connections",
            "egress": [
              {
                "cidr_blocks": [
                  "0.0.0.0/0"
                ],
                "description": "",
                "from_port": 443,
                "ipv6_cidr_blocks": [],
                "prefix_list_ids": [],
                "protocol": "tcp",
                "security_groups": [],
                "self": false,
                "to_port": 443
              },
              {
                "cidr_blocks": [
                  "0.0.0.0/0"
                ],
                "description": "",
                "from_port": 80,
                "ipv6_cidr_blocks": [],
                "prefix_list_ids": [],
                "protocol": "tcp",
                "security_groups": [],
                "self": false,
                "to_port": 80
              }
            ],
            "id": "sg-0bb467edf327caf40",
            "ingress": [
              {
                "cidr_blocks": [
                  "192.168.0.0/16"
                ],
                "description": "",
                "from_port": -1,
                "ipv6_cidr_blocks": [],
                "prefix_list_ids": [],
                "protocol": "icmp",
                "security_groups": [],
                "self": false,
                "to_port": -1
              },
              {
                "cidr_blocks": [
                  "192.168.0.0/16"
                ],
                "description": "",
                "from_port": 22,
                "ipv6_cidr_blocks": [],
                "prefix_list_ids": [],
                "protocol": "tcp",
                "security_groups": [],
                "self": false,
                "to_port": 22
              },
              {
                "cidr_blocks": [],
                "description": "",
                "from_port": 3306,
                "ipv6_cidr_blocks": [],
                "prefix_list_ids": [],
                "protocol": "tcp",
                "security_groups": [
                  "sg-0889c6495835827ca"
                ],
                "self": false,
                "to_port": 3306
              }
            ],
            "name": "DB",
            "name_prefix": "",
            "owner_id": "052776272001",
            "revoke_rules_on_delete": false,
            "tags": {
              "CreatedAt": "2020-03-17",
              "ManagedBy": "Terraform",
              "Name": "Database MySQL",
              "Owner": "Cleber Gasparoto",
              "Project": "Curso AWS com Terraform",
              "Service": "Auto Scaling App"
            },
            "tags_all": {
              "CreatedAt": "2020-03-17",
              "ManagedBy": "Terraform",
              "Name": "Database MySQL",
              "Owner": "Cleber Gasparoto",
              "Project": "Curso AWS com Terraform",
              "Service": "Auto Scaling App"
            },
            "timeouts": null,
            "vpc_id": "vpc-04090ee7dcb915f9f"
          },
          "sensitive_attributes": [],
          "private": "eyJlMmJmYjczMC1lY2FhLTExZTYtOGY4OC0zNDM2M2JjN2M0YzAiOnsiY3JlYXRlIjo2MDAwMDAwMDAwMDAsImRlbGV0ZSI6OTAwMDAwMDAwMDAwfSwic2NoZW1hX3ZlcnNpb24iOiIxIn0=",
          "dependencies": [
            "aws_security_group.web",
            "aws_subnet.this",
            "aws_vpc.this"
          ]
        }
      ]
    },
    {
      "mode": "managed",
      "type": "aws_security_group",
      "name": "jenkins",
      "provider": "provider[\"registry.terraform.io/hashicorp/aws\"]",
      "instances": [
        {
          "schema_version": 1,
          "attributes": {
            "arn": "arn:aws:ec2:us-east-2:052776272001:security-group/sg-0670f30908ab5a3d3",
            "description": "Allow incoming connections to Jenkins machine",
            "egress": [
              {
                "cidr_blocks": [],
                "description": "",
                "from_port": 22,
                "ipv6_cidr_blocks": [],
                "prefix_list_ids": [],
                "protocol": "tcp",
                "security_groups": [
                  "sg-0889c6495835827ca"
                ],
                "self": false,
                "to_port": 22
              }
            ],
            "id": "sg-0670f30908ab5a3d3",
            "ingress": [
              {
                "cidr_blocks": [
                  "192.168.0.0/16"
                ],
                "description": "",
                "from_port": -1,
                "ipv6_cidr_blocks": [],
                "prefix_list_ids": [],
                "protocol": "icmp",
                "security_groups": [],
                "self": false,
                "to_port": -1
              },
              {
                "cidr_blocks": [
                  "192.168.0.0/16"
                ],
                "description": "",
                "from_port": 22,
                "ipv6_cidr_blocks": [],
                "prefix_list_ids": [],
                "protocol": "tcp",
                "security_groups": [],
                "self": false,
                "to_port": 22
              }
            ],
            "name": "Jenkins",
            "name_prefix": "",
            "owner_id": "052776272001",
            "revoke_rules_on_delete": false,
            "tags": {
              "CreatedAt": "2020-03-17",
              "ManagedBy": "Terraform",
              "Name": "Jenkins Machine",
              "Owner": "Cleber Gasparoto",
              "Project": "Curso AWS com Terraform",
              "Service": "Auto Scaling App"
            },
            "tags_all": {
              "CreatedAt": "2020-03-17",
              "ManagedBy": "Terraform",
              "Name": "Jenkins Machine",
              "Owner": "Cleber Gasparoto",
              "Project": "Curso AWS com Terraform",
              "Service": "Auto Scaling App"
            },
            "timeouts": null,
            "vpc_id": "vpc-04090ee7dcb915f9f"
          },
          "sensitive_attributes": [],
          "private": "eyJlMmJmYjczMC1lY2FhLTExZTYtOGY4OC0zNDM2M2JjN2M0YzAiOnsiY3JlYXRlIjo2MDAwMDAwMDAwMDAsImRlbGV0ZSI6OTAwMDAwMDAwMDAwfSwic2NoZW1hX3ZlcnNpb24iOiIxIn0=",
          "dependencies": [
            "aws_security_group.web",
            "aws_subnet.this",
            "aws_vpc.this"
          ]
        }
      ]
    },
    {
      "mode": "managed",
      "type": "aws_security_group",
      "name": "web",
      "provider": "provider[\"registry.terraform.io/hashicorp/aws\"]",
      "instances": [
        {
          "schema_version": 1,
          "attributes": {
            "arn": "arn:aws:ec2:us-east-2:052776272001:security-group/sg-0889c6495835827ca",
            "description": "Allow public inbound traffic",
            "egress": [
              {
                "cidr_blocks": [
                  "192.168.3.0/24"
                ],
                "description": "",
                "from_port": 3306,
                "ipv6_cidr_blocks": [],
                "prefix_list_ids": [],
                "protocol": "tcp",
                "security_groups": [],
                "self": false,
                "to_port": 3306
              }
            ],
            "id": "sg-0889c6495835827ca",
            "ingress": [
              {
                "cidr_blocks": [
                  "0.0.0.0/0"
                ],
                "description": "",
                "from_port": -1,
                "ipv6_cidr_blocks": [],
                "prefix_list_ids": [],
                "protocol": "icmp",
                "security_groups": [],
                "self": false,
                "to_port": -1
              },
              {
                "cidr_blocks": [
                  "0.0.0.0/0"
                ],
                "description": "",
                "from_port": 443,
                "ipv6_cidr_blocks": [],
                "prefix_list_ids": [],
                "protocol": "tcp",
                "security_groups": [],
                "self": false,
                "to_port": 443
              },
              {
                "cidr_blocks": [
                  "0.0.0.0/0"
                ],
                "description": "",
                "from_port": 80,
                "ipv6_cidr_blocks": [],
                "prefix_list_ids": [],
                "protocol": "tcp",
                "security_groups": [],
                "self": false,
                "to_port": 80
              }
            ],
            "name": "Web",
            "name_prefix": "",
            "owner_id": "052776272001",
            "revoke_rules_on_delete": false,
            "tags": {
              "CreatedAt": "2020-03-17",
              "ManagedBy": "Terraform",
              "Name": "Web Server",
              "Owner": "Cleber Gasparoto",
              "Project": "Curso AWS com Terraform",
              "Service": "Auto Scaling App"
            },
            "tags_all": {
              "CreatedAt": "2020-03-17",
              "ManagedBy": "Terraform",
              "Name": "Web Server",
              "Owner": "Cleber Gasparoto",
              "Project": "Curso AWS com Terraform",
              "Service": "Auto Scaling App"
            },
            "timeouts": null,
            "vpc_id": "vpc-04090ee7dcb915f9f"
          },
          "sensitive_attributes": [],
          "private": "eyJlMmJmYjczMC1lY2FhLTExZTYtOGY4OC0zNDM2M2JjN2M0YzAiOnsiY3JlYXRlIjo2MDAwMDAwMDAwMDAsImRlbGV0ZSI6OTAwMDAwMDAwMDAwfSwic2NoZW1hX3ZlcnNpb24iOiIxIn0=",
          "dependencies": [
            "aws_subnet.this",
            "aws_vpc.this"
          ]
        }
      ]
    },
    {
      "mode": "managed",
      "type": "aws_subnet",
      "name": "this",
      "provider": "provider[\"registry.terraform.io/hashicorp/aws\"]",
      "instances": [
        {
          "index_key": "pub_a",
          "schema_version": 1,
          "attributes": {
            "arn": "arn:aws:ec2:us-east-2:052776272001:subnet/subnet-0a680c26af4edc9ca",
            "assign_ipv6_address_on_creation": false,
            "availability_zone": "us-east-2a",
            "availability_zone_id": "use2-az1",
            "cidr_block": "192.168.1.0/24",
            "customer_owned_ipv4_pool": "",
            "id": "subnet-0a680c26af4edc9ca",
            "ipv6_cidr_block": "",
            "ipv6_cidr_block_association_id": "",
            "map_customer_owned_ip_on_launch": false,
            "map_public_ip_on_launch": false,
            "outpost_arn": "",
            "owner_id": "052776272001",
            "tags": {
              "CreatedAt": "2020-03-17",
              "ManagedBy": "Terraform",
              "Name": "Public A",
              "Owner": "Cleber Gasparoto",
              "Project": "Curso AWS com Terraform",
              "Service": "Auto Scaling App"
            },
            "tags_all": {
              "CreatedAt": "2020-03-17",
              "ManagedBy": "Terraform",
              "Name": "Public A",
              "Owner": "Cleber Gasparoto",
              "Project": "Curso AWS com Terraform",
              "Service": "Auto Scaling App"
            },
            "timeouts": null,
            "vpc_id": "vpc-04090ee7dcb915f9f"
          },
          "sensitive_attributes": [],
          "private": "eyJlMmJmYjczMC1lY2FhLTExZTYtOGY4OC0zNDM2M2JjN2M0YzAiOnsiY3JlYXRlIjo2MDAwMDAwMDAwMDAsImRlbGV0ZSI6MTIwMDAwMDAwMDAwMH0sInNjaGVtYV92ZXJzaW9uIjoiMSJ9",
          "dependencies": [
            "aws_vpc.this"
          ]
        },
        {
          "index_key": "pub_b",
          "schema_version": 1,
          "attributes": {
            "arn": "arn:aws:ec2:us-east-2:052776272001:subnet/subnet-025718ae7162eb8c5",
            "assign_ipv6_address_on_creation": false,
            "availability_zone": "us-east-2b",
            "availability_zone_id": "use2-az2",
            "cidr_block": "192.168.2.0/24",
            "customer_owned_ipv4_pool": "",
            "id": "subnet-025718ae7162eb8c5",
            "ipv6_cidr_block": "",
            "ipv6_cidr_block_association_id": "",
            "map_customer_owned_ip_on_launch": false,
            "map_public_ip_on_launch": false,
            "outpost_arn": "",
            "owner_id": "052776272001",
            "tags": {
              "CreatedAt": "2020-03-17",
              "ManagedBy": "Terraform",
              "Name": "Public B",
              "Owner": "Cleber Gasparoto",
              "Project": "Curso AWS com Terraform",
              "Service": "Auto Scaling App"
            },
            "tags_all": {
              "CreatedAt": "2020-03-17",
              "ManagedBy": "Terraform",
              "Name": "Public B",
              "Owner": "Cleber Gasparoto",
              "Project": "Curso AWS com Terraform",
              "Service": "Auto Scaling App"
            },
            "timeouts": null,
            "vpc_id": "vpc-04090ee7dcb915f9f"
          },
          "sensitive_attributes": [],
          "private": "eyJlMmJmYjczMC1lY2FhLTExZTYtOGY4OC0zNDM2M2JjN2M0YzAiOnsiY3JlYXRlIjo2MDAwMDAwMDAwMDAsImRlbGV0ZSI6MTIwMDAwMDAwMDAwMH0sInNjaGVtYV92ZXJzaW9uIjoiMSJ9",
          "dependencies": [
            "aws_vpc.this"
          ]
        },
        {
          "index_key": "pvt_a",
          "schema_version": 1,
          "attributes": {
            "arn": "arn:aws:ec2:us-east-2:052776272001:subnet/subnet-04ddbbb1124c81bb5",
            "assign_ipv6_address_on_creation": false,
            "availability_zone": "us-east-2a",
            "availability_zone_id": "use2-az1",
            "cidr_block": "192.168.3.0/24",
            "customer_owned_ipv4_pool": "",
            "id": "subnet-04ddbbb1124c81bb5",
            "ipv6_cidr_block": "",
            "ipv6_cidr_block_association_id": "",
            "map_customer_owned_ip_on_launch": false,
            "map_public_ip_on_launch": false,
            "outpost_arn": "",
            "owner_id": "052776272001",
            "tags": {
              "CreatedAt": "2020-03-17",
              "ManagedBy": "Terraform",
              "Name": "Private A",
              "Owner": "Cleber Gasparoto",
              "Project": "Curso AWS com Terraform",
              "Service": "Auto Scaling App"
            },
            "tags_all": {
              "CreatedAt": "2020-03-17",
              "ManagedBy": "Terraform",
              "Name": "Private A",
              "Owner": "Cleber Gasparoto",
              "Project": "Curso AWS com Terraform",
              "Service": "Auto Scaling App"
            },
            "timeouts": null,
            "vpc_id": "vpc-04090ee7dcb915f9f"
          },
          "sensitive_attributes": [],
          "private": "eyJlMmJmYjczMC1lY2FhLTExZTYtOGY4OC0zNDM2M2JjN2M0YzAiOnsiY3JlYXRlIjo2MDAwMDAwMDAwMDAsImRlbGV0ZSI6MTIwMDAwMDAwMDAwMH0sInNjaGVtYV92ZXJzaW9uIjoiMSJ9",
          "dependencies": [
            "aws_vpc.this"
          ]
        },
        {
          "index_key": "pvt_b",
          "schema_version": 1,
          "attributes": {
            "arn": "arn:aws:ec2:us-east-2:052776272001:subnet/subnet-03e7aebd0d7ff0abd",
            "assign_ipv6_address_on_creation": false,
            "availability_zone": "us-east-2b",
            "availability_zone_id": "use2-az2",
            "cidr_block": "192.168.4.0/24",
            "customer_owned_ipv4_pool": "",
            "id": "subnet-03e7aebd0d7ff0abd",
            "ipv6_cidr_block": "",
            "ipv6_cidr_block_association_id": "",
            "map_customer_owned_ip_on_launch": false,
            "map_public_ip_on_launch": false,
            "outpost_arn": "",
            "owner_id": "052776272001",
            "tags": {
              "CreatedAt": "2020-03-17",
              "ManagedBy": "Terraform",
              "Name": "Private B",
              "Owner": "Cleber Gasparoto",
              "Project": "Curso AWS com Terraform",
              "Service": "Auto Scaling App"
            },
            "tags_all": {
              "CreatedAt": "2020-03-17",
              "ManagedBy": "Terraform",
              "Name": "Private B",
              "Owner": "Cleber Gasparoto",
              "Project": "Curso AWS com Terraform",
              "Service": "Auto Scaling App"
            },
            "timeouts": null,
            "vpc_id": "vpc-04090ee7dcb915f9f"
          },
          "sensitive_attributes": [],
          "private": "eyJlMmJmYjczMC1lY2FhLTExZTYtOGY4OC0zNDM2M2JjN2M0YzAiOnsiY3JlYXRlIjo2MDAwMDAwMDAwMDAsImRlbGV0ZSI6MTIwMDAwMDAwMDAwMH0sInNjaGVtYV92ZXJzaW9uIjoiMSJ9",
          "dependencies": [
            "aws_vpc.this"
          ]
        }
      ]
    },
    {
      "mode": "managed",
      "type": "aws_vpc",
      "name": "this",
      "provider": "provider[\"registry.terraform.io/hashicorp/aws\"]",
      "instances": [
        {
          "schema_version": 1,
          "attributes": {
            "arn": "arn:aws:ec2:us-east-2:052776272001:vpc/vpc-04090ee7dcb915f9f",
            "assign_generated_ipv6_cidr_block": false,
            "cidr_block": "192.168.0.0/16",
            "default_network_acl_id": "acl-09cc49c6c087f80b2",
            "default_route_table_id": "rtb-02ca7ef4a9a84c7ae",
            "default_security_group_id": "sg-07fb97f9f3917df48",
            "dhcp_options_id": "dopt-5513733e",
            "enable_classiclink": null,
            "enable_classiclink_dns_support": null,
            "enable_dns_hostnames": false,
            "enable_dns_support": true,
            "id": "vpc-04090ee7dcb915f9f",
            "instance_tenancy": "default",
            "ipv6_association_id": "",
            "ipv6_cidr_block": "",
            "main_route_table_id": "rtb-02ca7ef4a9a84c7ae",
            "owner_id": "052776272001",
            "tags": {
              "CreatedAt": "2020-03-17",
              "ManagedBy": "Terraform",
              "Name": "Terraform VPC ",
              "Owner": "Cleber Gasparoto",
              "Project": "Curso AWS com Terraform",
              "Service": "Auto Scaling App"
            },
            "tags_all": {
              "CreatedAt": "2020-03-17",
              "ManagedBy": "Terraform",
              "Name": "Terraform VPC ",
              "Owner": "Cleber Gasparoto",
              "Project": "Curso AWS com Terraform",
              "Service": "Auto Scaling App"
            }
          },
          "sensitive_attributes": [],
          "private": "eyJzY2hlbWFfdmVyc2lvbiI6IjEifQ=="
        }
      ]
    }
  ]
}
