{
  "version": 4,
  "terraform_version": "1.0.6",
  "serial": 29,
  "lineage": "e64d7b06-2fff-599b-313d-b4c8dc77dbfc",
  "outputs": {
    "private_subnets": {
      "value": [
        "subnet-0f87c2da942b5dd32",
        "subnet-0969de16be89002f9"
      ],
      "type": [
        "tuple",
        [
          "string",
          "string"
        ]
      ]
    },
    "public_subnets": {
      "value": [
        "subnet-09e901828eeed0a10",
        "subnet-04eb96cc9d3c05536"
      ],
      "type": [
        "tuple",
        [
          "string",
          "string"
        ]
      ]
    },
    "vpc_id": {
      "value": "vpc-01fe014b0b3442bda",
      "type": "string"
    }
  },
  "resources": [
    {
      "module": "module.jenkins",
      "mode": "data",
      "type": "aws_ami",
      "name": "jk",
      "provider": "module.jenkins.provider[\"registry.terraform.io/hashicorp/aws\"]",
      "instances": [
        {
          "schema_version": 0,
          "attributes": {
            "architecture": "x86_64",
            "arn": "arn:aws:ec2:us-east-2::image/ami-01685d240b8fbbfeb",
            "block_device_mappings": [
              {
                "device_name": "/dev/sda1",
                "ebs": {
                  "delete_on_termination": "true",
                  "encrypted": "false",
                  "iops": "0",
                  "snapshot_id": "snap-0fb4d0b01079b40bf",
                  "throughput": "0",
                  "volume_size": "8",
                  "volume_type": "gp2"
                },
                "no_device": "",
                "virtual_name": ""
              },
              {
                "device_name": "/dev/sdb",
                "ebs": {},
                "no_device": "",
                "virtual_name": "ephemeral0"
              },
              {
                "device_name": "/dev/sdc",
                "ebs": {},
                "no_device": "",
                "virtual_name": "ephemeral1"
              }
            ],
            "creation_date": "2021-07-22T12:11:22.000Z",
            "description": "Canonical, Ubuntu, 16.04 LTS, amd64 xenial image build on 2021-07-21",
            "ena_support": true,
            "executable_users": null,
            "filter": [
              {
                "name": "name",
                "values": [
                  "ubuntu/images/hvm-ssd/ubuntu-xenial-16.04-amd64-server-*"
                ]
              },
              {
                "name": "virtualization-type",
                "values": [
                  "hvm"
                ]
              }
            ],
            "hypervisor": "xen",
            "id": "ami-01685d240b8fbbfeb",
            "image_id": "ami-01685d240b8fbbfeb",
            "image_location": "099720109477/ubuntu/images/hvm-ssd/ubuntu-xenial-16.04-amd64-server-20210721",
            "image_owner_alias": null,
            "image_type": "machine",
            "kernel_id": null,
            "most_recent": true,
            "name": "ubuntu/images/hvm-ssd/ubuntu-xenial-16.04-amd64-server-20210721",
            "name_regex": null,
            "owner_id": "099720109477",
            "owners": [
              "099720109477"
            ],
            "platform": null,
            "platform_details": "Linux/UNIX",
            "product_codes": [],
            "public": true,
            "ramdisk_id": null,
            "root_device_name": "/dev/sda1",
            "root_device_type": "ebs",
            "root_snapshot_id": "snap-0fb4d0b01079b40bf",
            "sriov_net_support": "simple",
            "state": "available",
            "state_reason": {
              "code": "UNSET",
              "message": "UNSET"
            },
            "tags": {},
            "usage_operation": "RunInstances",
            "virtualization_type": "hvm"
          },
          "sensitive_attributes": []
        }
      ]
    },
    {
      "module": "module.jenkins",
      "mode": "data",
      "type": "aws_ami",
      "name": "ubuntu",
      "provider": "module.jenkins.provider[\"registry.terraform.io/hashicorp/aws\"]",
      "instances": [
        {
          "schema_version": 0,
          "attributes": {
            "architecture": "x86_64",
            "arn": "arn:aws:ec2:us-east-2::image/ami-01685d240b8fbbfeb",
            "block_device_mappings": [
              {
                "device_name": "/dev/sda1",
                "ebs": {
                  "delete_on_termination": "true",
                  "encrypted": "false",
                  "iops": "0",
                  "snapshot_id": "snap-0fb4d0b01079b40bf",
                  "throughput": "0",
                  "volume_size": "8",
                  "volume_type": "gp2"
                },
                "no_device": "",
                "virtual_name": ""
              },
              {
                "device_name": "/dev/sdb",
                "ebs": {},
                "no_device": "",
                "virtual_name": "ephemeral0"
              },
              {
                "device_name": "/dev/sdc",
                "ebs": {},
                "no_device": "",
                "virtual_name": "ephemeral1"
              }
            ],
            "creation_date": "2021-07-22T12:11:22.000Z",
            "description": "Canonical, Ubuntu, 16.04 LTS, amd64 xenial image build on 2021-07-21",
            "ena_support": true,
            "executable_users": null,
            "filter": [
              {
                "name": "name",
                "values": [
                  "ubuntu/images/hvm-ssd/ubuntu-xenial-16.04-amd64-server-*"
                ]
              },
              {
                "name": "virtualization-type",
                "values": [
                  "hvm"
                ]
              }
            ],
            "hypervisor": "xen",
            "id": "ami-01685d240b8fbbfeb",
            "image_id": "ami-01685d240b8fbbfeb",
            "image_location": "099720109477/ubuntu/images/hvm-ssd/ubuntu-xenial-16.04-amd64-server-20210721",
            "image_owner_alias": null,
            "image_type": "machine",
            "kernel_id": null,
            "most_recent": true,
            "name": "ubuntu/images/hvm-ssd/ubuntu-xenial-16.04-amd64-server-20210721",
            "name_regex": null,
            "owner_id": "099720109477",
            "owners": [
              "099720109477"
            ],
            "platform": null,
            "platform_details": "Linux/UNIX",
            "product_codes": [],
            "public": true,
            "ramdisk_id": null,
            "root_device_name": "/dev/sda1",
            "root_device_type": "ebs",
            "root_snapshot_id": "snap-0fb4d0b01079b40bf",
            "sriov_net_support": "simple",
            "state": "available",
            "state_reason": {
              "code": "UNSET",
              "message": "UNSET"
            },
            "tags": {},
            "usage_operation": "RunInstances",
            "virtualization_type": "hvm"
          },
          "sensitive_attributes": []
        }
      ]
    },
    {
      "module": "module.jenkins.module.jenkins_master_sg",
      "mode": "managed",
      "type": "aws_security_group",
      "name": "this_name_prefix",
      "provider": "module.jenkins.provider[\"registry.terraform.io/hashicorp/aws\"]",
      "instances": [
        {
          "index_key": 0,
          "schema_version": 1,
          "attributes": {
            "arn": "arn:aws:ec2:us-east-2:052776272001:security-group/sg-01bfe935caaea66c4",
            "description": "Security group that allows Jenkins master access only and all egress traffic",
            "egress": [],
            "id": "sg-01bfe935caaea66c4",
            "ingress": [],
            "name": "jenkins-master-sg-20210921122528620600000002",
            "name_prefix": "jenkins-master-sg-",
            "owner_id": "052776272001",
            "revoke_rules_on_delete": false,
            "tags": {
              "Name": "jenkins-master-sg",
              "Terraform": "true"
            },
            "tags_all": {
              "Name": "jenkins-master-sg",
              "Terraform": "true"
            },
            "timeouts": null,
            "vpc_id": "vpc-01fe014b0b3442bda"
          },
          "sensitive_attributes": [],
          "private": "eyJlMmJmYjczMC1lY2FhLTExZTYtOGY4OC0zNDM2M2JjN2M0YzAiOnsiY3JlYXRlIjo2MDAwMDAwMDAwMDAsImRlbGV0ZSI6OTAwMDAwMDAwMDAwfSwic2NoZW1hX3ZlcnNpb24iOiIxIn0=",
          "dependencies": [
            "module.jenkins.module.vpcjk.aws_vpc.this"
          ],
          "create_before_destroy": true
        }
      ]
    },
    {
      "module": "module.jenkins.module.jenkins_master_sg",
      "mode": "managed",
      "type": "aws_security_group_rule",
      "name": "egress_with_cidr_blocks",
      "provider": "module.jenkins.provider[\"registry.terraform.io/hashicorp/aws\"]",
      "instances": [
        {
          "index_key": 0,
          "schema_version": 2,
          "attributes": {
            "cidr_blocks": [
              "0.0.0.0/0"
            ],
            "description": "Internet",
            "from_port": 0,
            "id": "sgrule-1285805407",
            "ipv6_cidr_blocks": null,
            "prefix_list_ids": [],
            "protocol": "-1",
            "security_group_id": "sg-01bfe935caaea66c4",
            "self": false,
            "source_security_group_id": null,
            "to_port": 0,
            "type": "egress"
          },
          "sensitive_attributes": [],
          "private": "eyJzY2hlbWFfdmVyc2lvbiI6IjIifQ==",
          "dependencies": [
            "module.jenkins.module.jenkins_master_sg.aws_security_group.this",
            "module.jenkins.module.jenkins_master_sg.aws_security_group.this_name_prefix",
            "module.jenkins.module.vpcjk.aws_vpc.this"
          ]
        }
      ]
    },
    {
      "module": "module.jenkins.module.jenkins_master_sg",
      "mode": "managed",
      "type": "aws_security_group_rule",
      "name": "ingress_with_cidr_blocks",
      "provider": "module.jenkins.provider[\"registry.terraform.io/hashicorp/aws\"]",
      "instances": [
        {
          "index_key": 0,
          "schema_version": 2,
          "attributes": {
            "cidr_blocks": [
              "10.0.2.0/24"
            ],
            "description": "From internet",
            "from_port": 80,
            "id": "sgrule-1957336155",
            "ipv6_cidr_blocks": null,
            "prefix_list_ids": [],
            "protocol": "tcp",
            "security_group_id": "sg-01bfe935caaea66c4",
            "self": false,
            "source_security_group_id": null,
            "to_port": 80,
            "type": "ingress"
          },
          "sensitive_attributes": [],
          "private": "eyJzY2hlbWFfdmVyc2lvbiI6IjIifQ==",
          "dependencies": [
            "module.jenkins.module.jenkins_master_sg.aws_security_group.this",
            "module.jenkins.module.jenkins_master_sg.aws_security_group.this_name_prefix",
            "module.jenkins.module.vpcjk.aws_vpc.this"
          ]
        },
        {
          "index_key": 1,
          "schema_version": 2,
          "attributes": {
            "cidr_blocks": [
              "10.0.2.0/24"
            ],
            "description": "From internet default jenkins port",
            "from_port": 8080,
            "id": "sgrule-3517674312",
            "ipv6_cidr_blocks": null,
            "prefix_list_ids": [],
            "protocol": "tcp",
            "security_group_id": "sg-01bfe935caaea66c4",
            "self": false,
            "source_security_group_id": null,
            "to_port": 8080,
            "type": "ingress"
          },
          "sensitive_attributes": [],
          "private": "eyJzY2hlbWFfdmVyc2lvbiI6IjIifQ==",
          "dependencies": [
            "module.jenkins.module.jenkins_master_sg.aws_security_group.this",
            "module.jenkins.module.jenkins_master_sg.aws_security_group.this_name_prefix",
            "module.jenkins.module.vpcjk.aws_vpc.this"
          ]
        },
        {
          "index_key": 2,
          "schema_version": 2,
          "attributes": {
            "cidr_blocks": [
              "10.0.2.0/24"
            ],
            "description": "From internet https",
            "from_port": 443,
            "id": "sgrule-3713414000",
            "ipv6_cidr_blocks": null,
            "prefix_list_ids": [],
            "protocol": "tcp",
            "security_group_id": "sg-01bfe935caaea66c4",
            "self": false,
            "source_security_group_id": null,
            "to_port": 443,
            "type": "ingress"
          },
          "sensitive_attributes": [],
          "private": "eyJzY2hlbWFfdmVyc2lvbiI6IjIifQ==",
          "dependencies": [
            "module.jenkins.module.jenkins_master_sg.aws_security_group.this",
            "module.jenkins.module.jenkins_master_sg.aws_security_group.this_name_prefix",
            "module.jenkins.module.vpcjk.aws_vpc.this"
          ]
        },
        {
          "index_key": 3,
          "schema_version": 2,
          "attributes": {
            "cidr_blocks": [
              "10.0.2.0/24"
            ],
            "description": "From internet ssh",
            "from_port": 22,
            "id": "sgrule-4173485413",
            "ipv6_cidr_blocks": null,
            "prefix_list_ids": [],
            "protocol": "tcp",
            "security_group_id": "sg-01bfe935caaea66c4",
            "self": false,
            "source_security_group_id": null,
            "to_port": 22,
            "type": "ingress"
          },
          "sensitive_attributes": [],
          "private": "eyJzY2hlbWFfdmVyc2lvbiI6IjIifQ==",
          "dependencies": [
            "module.jenkins.module.jenkins_master_sg.aws_security_group.this",
            "module.jenkins.module.jenkins_master_sg.aws_security_group.this_name_prefix",
            "module.jenkins.module.vpcjk.aws_vpc.this"
          ]
        }
      ]
    },
    {
      "module": "module.jenkins.module.jenkins_slaves_sg",
      "mode": "managed",
      "type": "aws_security_group",
      "name": "this_name_prefix",
      "provider": "module.jenkins.provider[\"registry.terraform.io/hashicorp/aws\"]",
      "instances": [
        {
          "index_key": 0,
          "schema_version": 1,
          "attributes": {
            "arn": "arn:aws:ec2:us-east-2:052776272001:security-group/sg-0ba760dab0d913952",
            "description": "Security group that allows Jenkins master subnet access (for monitoring later) and all egress traffic",
            "egress": [],
            "id": "sg-0ba760dab0d913952",
            "ingress": [],
            "name": "jenkins-slaves-sg-20210921122528616600000001",
            "name_prefix": "jenkins-slaves-sg-",
            "owner_id": "052776272001",
            "revoke_rules_on_delete": false,
            "tags": {
              "Name": "jenkins-slaves-sg",
              "Terraform": "true"
            },
            "tags_all": {
              "Name": "jenkins-slaves-sg",
              "Terraform": "true"
            },
            "timeouts": null,
            "vpc_id": "vpc-01fe014b0b3442bda"
          },
          "sensitive_attributes": [],
          "private": "eyJlMmJmYjczMC1lY2FhLTExZTYtOGY4OC0zNDM2M2JjN2M0YzAiOnsiY3JlYXRlIjo2MDAwMDAwMDAwMDAsImRlbGV0ZSI6OTAwMDAwMDAwMDAwfSwic2NoZW1hX3ZlcnNpb24iOiIxIn0=",
          "dependencies": [
            "module.jenkins.module.vpcjk.aws_vpc.this"
          ],
          "create_before_destroy": true
        }
      ]
    },
    {
      "module": "module.jenkins.module.jenkins_slaves_sg",
      "mode": "managed",
      "type": "aws_security_group_rule",
      "name": "egress_with_cidr_blocks",
      "provider": "module.jenkins.provider[\"registry.terraform.io/hashicorp/aws\"]",
      "instances": [
        {
          "index_key": 0,
          "schema_version": 2,
          "attributes": {
            "cidr_blocks": [
              "0.0.0.0/0"
            ],
            "description": "Internet",
            "from_port": 0,
            "id": "sgrule-378394319",
            "ipv6_cidr_blocks": null,
            "prefix_list_ids": [],
            "protocol": "-1",
            "security_group_id": "sg-0ba760dab0d913952",
            "self": false,
            "source_security_group_id": null,
            "to_port": 0,
            "type": "egress"
          },
          "sensitive_attributes": [],
          "private": "eyJzY2hlbWFfdmVyc2lvbiI6IjIifQ==",
          "dependencies": [
            "module.jenkins.module.jenkins_slaves_sg.aws_security_group.this",
            "module.jenkins.module.jenkins_slaves_sg.aws_security_group.this_name_prefix",
            "module.jenkins.module.vpcjk.aws_vpc.this"
          ]
        }
      ]
    },
    {
      "module": "module.jenkins.module.jenkins_slaves_sg",
      "mode": "managed",
      "type": "aws_security_group_rule",
      "name": "ingress_with_cidr_blocks",
      "provider": "module.jenkins.provider[\"registry.terraform.io/hashicorp/aws\"]",
      "instances": [
        {
          "index_key": 0,
          "schema_version": 2,
          "attributes": {
            "cidr_blocks": [
              "10.0.4.0/24"
            ],
            "description": "From the office only",
            "from_port": 22,
            "id": "sgrule-141365998",
            "ipv6_cidr_blocks": null,
            "prefix_list_ids": [],
            "protocol": "tcp",
            "security_group_id": "sg-0ba760dab0d913952",
            "self": false,
            "source_security_group_id": null,
            "to_port": 22,
            "type": "ingress"
          },
          "sensitive_attributes": [],
          "private": "eyJzY2hlbWFfdmVyc2lvbiI6IjIifQ==",
          "dependencies": [
            "module.jenkins.module.jenkins_slaves_sg.aws_security_group.this",
            "module.jenkins.module.jenkins_slaves_sg.aws_security_group.this_name_prefix",
            "module.jenkins.module.vpcjk.aws_vpc.this"
          ]
        },
        {
          "index_key": 1,
          "schema_version": 2,
          "attributes": {
            "cidr_blocks": [
              "10.0.4.0/24"
            ],
            "description": "JNLP from Jenkins master",
            "from_port": 49187,
            "id": "sgrule-1591895516",
            "ipv6_cidr_blocks": null,
            "prefix_list_ids": [],
            "protocol": "tcp",
            "security_group_id": "sg-0ba760dab0d913952",
            "self": false,
            "source_security_group_id": null,
            "to_port": 49187,
            "type": "ingress"
          },
          "sensitive_attributes": [],
          "private": "eyJzY2hlbWFfdmVyc2lvbiI6IjIifQ==",
          "dependencies": [
            "module.jenkins.module.jenkins_slaves_sg.aws_security_group.this",
            "module.jenkins.module.jenkins_slaves_sg.aws_security_group.this_name_prefix",
            "module.jenkins.module.vpcjk.aws_vpc.this"
          ]
        }
      ]
    },
    {
      "module": "module.jenkins.module.jmaster_instance",
      "mode": "managed",
      "type": "aws_instance",
      "name": "this",
      "provider": "module.jenkins.provider[\"registry.terraform.io/hashicorp/aws\"]",
      "instances": [
        {
          "index_key": 0,
          "schema_version": 1,
          "attributes": {
            "ami": "ami-01685d240b8fbbfeb",
            "arn": "arn:aws:ec2:us-east-2:052776272001:instance/i-0d03fd2fb452bda4b",
            "associate_public_ip_address": true,
            "availability_zone": "us-east-2b",
            "capacity_reservation_specification": [
              {
                "capacity_reservation_preference": "open",
                "capacity_reservation_target": []
              }
            ],
            "cpu_core_count": 1,
            "cpu_threads_per_core": 1,
            "credit_specification": [
              {
                "cpu_credits": "standard"
              }
            ],
            "disable_api_termination": false,
            "ebs_block_device": [],
            "ebs_optimized": false,
            "enclave_options": [
              {
                "enabled": false
              }
            ],
            "ephemeral_block_device": [],
            "get_password_data": false,
            "hibernation": false,
            "host_id": null,
            "iam_instance_profile": "",
            "id": "i-0d03fd2fb452bda4b",
            "instance_initiated_shutdown_behavior": "stop",
            "instance_state": "running",
            "instance_type": "t2.micro",
            "ipv6_address_count": 0,
            "ipv6_addresses": [],
            "key_name": "vieskovtf",
            "launch_template": [],
            "metadata_options": [
              {
                "http_endpoint": "enabled",
                "http_put_response_hop_limit": 1,
                "http_tokens": "optional"
              }
            ],
            "monitoring": true,
            "network_interface": [],
            "outpost_arn": "",
            "password_data": "",
            "placement_group": "",
            "primary_network_interface_id": "eni-080d8a6dcf50de13a",
            "private_dns": "ip-10-0-2-223.us-east-2.compute.internal",
            "private_ip": "10.0.2.223",
            "public_dns": "ec2-18-188-26-65.us-east-2.compute.amazonaws.com",
            "public_ip": "18.188.26.65",
            "root_block_device": [
              {
                "delete_on_termination": true,
                "device_name": "/dev/sda1",
                "encrypted": false,
                "iops": 100,
                "kms_key_id": "",
                "tags": {},
                "throughput": 0,
                "volume_id": "vol-085292156ecbf098b",
                "volume_size": 8,
                "volume_type": "gp2"
              }
            ],
            "secondary_private_ips": [],
            "security_groups": [],
            "source_dest_check": true,
            "subnet_id": "subnet-04eb96cc9d3c05536",
            "tags": {
              "Environment": "jenkins-master",
              "Name": "jenkins-master",
              "Terraform": "true"
            },
            "tags_all": {
              "Environment": "jenkins-master",
              "Name": "jenkins-master",
              "Terraform": "true"
            },
            "tenancy": "default",
            "timeouts": {
              "create": null,
              "delete": null,
              "update": null
            },
            "user_data": "93bad2ae003b014cfa22ce74a371591affdf8072",
            "user_data_base64": null,
            "volume_tags": {
              "Name": "jenkins-master"
            },
            "vpc_security_group_ids": [
              "sg-01bfe935caaea66c4"
            ]
          },
          "sensitive_attributes": [],
          "private": "eyJlMmJmYjczMC1lY2FhLTExZTYtOGY4OC0zNDM2M2JjN2M0YzAiOnsiY3JlYXRlIjo2MDAwMDAwMDAwMDAsImRlbGV0ZSI6MTIwMDAwMDAwMDAwMCwidXBkYXRlIjo2MDAwMDAwMDAwMDB9LCJzY2hlbWFfdmVyc2lvbiI6IjEifQ==",
          "dependencies": [
            "module.jenkins.data.aws_ami.ubuntu",
            "module.jenkins.module.jenkins_master_sg.aws_security_group.this",
            "module.jenkins.module.jenkins_master_sg.aws_security_group.this_name_prefix",
            "module.jenkins.module.vpcjk.aws_subnet.public",
            "module.jenkins.module.vpcjk.aws_vpc.this",
            "module.jenkins.module.vpcjk.aws_vpc_ipv4_cidr_block_association.this"
          ]
        }
      ]
    },
    {
      "module": "module.jenkins.module.jslave_instance",
      "mode": "managed",
      "type": "aws_instance",
      "name": "this",
      "provider": "module.jenkins.provider[\"registry.terraform.io/hashicorp/aws\"]",
      "instances": [
        {
          "index_key": 0,
          "schema_version": 1,
          "attributes": {
            "ami": "ami-01685d240b8fbbfeb",
            "arn": "arn:aws:ec2:us-east-2:052776272001:instance/i-01478a9144c74a9cf",
            "associate_public_ip_address": false,
            "availability_zone": "us-east-2b",
            "capacity_reservation_specification": [
              {
                "capacity_reservation_preference": "open",
                "capacity_reservation_target": []
              }
            ],
            "cpu_core_count": 1,
            "cpu_threads_per_core": 1,
            "credit_specification": [
              {
                "cpu_credits": "standard"
              }
            ],
            "disable_api_termination": false,
            "ebs_block_device": [],
            "ebs_optimized": false,
            "enclave_options": [
              {
                "enabled": false
              }
            ],
            "ephemeral_block_device": [],
            "get_password_data": false,
            "hibernation": false,
            "host_id": null,
            "iam_instance_profile": "",
            "id": "i-01478a9144c74a9cf",
            "instance_initiated_shutdown_behavior": "stop",
            "instance_state": "running",
            "instance_type": "t2.micro",
            "ipv6_address_count": 0,
            "ipv6_addresses": [],
            "key_name": "vieskovtf",
            "launch_template": [],
            "metadata_options": [
              {
                "http_endpoint": "enabled",
                "http_put_response_hop_limit": 1,
                "http_tokens": "optional"
              }
            ],
            "monitoring": true,
            "network_interface": [],
            "outpost_arn": "",
            "password_data": "",
            "placement_group": "",
            "primary_network_interface_id": "eni-0a94e158571a037f7",
            "private_dns": "ip-10-0-4-68.us-east-2.compute.internal",
            "private_ip": "10.0.4.68",
            "public_dns": "",
            "public_ip": "",
            "root_block_device": [
              {
                "delete_on_termination": true,
                "device_name": "/dev/sda1",
                "encrypted": false,
                "iops": 100,
                "kms_key_id": "",
                "tags": {},
                "throughput": 0,
                "volume_id": "vol-05fbdfd7aabb383b8",
                "volume_size": 8,
                "volume_type": "gp2"
              }
            ],
            "secondary_private_ips": [],
            "security_groups": [],
            "source_dest_check": true,
            "subnet_id": "subnet-0969de16be89002f9",
            "tags": {
              "Environment": "jenkins-slave",
              "Name": "jenkins-slave",
              "Terraform": "true"
            },
            "tags_all": {
              "Environment": "jenkins-slave",
              "Name": "jenkins-slave",
              "Terraform": "true"
            },
            "tenancy": "default",
            "timeouts": {
              "create": null,
              "delete": null,
              "update": null
            },
            "user_data": "93bad2ae003b014cfa22ce74a371591affdf8072",
            "user_data_base64": null,
            "volume_tags": {
              "Name": "jenkins-slave"
            },
            "vpc_security_group_ids": [
              "sg-01bfe935caaea66c4"
            ]
          },
          "sensitive_attributes": [],
          "private": "eyJlMmJmYjczMC1lY2FhLTExZTYtOGY4OC0zNDM2M2JjN2M0YzAiOnsiY3JlYXRlIjo2MDAwMDAwMDAwMDAsImRlbGV0ZSI6MTIwMDAwMDAwMDAwMCwidXBkYXRlIjo2MDAwMDAwMDAwMDB9LCJzY2hlbWFfdmVyc2lvbiI6IjEifQ==",
          "dependencies": [
            "module.jenkins.data.aws_ami.ubuntu",
            "module.jenkins.module.jenkins_master_sg.aws_security_group.this",
            "module.jenkins.module.jenkins_master_sg.aws_security_group.this_name_prefix",
            "module.jenkins.module.vpcjk.aws_subnet.private",
            "module.jenkins.module.vpcjk.aws_vpc.this",
            "module.jenkins.module.vpcjk.aws_vpc_ipv4_cidr_block_association.this"
          ]
        }
      ]
    },
    {
      "module": "module.jenkins.module.vpcjk",
      "mode": "managed",
      "type": "aws_eip",
      "name": "nat",
      "provider": "module.jenkins.provider[\"registry.terraform.io/hashicorp/aws\"]",
      "instances": [
        {
          "index_key": 0,
          "schema_version": 0,
          "attributes": {
            "address": null,
            "allocation_id": null,
            "associate_with_private_ip": null,
            "association_id": "",
            "carrier_ip": "",
            "customer_owned_ip": "",
            "customer_owned_ipv4_pool": "",
            "domain": "vpc",
            "id": "eipalloc-07497085b36788cfb",
            "instance": "",
            "network_border_group": "us-east-2",
            "network_interface": "",
            "private_dns": null,
            "private_ip": "",
            "public_dns": "ec2-3-132-171-88.us-east-2.compute.amazonaws.com",
            "public_ip": "3.132.171.88",
            "public_ipv4_pool": "amazon",
            "tags": {
              "Name": "jenkins-vpc-us-east-2a",
              "Terraform": "true"
            },
            "tags_all": {
              "Name": "jenkins-vpc-us-east-2a",
              "Terraform": "true"
            },
            "timeouts": null,
            "vpc": true
          },
          "sensitive_attributes": [],
          "private": "eyJlMmJmYjczMC1lY2FhLTExZTYtOGY4OC0zNDM2M2JjN2M0YzAiOnsiZGVsZXRlIjoxODAwMDAwMDAwMDAsInJlYWQiOjkwMDAwMDAwMDAwMCwidXBkYXRlIjozMDAwMDAwMDAwMDB9fQ=="
        }
      ]
    },
    {
      "module": "module.jenkins.module.vpcjk",
      "mode": "managed",
      "type": "aws_internet_gateway",
      "name": "this",
      "provider": "module.jenkins.provider[\"registry.terraform.io/hashicorp/aws\"]",
      "instances": [
        {
          "index_key": 0,
          "schema_version": 0,
          "attributes": {
            "arn": "arn:aws:ec2:us-east-2:052776272001:internet-gateway/igw-0170217f2c1bf2482",
            "id": "igw-0170217f2c1bf2482",
            "owner_id": "052776272001",
            "tags": {
              "Name": "jenkins-vpc",
              "Terraform": "true"
            },
            "tags_all": {
              "Name": "jenkins-vpc",
              "Terraform": "true"
            },
            "vpc_id": "vpc-01fe014b0b3442bda"
          },
          "sensitive_attributes": [],
          "private": "bnVsbA==",
          "dependencies": [
            "module.jenkins.module.vpcjk.aws_vpc.this",
            "module.jenkins.module.vpcjk.aws_vpc_ipv4_cidr_block_association.this"
          ]
        }
      ]
    },
    {
      "module": "module.jenkins.module.vpcjk",
      "mode": "managed",
      "type": "aws_nat_gateway",
      "name": "this",
      "provider": "module.jenkins.provider[\"registry.terraform.io/hashicorp/aws\"]",
      "instances": [
        {
          "index_key": 0,
          "schema_version": 0,
          "attributes": {
            "allocation_id": "eipalloc-07497085b36788cfb",
            "connectivity_type": "public",
            "id": "nat-05be403a8cb2ebadb",
            "network_interface_id": "eni-024d94d02f4156380",
            "private_ip": "10.0.1.42",
            "public_ip": "3.132.171.88",
            "subnet_id": "subnet-09e901828eeed0a10",
            "tags": {
              "Name": "jenkins-vpc-us-east-2a",
              "Terraform": "true"
            },
            "tags_all": {
              "Name": "jenkins-vpc-us-east-2a",
              "Terraform": "true"
            }
          },
          "sensitive_attributes": [],
          "private": "bnVsbA==",
          "dependencies": [
            "module.jenkins.module.vpcjk.aws_eip.nat",
            "module.jenkins.module.vpcjk.aws_internet_gateway.this",
            "module.jenkins.module.vpcjk.aws_subnet.public",
            "module.jenkins.module.vpcjk.aws_vpc.this",
            "module.jenkins.module.vpcjk.aws_vpc_ipv4_cidr_block_association.this"
          ]
        }
      ]
    },
    {
      "module": "module.jenkins.module.vpcjk",
      "mode": "managed",
      "type": "aws_route",
      "name": "private_nat_gateway",
      "provider": "module.jenkins.provider[\"registry.terraform.io/hashicorp/aws\"]",
      "instances": [
        {
          "index_key": 0,
          "schema_version": 0,
          "attributes": {
            "carrier_gateway_id": "",
            "destination_cidr_block": "0.0.0.0/0",
            "destination_ipv6_cidr_block": "",
            "destination_prefix_list_id": "",
            "egress_only_gateway_id": "",
            "gateway_id": "",
            "id": "r-rtb-0315a846e881d1ded1080289494",
            "instance_id": "",
            "instance_owner_id": "",
            "local_gateway_id": "",
            "nat_gateway_id": "nat-05be403a8cb2ebadb",
            "network_interface_id": "",
            "origin": "CreateRoute",
            "route_table_id": "rtb-0315a846e881d1ded",
            "state": "active",
            "timeouts": {
              "create": "5m",
              "delete": null
            },
            "transit_gateway_id": "",
            "vpc_endpoint_id": "",
            "vpc_peering_connection_id": ""
          },
          "sensitive_attributes": [],
          "private": "eyJlMmJmYjczMC1lY2FhLTExZTYtOGY4OC0zNDM2M2JjN2M0YzAiOnsiY3JlYXRlIjozMDAwMDAwMDAwMDAsImRlbGV0ZSI6MzAwMDAwMDAwMDAwfX0=",
          "dependencies": [
            "module.jenkins.module.vpcjk.aws_eip.nat",
            "module.jenkins.module.vpcjk.aws_internet_gateway.this",
            "module.jenkins.module.vpcjk.aws_nat_gateway.this",
            "module.jenkins.module.vpcjk.aws_route_table.private",
            "module.jenkins.module.vpcjk.aws_subnet.public",
            "module.jenkins.module.vpcjk.aws_vpc.this",
            "module.jenkins.module.vpcjk.aws_vpc_ipv4_cidr_block_association.this"
          ]
        }
      ]
    },
    {
      "module": "module.jenkins.module.vpcjk",
      "mode": "managed",
      "type": "aws_route",
      "name": "public_internet_gateway",
      "provider": "module.jenkins.provider[\"registry.terraform.io/hashicorp/aws\"]",
      "instances": [
        {
          "index_key": 0,
          "schema_version": 0,
          "attributes": {
            "carrier_gateway_id": "",
            "destination_cidr_block": "0.0.0.0/0",
            "destination_ipv6_cidr_block": "",
            "destination_prefix_list_id": "",
            "egress_only_gateway_id": "",
            "gateway_id": "igw-0170217f2c1bf2482",
            "id": "r-rtb-0f02b26db97dda0db1080289494",
            "instance_id": "",
            "instance_owner_id": "",
            "local_gateway_id": "",
            "nat_gateway_id": "",
            "network_interface_id": "",
            "origin": "CreateRoute",
            "route_table_id": "rtb-0f02b26db97dda0db",
            "state": "active",
            "timeouts": {
              "create": "5m",
              "delete": null
            },
            "transit_gateway_id": "",
            "vpc_endpoint_id": "",
            "vpc_peering_connection_id": ""
          },
          "sensitive_attributes": [],
          "private": "eyJlMmJmYjczMC1lY2FhLTExZTYtOGY4OC0zNDM2M2JjN2M0YzAiOnsiY3JlYXRlIjozMDAwMDAwMDAwMDAsImRlbGV0ZSI6MzAwMDAwMDAwMDAwfX0=",
          "dependencies": [
            "module.jenkins.module.vpcjk.aws_internet_gateway.this",
            "module.jenkins.module.vpcjk.aws_route_table.public",
            "module.jenkins.module.vpcjk.aws_vpc.this",
            "module.jenkins.module.vpcjk.aws_vpc_ipv4_cidr_block_association.this"
          ]
        }
      ]
    },
    {
      "module": "module.jenkins.module.vpcjk",
      "mode": "managed",
      "type": "aws_route_table",
      "name": "private",
      "provider": "module.jenkins.provider[\"registry.terraform.io/hashicorp/aws\"]",
      "instances": [
        {
          "index_key": 0,
          "schema_version": 0,
          "attributes": {
            "arn": "arn:aws:ec2:us-east-2:052776272001:route-table/rtb-0315a846e881d1ded",
            "id": "rtb-0315a846e881d1ded",
            "owner_id": "052776272001",
            "propagating_vgws": [],
            "route": [],
            "tags": {
              "Name": "jenkins-vpc-private",
              "Terraform": "true"
            },
            "tags_all": {
              "Name": "jenkins-vpc-private",
              "Terraform": "true"
            },
            "vpc_id": "vpc-01fe014b0b3442bda"
          },
          "sensitive_attributes": [],
          "private": "bnVsbA==",
          "dependencies": [
            "module.jenkins.module.vpcjk.aws_vpc.this",
            "module.jenkins.module.vpcjk.aws_vpc_ipv4_cidr_block_association.this"
          ]
        }
      ]
    },
    {
      "module": "module.jenkins.module.vpcjk",
      "mode": "managed",
      "type": "aws_route_table",
      "name": "public",
      "provider": "module.jenkins.provider[\"registry.terraform.io/hashicorp/aws\"]",
      "instances": [
        {
          "index_key": 0,
          "schema_version": 0,
          "attributes": {
            "arn": "arn:aws:ec2:us-east-2:052776272001:route-table/rtb-0f02b26db97dda0db",
            "id": "rtb-0f02b26db97dda0db",
            "owner_id": "052776272001",
            "propagating_vgws": [],
            "route": [],
            "tags": {
              "Name": "jenkins-vpc-public",
              "Terraform": "true"
            },
            "tags_all": {
              "Name": "jenkins-vpc-public",
              "Terraform": "true"
            },
            "vpc_id": "vpc-01fe014b0b3442bda"
          },
          "sensitive_attributes": [],
          "private": "bnVsbA==",
          "dependencies": [
            "module.jenkins.module.vpcjk.aws_vpc.this",
            "module.jenkins.module.vpcjk.aws_vpc_ipv4_cidr_block_association.this"
          ]
        }
      ]
    },
    {
      "module": "module.jenkins.module.vpcjk",
      "mode": "managed",
      "type": "aws_route_table_association",
      "name": "private",
      "provider": "module.jenkins.provider[\"registry.terraform.io/hashicorp/aws\"]",
      "instances": [
        {
          "index_key": 0,
          "schema_version": 0,
          "attributes": {
            "gateway_id": "",
            "id": "rtbassoc-0d5258248e0db9b1b",
            "route_table_id": "rtb-0315a846e881d1ded",
            "subnet_id": "subnet-0f87c2da942b5dd32"
          },
          "sensitive_attributes": [],
          "private": "bnVsbA==",
          "dependencies": [
            "module.jenkins.module.vpcjk.aws_route_table.private",
            "module.jenkins.module.vpcjk.aws_subnet.private",
            "module.jenkins.module.vpcjk.aws_vpc.this",
            "module.jenkins.module.vpcjk.aws_vpc_ipv4_cidr_block_association.this"
          ]
        },
        {
          "index_key": 1,
          "schema_version": 0,
          "attributes": {
            "gateway_id": "",
            "id": "rtbassoc-0ea4cbfc0f930a406",
            "route_table_id": "rtb-0315a846e881d1ded",
            "subnet_id": "subnet-0969de16be89002f9"
          },
          "sensitive_attributes": [],
          "private": "bnVsbA==",
          "dependencies": [
            "module.jenkins.module.vpcjk.aws_route_table.private",
            "module.jenkins.module.vpcjk.aws_subnet.private",
            "module.jenkins.module.vpcjk.aws_vpc.this",
            "module.jenkins.module.vpcjk.aws_vpc_ipv4_cidr_block_association.this"
          ]
        }
      ]
    },
    {
      "module": "module.jenkins.module.vpcjk",
      "mode": "managed",
      "type": "aws_route_table_association",
      "name": "public",
      "provider": "module.jenkins.provider[\"registry.terraform.io/hashicorp/aws\"]",
      "instances": [
        {
          "index_key": 0,
          "schema_version": 0,
          "attributes": {
            "gateway_id": "",
            "id": "rtbassoc-0c510cfe11eb9bc19",
            "route_table_id": "rtb-0f02b26db97dda0db",
            "subnet_id": "subnet-09e901828eeed0a10"
          },
          "sensitive_attributes": [],
          "private": "bnVsbA==",
          "dependencies": [
            "module.jenkins.module.vpcjk.aws_route_table.public",
            "module.jenkins.module.vpcjk.aws_subnet.public",
            "module.jenkins.module.vpcjk.aws_vpc.this",
            "module.jenkins.module.vpcjk.aws_vpc_ipv4_cidr_block_association.this"
          ]
        },
        {
          "index_key": 1,
          "schema_version": 0,
          "attributes": {
            "gateway_id": "",
            "id": "rtbassoc-063402d044ef5fab2",
            "route_table_id": "rtb-0f02b26db97dda0db",
            "subnet_id": "subnet-04eb96cc9d3c05536"
          },
          "sensitive_attributes": [],
          "private": "bnVsbA==",
          "dependencies": [
            "module.jenkins.module.vpcjk.aws_route_table.public",
            "module.jenkins.module.vpcjk.aws_subnet.public",
            "module.jenkins.module.vpcjk.aws_vpc.this",
            "module.jenkins.module.vpcjk.aws_vpc_ipv4_cidr_block_association.this"
          ]
        }
      ]
    },
    {
      "module": "module.jenkins.module.vpcjk",
      "mode": "managed",
      "type": "aws_subnet",
      "name": "private",
      "provider": "module.jenkins.provider[\"registry.terraform.io/hashicorp/aws\"]",
      "instances": [
        {
          "index_key": 0,
          "schema_version": 1,
          "attributes": {
            "arn": "arn:aws:ec2:us-east-2:052776272001:subnet/subnet-0f87c2da942b5dd32",
            "assign_ipv6_address_on_creation": false,
            "availability_zone": "us-east-2a",
            "availability_zone_id": "use2-az1",
            "cidr_block": "10.0.3.0/24",
            "customer_owned_ipv4_pool": "",
            "id": "subnet-0f87c2da942b5dd32",
            "ipv6_cidr_block": "",
            "ipv6_cidr_block_association_id": "",
            "map_customer_owned_ip_on_launch": false,
            "map_public_ip_on_launch": false,
            "outpost_arn": "",
            "owner_id": "052776272001",
            "tags": {
              "Name": "jenkins-vpc-private-us-east-2a",
              "Terraform": "true"
            },
            "tags_all": {
              "Name": "jenkins-vpc-private-us-east-2a",
              "Terraform": "true"
            },
            "timeouts": null,
            "vpc_id": "vpc-01fe014b0b3442bda"
          },
          "sensitive_attributes": [],
          "private": "eyJlMmJmYjczMC1lY2FhLTExZTYtOGY4OC0zNDM2M2JjN2M0YzAiOnsiY3JlYXRlIjo2MDAwMDAwMDAwMDAsImRlbGV0ZSI6MTIwMDAwMDAwMDAwMH0sInNjaGVtYV92ZXJzaW9uIjoiMSJ9",
          "dependencies": [
            "module.jenkins.module.vpcjk.aws_vpc.this",
            "module.jenkins.module.vpcjk.aws_vpc_ipv4_cidr_block_association.this"
          ]
        },
        {
          "index_key": 1,
          "schema_version": 1,
          "attributes": {
            "arn": "arn:aws:ec2:us-east-2:052776272001:subnet/subnet-0969de16be89002f9",
            "assign_ipv6_address_on_creation": false,
            "availability_zone": "us-east-2b",
            "availability_zone_id": "use2-az2",
            "cidr_block": "10.0.4.0/24",
            "customer_owned_ipv4_pool": "",
            "id": "subnet-0969de16be89002f9",
            "ipv6_cidr_block": "",
            "ipv6_cidr_block_association_id": "",
            "map_customer_owned_ip_on_launch": false,
            "map_public_ip_on_launch": false,
            "outpost_arn": "",
            "owner_id": "052776272001",
            "tags": {
              "Name": "jenkins-vpc-private-us-east-2b",
              "Terraform": "true"
            },
            "tags_all": {
              "Name": "jenkins-vpc-private-us-east-2b",
              "Terraform": "true"
            },
            "timeouts": null,
            "vpc_id": "vpc-01fe014b0b3442bda"
          },
          "sensitive_attributes": [],
          "private": "eyJlMmJmYjczMC1lY2FhLTExZTYtOGY4OC0zNDM2M2JjN2M0YzAiOnsiY3JlYXRlIjo2MDAwMDAwMDAwMDAsImRlbGV0ZSI6MTIwMDAwMDAwMDAwMH0sInNjaGVtYV92ZXJzaW9uIjoiMSJ9",
          "dependencies": [
            "module.jenkins.module.vpcjk.aws_vpc.this",
            "module.jenkins.module.vpcjk.aws_vpc_ipv4_cidr_block_association.this"
          ]
        }
      ]
    },
    {
      "module": "module.jenkins.module.vpcjk",
      "mode": "managed",
      "type": "aws_subnet",
      "name": "public",
      "provider": "module.jenkins.provider[\"registry.terraform.io/hashicorp/aws\"]",
      "instances": [
        {
          "index_key": 0,
          "schema_version": 1,
          "attributes": {
            "arn": "arn:aws:ec2:us-east-2:052776272001:subnet/subnet-09e901828eeed0a10",
            "assign_ipv6_address_on_creation": false,
            "availability_zone": "us-east-2a",
            "availability_zone_id": "use2-az1",
            "cidr_block": "10.0.1.0/24",
            "customer_owned_ipv4_pool": "",
            "id": "subnet-09e901828eeed0a10",
            "ipv6_cidr_block": "",
            "ipv6_cidr_block_association_id": "",
            "map_customer_owned_ip_on_launch": false,
            "map_public_ip_on_launch": true,
            "outpost_arn": "",
            "owner_id": "052776272001",
            "tags": {
              "Name": "jenkins-vpc-public-us-east-2a",
              "Terraform": "true"
            },
            "tags_all": {
              "Name": "jenkins-vpc-public-us-east-2a",
              "Terraform": "true"
            },
            "timeouts": null,
            "vpc_id": "vpc-01fe014b0b3442bda"
          },
          "sensitive_attributes": [],
          "private": "eyJlMmJmYjczMC1lY2FhLTExZTYtOGY4OC0zNDM2M2JjN2M0YzAiOnsiY3JlYXRlIjo2MDAwMDAwMDAwMDAsImRlbGV0ZSI6MTIwMDAwMDAwMDAwMH0sInNjaGVtYV92ZXJzaW9uIjoiMSJ9",
          "dependencies": [
            "module.jenkins.module.vpcjk.aws_vpc.this",
            "module.jenkins.module.vpcjk.aws_vpc_ipv4_cidr_block_association.this"
          ]
        },
        {
          "index_key": 1,
          "schema_version": 1,
          "attributes": {
            "arn": "arn:aws:ec2:us-east-2:052776272001:subnet/subnet-04eb96cc9d3c05536",
            "assign_ipv6_address_on_creation": false,
            "availability_zone": "us-east-2b",
            "availability_zone_id": "use2-az2",
            "cidr_block": "10.0.2.0/24",
            "customer_owned_ipv4_pool": "",
            "id": "subnet-04eb96cc9d3c05536",
            "ipv6_cidr_block": "",
            "ipv6_cidr_block_association_id": "",
            "map_customer_owned_ip_on_launch": false,
            "map_public_ip_on_launch": true,
            "outpost_arn": "",
            "owner_id": "052776272001",
            "tags": {
              "Name": "jenkins-vpc-public-us-east-2b",
              "Terraform": "true"
            },
            "tags_all": {
              "Name": "jenkins-vpc-public-us-east-2b",
              "Terraform": "true"
            },
            "timeouts": null,
            "vpc_id": "vpc-01fe014b0b3442bda"
          },
          "sensitive_attributes": [],
          "private": "eyJlMmJmYjczMC1lY2FhLTExZTYtOGY4OC0zNDM2M2JjN2M0YzAiOnsiY3JlYXRlIjo2MDAwMDAwMDAwMDAsImRlbGV0ZSI6MTIwMDAwMDAwMDAwMH0sInNjaGVtYV92ZXJzaW9uIjoiMSJ9",
          "dependencies": [
            "module.jenkins.module.vpcjk.aws_vpc.this",
            "module.jenkins.module.vpcjk.aws_vpc_ipv4_cidr_block_association.this"
          ]
        }
      ]
    },
    {
      "module": "module.jenkins.module.vpcjk",
      "mode": "managed",
      "type": "aws_vpc",
      "name": "this",
      "provider": "module.jenkins.provider[\"registry.terraform.io/hashicorp/aws\"]",
      "instances": [
        {
          "index_key": 0,
          "schema_version": 1,
          "attributes": {
            "arn": "arn:aws:ec2:us-east-2:052776272001:vpc/vpc-01fe014b0b3442bda",
            "assign_generated_ipv6_cidr_block": false,
            "cidr_block": "10.0.0.0/16",
            "default_network_acl_id": "acl-00e2508078b11ec22",
            "default_route_table_id": "rtb-01e013b4003b54df0",
            "default_security_group_id": "sg-08fbc880678334646",
            "dhcp_options_id": "dopt-5513733e",
            "enable_classiclink": null,
            "enable_classiclink_dns_support": null,
            "enable_dns_hostnames": true,
            "enable_dns_support": true,
            "id": "vpc-01fe014b0b3442bda",
            "instance_tenancy": "default",
            "ipv6_association_id": "",
            "ipv6_cidr_block": "",
            "main_route_table_id": "rtb-01e013b4003b54df0",
            "owner_id": "052776272001",
            "tags": {
              "Name": "jenkins-vpc",
              "Terraform": "true"
            },
            "tags_all": {
              "Name": "jenkins-vpc",
              "Terraform": "true"
            }
          },
          "sensitive_attributes": [],
          "private": "eyJzY2hlbWFfdmVyc2lvbiI6IjEifQ==",
          "create_before_destroy": true
        }
      ]
    }
  ]
}
