{
  "version": 4,
  "terraform_version": "1.0.6",
  "serial": 251,
  "lineage": "0af97102-bf2b-d5fe-8a05-8caf250e2f2e",
  "outputs": {},
  "resources": [
    {
      "mode": "managed",
      "type": "aws_route53_zone",
      "name": "main",
      "provider": "provider[\"registry.terraform.io/hashicorp/aws\"]",
      "instances": [
        {
          "schema_version": 0,
          "attributes": {
            "arn": "arn:aws:route53:::hostedzone/Z0596669H68C1JS3MSU2",
            "comment": "Managed by Terraform",
            "delegation_set_id": "",
            "force_destroy": false,
            "id": "Z0596669H68C1JS3MSU2",
            "name": "vieskovtf.com",
            "name_servers": [
              "ns-1148.awsdns-15.org",
              "ns-1742.awsdns-25.co.uk",
              "ns-217.awsdns-27.com",
              "ns-932.awsdns-52.net"
            ],
            "tags": null,
            "tags_all": {},
            "vpc": [],
            "zone_id": "Z0596669H68C1JS3MSU2"
          },
          "sensitive_attributes": [],
          "private": "bnVsbA=="
        }
      ]
    }
  ]
}
