{
  "version": 4,
  "terraform_version": "1.0.6",
  "serial": 62,
  "lineage": "e64d7b06-2fff-599b-313d-b4c8dc77dbfc",
  "outputs": {},
  "resources": [
    {
      "mode": "managed",
      "type": "aws_route53_zone",
      "name": "main",
      "provider": "provider[\"registry.terraform.io/hashicorp/aws\"]",
      "instances": [
        {
          "schema_version": 0,
          "attributes": {
            "arn": "arn:aws:route53:::hostedzone/Z0481627G7UV0ZNXLVAM",
            "comment": "Managed by Terraform",
            "delegation_set_id": "",
            "force_destroy": false,
            "id": "Z0481627G7UV0ZNXLVAM",
            "name": "vieskovtf.com",
            "name_servers": [
              "ns-1399.awsdns-46.org",
              "ns-154.awsdns-19.com",
              "ns-1928.awsdns-49.co.uk",
              "ns-928.awsdns-52.net"
            ],
            "tags": null,
            "tags_all": {},
            "vpc": [],
            "zone_id": "Z0481627G7UV0ZNXLVAM"
          },
          "sensitive_attributes": [],
          "private": "bnVsbA=="
        }
      ]
    }
  ]
}
