{
  "version": 4,
  "terraform_version": "1.0.6",
  "serial": 150,
  "lineage": "6ff834b9-48a5-9d3e-8889-1f089fe1df42",
  "outputs": {},
  "resources": [
    {
      "mode": "managed",
      "type": "aws_route53_record",
      "name": "ns_record2",
      "provider": "provider[\"registry.terraform.io/hashicorp/aws\"]",
      "instances": [
        {
          "schema_version": 2,
          "attributes": {
            "alias": [],
            "allow_overwrite": true,
            "failover_routing_policy": [],
            "fqdn": "vieskovtest.com",
            "geolocation_routing_policy": [],
            "health_check_id": null,
            "id": "Z0369659TP4E5NNH843Q_vieskovtest.com_NS",
            "latency_routing_policy": [],
            "multivalue_answer_routing_policy": null,
            "name": "vieskovtest.com",
            "records": [
              "ns-1035.awsdns-01.org",
              "ns-134.awsdns-16.com",
              "ns-2007.awsdns-58.co.uk",
              "ns-883.awsdns-46.net"
            ],
            "set_identifier": null,
            "ttl": 172800,
            "type": "NS",
            "weighted_routing_policy": [],
            "zone_id": "Z0369659TP4E5NNH843Q"
          },
          "sensitive_attributes": [],
          "private": "eyJzY2hlbWFfdmVyc2lvbiI6IjIifQ==",
          "dependencies": [
            "aws_route53_zone.main2"
          ]
        }
      ]
    },
    {
      "mode": "managed",
      "type": "aws_route53_zone",
      "name": "main2",
      "provider": "provider[\"registry.terraform.io/hashicorp/aws\"]",
      "instances": [
        {
          "schema_version": 0,
          "attributes": {
            "arn": "arn:aws:route53:::hostedzone/Z0369659TP4E5NNH843Q",
            "comment": "Managed by Terraform",
            "delegation_set_id": "",
            "force_destroy": false,
            "id": "Z0369659TP4E5NNH843Q",
            "name": "vieskovtest.com",
            "name_servers": [
              "ns-1035.awsdns-01.org",
              "ns-134.awsdns-16.com",
              "ns-2007.awsdns-58.co.uk",
              "ns-883.awsdns-46.net"
            ],
            "tags": null,
            "tags_all": {},
            "vpc": [],
            "zone_id": "Z0369659TP4E5NNH843Q"
          },
          "sensitive_attributes": [],
          "private": "bnVsbA=="
        }
      ]
    },
    {
      "module": "module.dev",
      "mode": "data",
      "type": "aws_ami",
      "name": "jenkins-slave-ami",
      "provider": "module.dev.provider[\"registry.terraform.io/hashicorp/aws\"]",
      "instances": [
        {
          "schema_version": 0,
          "attributes": {
            "architecture": "x86_64",
            "arn": "arn:aws:ec2:us-east-2::image/ami-01685d240b8fbbfeb",
            "block_device_mappings": [
              {
                "device_name": "/dev/sda1",
                "ebs": {
                  "delete_on_termination": "true",
                  "encrypted": "false",
                  "iops": "0",
                  "snapshot_id": "snap-0fb4d0b01079b40bf",
                  "throughput": "0",
                  "volume_size": "8",
                  "volume_type": "gp2"
                },
                "no_device": "",
                "virtual_name": ""
              },
              {
                "device_name": "/dev/sdb",
                "ebs": {},
                "no_device": "",
                "virtual_name": "ephemeral0"
              },
              {
                "device_name": "/dev/sdc",
                "ebs": {},
                "no_device": "",
                "virtual_name": "ephemeral1"
              }
            ],
            "creation_date": "2021-07-22T12:11:22.000Z",
            "description": "Canonical, Ubuntu, 16.04 LTS, amd64 xenial image build on 2021-07-21",
            "ena_support": true,
            "executable_users": null,
            "filter": [
              {
                "name": "name",
                "values": [
                  "ubuntu/images/hvm-ssd/ubuntu-xenial-16.04-amd64-server-*"
                ]
              },
              {
                "name": "virtualization-type",
                "values": [
                  "hvm"
                ]
              }
            ],
            "hypervisor": "xen",
            "id": "ami-01685d240b8fbbfeb",
            "image_id": "ami-01685d240b8fbbfeb",
            "image_location": "099720109477/ubuntu/images/hvm-ssd/ubuntu-xenial-16.04-amd64-server-20210721",
            "image_owner_alias": null,
            "image_type": "machine",
            "kernel_id": null,
            "most_recent": true,
            "name": "ubuntu/images/hvm-ssd/ubuntu-xenial-16.04-amd64-server-20210721",
            "name_regex": null,
            "owner_id": "099720109477",
            "owners": [
              "099720109477"
            ],
            "platform": null,
            "platform_details": "Linux/UNIX",
            "product_codes": [],
            "public": true,
            "ramdisk_id": null,
            "root_device_name": "/dev/sda1",
            "root_device_type": "ebs",
            "root_snapshot_id": "snap-0fb4d0b01079b40bf",
            "sriov_net_support": "simple",
            "state": "available",
            "state_reason": {
              "code": "UNSET",
              "message": "UNSET"
            },
            "tags": {},
            "usage_operation": "RunInstances",
            "virtualization_type": "hvm"
          },
          "sensitive_attributes": []
        }
      ]
    },
    {
      "module": "module.dev",
      "mode": "data",
      "type": "aws_ami",
      "name": "ubuntu",
      "provider": "module.dev.provider[\"registry.terraform.io/hashicorp/aws\"]",
      "instances": [
        {
          "schema_version": 0,
          "attributes": {
            "architecture": "x86_64",
            "arn": "arn:aws:ec2:us-east-2::image/ami-01685d240b8fbbfeb",
            "block_device_mappings": [
              {
                "device_name": "/dev/sda1",
                "ebs": {
                  "delete_on_termination": "true",
                  "encrypted": "false",
                  "iops": "0",
                  "snapshot_id": "snap-0fb4d0b01079b40bf",
                  "throughput": "0",
                  "volume_size": "8",
                  "volume_type": "gp2"
                },
                "no_device": "",
                "virtual_name": ""
              },
              {
                "device_name": "/dev/sdb",
                "ebs": {},
                "no_device": "",
                "virtual_name": "ephemeral0"
              },
              {
                "device_name": "/dev/sdc",
                "ebs": {},
                "no_device": "",
                "virtual_name": "ephemeral1"
              }
            ],
            "creation_date": "2021-07-22T12:11:22.000Z",
            "description": "Canonical, Ubuntu, 16.04 LTS, amd64 xenial image build on 2021-07-21",
            "ena_support": true,
            "executable_users": null,
            "filter": [
              {
                "name": "name",
                "values": [
                  "ubuntu/images/hvm-ssd/ubuntu-xenial-16.04-amd64-server-*"
                ]
              },
              {
                "name": "virtualization-type",
                "values": [
                  "hvm"
                ]
              }
            ],
            "hypervisor": "xen",
            "id": "ami-01685d240b8fbbfeb",
            "image_id": "ami-01685d240b8fbbfeb",
            "image_location": "099720109477/ubuntu/images/hvm-ssd/ubuntu-xenial-16.04-amd64-server-20210721",
            "image_owner_alias": null,
            "image_type": "machine",
            "kernel_id": null,
            "most_recent": true,
            "name": "ubuntu/images/hvm-ssd/ubuntu-xenial-16.04-amd64-server-20210721",
            "name_regex": null,
            "owner_id": "099720109477",
            "owners": [
              "099720109477"
            ],
            "platform": null,
            "platform_details": "Linux/UNIX",
            "product_codes": [],
            "public": true,
            "ramdisk_id": null,
            "root_device_name": "/dev/sda1",
            "root_device_type": "ebs",
            "root_snapshot_id": "snap-0fb4d0b01079b40bf",
            "sriov_net_support": "simple",
            "state": "available",
            "state_reason": {
              "code": "UNSET",
              "message": "UNSET"
            },
            "tags": {},
            "usage_operation": "RunInstances",
            "virtualization_type": "hvm"
          },
          "sensitive_attributes": []
        }
      ]
    },
    {
      "module": "module.dev",
      "mode": "managed",
      "type": "aws_launch_template",
      "name": "web-app-template2",
      "provider": "module.dev.provider[\"registry.terraform.io/hashicorp/aws\"]",
      "instances": [
        {
          "schema_version": 0,
          "attributes": {
            "arn": "arn:aws:ec2:us-east-2:052776272001:launch-template/lt-0412105e6f4edbf16",
            "block_device_mappings": [],
            "capacity_reservation_specification": [],
            "cpu_options": [],
            "credit_specification": [],
            "default_version": 1,
            "description": "",
            "disable_api_termination": false,
            "ebs_optimized": "",
            "elastic_gpu_specifications": [],
            "elastic_inference_accelerator": [],
            "enclave_options": [],
            "hibernation_options": [],
            "iam_instance_profile": [],
            "id": "lt-0412105e6f4edbf16",
            "image_id": "ami-01685d240b8fbbfeb",
            "instance_initiated_shutdown_behavior": "",
            "instance_market_options": [],
            "instance_type": "t2.micro",
            "kernel_id": "",
            "key_name": "vieskovtf",
            "latest_version": 1,
            "license_specification": [],
            "metadata_options": [],
            "monitoring": [
              {
                "enabled": true
              }
            ],
            "name": "run-web-app2",
            "name_prefix": "",
            "network_interfaces": [
              {
                "associate_carrier_ip_address": "",
                "associate_public_ip_address": "true",
                "delete_on_termination": "true",
                "description": "",
                "device_index": 0,
                "interface_type": "",
                "ipv4_address_count": 0,
                "ipv4_addresses": null,
                "ipv6_address_count": 0,
                "ipv6_addresses": null,
                "network_interface_id": "",
                "private_ip_address": "",
                "security_groups": [
                  "sg-02a6845cba4737435"
                ],
                "subnet_id": ""
              }
            ],
            "placement": [],
            "ram_disk_id": "",
            "security_group_names": null,
            "tag_specifications": [],
            "tags": null,
            "tags_all": {},
            "update_default_version": null,
            "user_data": "IyEvYmluL2Jhc2gKc3VkbyBhcHQtZ2V0IHVwZGF0ZQpzdWRvIGFwdC1nZXQgaW5zdGFsbCAteSBhcGFjaGUyCmVjaG8gJ0hlbGxvIGZyb20gVGVycmFmb3JtJyA+IC92YXIvd3d3L2h0bWwvaW5kZXguaHRtbApzZXJ2aWNlIGh0dHBkIHN0YXJ0CgpzdWRvIGFwdC1nZXQgaW5zdGFsbCAteSBzdHJlc3MtbmcKCiMgc3VkbyBzdHJlc3MtbmcgLS1jcHUgMzIgLS10aW1lb3V0IDE4MCAtLW1ldHJpY3MtYnJpZWYKCgogICAgICAgICAgICAgICAgI2VjMmlwPSQoY3VybCBodHRwOi8vMTY5LjI1NC4xNjkuMjU0L2xhdGVzdC9tZXRhLWRhdGEvbG9jYWwtaXB2NCkKICAgICAgICAgICAgICAgICNlY2hvICI8aHRtbD4gPGJvZHkgYmdjb2xvcj0wRkEyQjY+PGNlbnRlcj48aDE+PHA+PGZvbnQgY29sb3I9V2hpdGU+JGVjMmlwPC9oMT48Y2VudGVyPjwvYm9keT48L2h0bWw+IiA+IGluZGV4Lmh0bWwKICAgICAgICAgICAgICAgICNub2h1cCBidXN5Ym94IGh0dHBkIC1mIC1wIDgwICYK",
            "vpc_security_group_ids": null
          },
          "sensitive_attributes": [],
          "private": "bnVsbA==",
          "dependencies": [
            "module.dev.data.aws_ami.ubuntu",
            "module.dev.module.vpc.aws_vpc.this",
            "module.dev.module.web-sg.aws_security_group.this",
            "module.dev.module.web-sg.aws_security_group.this_name_prefix"
          ],
          "create_before_destroy": true
        }
      ]
    },
    {
      "module": "module.dev.module.alb",
      "mode": "managed",
      "type": "aws_lb",
      "name": "this",
      "provider": "module.dev.provider[\"registry.terraform.io/hashicorp/aws\"]",
      "instances": [
        {
          "index_key": 0,
          "schema_version": 0,
          "attributes": {
            "access_logs": [
              {
                "bucket": "",
                "enabled": false,
                "prefix": ""
              }
            ],
            "arn": "arn:aws:elasticloadbalancing:us-east-2:052776272001:loadbalancer/app/my-alb/95c8028b8ffc7c7f",
            "arn_suffix": "app/my-alb/95c8028b8ffc7c7f",
            "customer_owned_ipv4_pool": "",
            "dns_name": "my-alb-70680903.us-east-2.elb.amazonaws.com",
            "drop_invalid_header_fields": false,
            "enable_cross_zone_load_balancing": null,
            "enable_deletion_protection": false,
            "enable_http2": true,
            "id": "arn:aws:elasticloadbalancing:us-east-2:052776272001:loadbalancer/app/my-alb/95c8028b8ffc7c7f",
            "idle_timeout": 60,
            "internal": false,
            "ip_address_type": "ipv4",
            "load_balancer_type": "application",
            "name": "my-alb",
            "name_prefix": null,
            "security_groups": [
              "sg-07eb5411ec2b44acf"
            ],
            "subnet_mapping": [
              {
                "allocation_id": "",
                "ipv6_address": "",
                "outpost_id": "",
                "private_ipv4_address": "",
                "subnet_id": "subnet-060992c370293cb0d"
              },
              {
                "allocation_id": "",
                "ipv6_address": "",
                "outpost_id": "",
                "private_ipv4_address": "",
                "subnet_id": "subnet-070057e5fe7a00de6"
              }
            ],
            "subnets": [
              "subnet-060992c370293cb0d",
              "subnet-070057e5fe7a00de6"
            ],
            "tags": {
              "Environment": "Test",
              "Name": "my-alb"
            },
            "tags_all": {
              "Environment": "Test",
              "Name": "my-alb"
            },
            "timeouts": {
              "create": "10m",
              "delete": "10m",
              "update": "10m"
            },
            "vpc_id": "vpc-037cc1391cc37e565",
            "zone_id": "Z3AADJGX6KTTL2"
          },
          "sensitive_attributes": [],
          "private": "eyJlMmJmYjczMC1lY2FhLTExZTYtOGY4OC0zNDM2M2JjN2M0YzAiOnsiY3JlYXRlIjo2MDAwMDAwMDAwMDAsImRlbGV0ZSI6NjAwMDAwMDAwMDAwLCJ1cGRhdGUiOjYwMDAwMDAwMDAwMH19",
          "dependencies": [
            "module.dev.module.alb-sg.aws_security_group.this",
            "module.dev.module.alb-sg.aws_security_group.this_name_prefix",
            "module.dev.module.vpc.aws_subnet.public",
            "module.dev.module.vpc.aws_vpc.this",
            "module.dev.module.vpc.aws_vpc_ipv4_cidr_block_association.this"
          ],
          "create_before_destroy": true
        }
      ]
    },
    {
      "module": "module.dev.module.alb",
      "mode": "managed",
      "type": "aws_lb_listener",
      "name": "frontend_http_tcp",
      "provider": "module.dev.provider[\"registry.terraform.io/hashicorp/aws\"]",
      "instances": [
        {
          "index_key": 0,
          "schema_version": 0,
          "attributes": {
            "alpn_policy": null,
            "arn": "arn:aws:elasticloadbalancing:us-east-2:052776272001:listener/app/my-alb/95c8028b8ffc7c7f/b4d75ac909f740f0",
            "certificate_arn": null,
            "default_action": [
              {
                "authenticate_cognito": [],
                "authenticate_oidc": [],
                "fixed_response": [],
                "forward": [],
                "order": 1,
                "redirect": [],
                "target_group_arn": "arn:aws:elasticloadbalancing:us-east-2:052776272001:targetgroup/pref-2021092214255103630000000c/253013163221bbcf",
                "type": "forward"
              }
            ],
            "id": "arn:aws:elasticloadbalancing:us-east-2:052776272001:listener/app/my-alb/95c8028b8ffc7c7f/b4d75ac909f740f0",
            "load_balancer_arn": "arn:aws:elasticloadbalancing:us-east-2:052776272001:loadbalancer/app/my-alb/95c8028b8ffc7c7f",
            "port": 80,
            "protocol": "HTTP",
            "ssl_policy": "",
            "tags": null,
            "tags_all": {},
            "timeouts": null
          },
          "sensitive_attributes": [],
          "private": "eyJlMmJmYjczMC1lY2FhLTExZTYtOGY4OC0zNDM2M2JjN2M0YzAiOnsicmVhZCI6NjAwMDAwMDAwMDAwfX0=",
          "dependencies": [
            "module.dev.module.alb-sg.aws_security_group.this",
            "module.dev.module.alb-sg.aws_security_group.this_name_prefix",
            "module.dev.module.alb.aws_lb.this",
            "module.dev.module.alb.aws_lb_target_group.main",
            "module.dev.module.vpc.aws_subnet.public",
            "module.dev.module.vpc.aws_vpc.this",
            "module.dev.module.vpc.aws_vpc_ipv4_cidr_block_association.this"
          ]
        }
      ]
    },
    {
      "module": "module.dev.module.alb",
      "mode": "managed",
      "type": "aws_lb_target_group",
      "name": "main",
      "provider": "module.dev.provider[\"registry.terraform.io/hashicorp/aws\"]",
      "instances": [
        {
          "index_key": 0,
          "schema_version": 0,
          "attributes": {
            "arn": "arn:aws:elasticloadbalancing:us-east-2:052776272001:targetgroup/pref-2021092214255103630000000c/253013163221bbcf",
            "arn_suffix": "targetgroup/pref-2021092214255103630000000c/253013163221bbcf",
            "deregistration_delay": 300,
            "health_check": [
              {
                "enabled": true,
                "healthy_threshold": 3,
                "interval": 30,
                "matcher": "200-399",
                "path": "/",
                "port": "traffic-port",
                "protocol": "HTTP",
                "timeout": 6,
                "unhealthy_threshold": 3
              }
            ],
            "id": "arn:aws:elasticloadbalancing:us-east-2:052776272001:targetgroup/pref-2021092214255103630000000c/253013163221bbcf",
            "lambda_multi_value_headers_enabled": false,
            "load_balancing_algorithm_type": "round_robin",
            "name": "pref-2021092214255103630000000c",
            "name_prefix": "pref-",
            "port": 80,
            "preserve_client_ip": null,
            "protocol": "HTTP",
            "protocol_version": "HTTP1",
            "proxy_protocol_v2": false,
            "slow_start": 0,
            "stickiness": [
              {
                "cookie_duration": 86400,
                "cookie_name": "",
                "enabled": false,
                "type": "lb_cookie"
              }
            ],
            "tags": {
              "Environment": "Test",
              "Name": "pref-"
            },
            "tags_all": {
              "Environment": "Test",
              "Name": "pref-"
            },
            "target_type": "instance",
            "vpc_id": "vpc-037cc1391cc37e565"
          },
          "sensitive_attributes": [],
          "private": "bnVsbA==",
          "dependencies": [
            "module.dev.module.alb-sg.aws_security_group.this",
            "module.dev.module.alb-sg.aws_security_group.this_name_prefix",
            "module.dev.module.alb.aws_lb.this",
            "module.dev.module.vpc.aws_subnet.public",
            "module.dev.module.vpc.aws_vpc.this",
            "module.dev.module.vpc.aws_vpc_ipv4_cidr_block_association.this"
          ],
          "create_before_destroy": true
        }
      ]
    },
    {
      "module": "module.dev.module.alb-sg",
      "mode": "managed",
      "type": "aws_security_group",
      "name": "this_name_prefix",
      "provider": "module.dev.provider[\"registry.terraform.io/hashicorp/aws\"]",
      "instances": [
        {
          "index_key": 0,
          "schema_version": 1,
          "attributes": {
            "arn": "arn:aws:ec2:us-east-2:052776272001:security-group/sg-07eb5411ec2b44acf",
            "description": "Security group for bastion host",
            "egress": [],
            "id": "sg-07eb5411ec2b44acf",
            "ingress": [],
            "name": "sg_for_alb-20210922142223608300000006",
            "name_prefix": "sg_for_alb-",
            "owner_id": "052776272001",
            "revoke_rules_on_delete": false,
            "tags": {
              "Name": "sg_for_alb"
            },
            "tags_all": {
              "Name": "sg_for_alb"
            },
            "timeouts": null,
            "vpc_id": "vpc-037cc1391cc37e565"
          },
          "sensitive_attributes": [],
          "private": "eyJlMmJmYjczMC1lY2FhLTExZTYtOGY4OC0zNDM2M2JjN2M0YzAiOnsiY3JlYXRlIjo2MDAwMDAwMDAwMDAsImRlbGV0ZSI6OTAwMDAwMDAwMDAwfSwic2NoZW1hX3ZlcnNpb24iOiIxIn0=",
          "dependencies": [
            "module.dev.module.vpc.aws_vpc.this"
          ],
          "create_before_destroy": true
        }
      ]
    },
    {
      "module": "module.dev.module.alb-sg",
      "mode": "managed",
      "type": "aws_security_group_rule",
      "name": "egress_rules",
      "provider": "module.dev.provider[\"registry.terraform.io/hashicorp/aws\"]",
      "instances": [
        {
          "index_key": 0,
          "schema_version": 2,
          "attributes": {
            "cidr_blocks": [
              "0.0.0.0/0"
            ],
            "description": "All protocols",
            "from_port": -1,
            "id": "sgrule-4248448444",
            "ipv6_cidr_blocks": [
              "::/0"
            ],
            "prefix_list_ids": [],
            "protocol": "-1",
            "security_group_id": "sg-07eb5411ec2b44acf",
            "self": false,
            "source_security_group_id": null,
            "to_port": -1,
            "type": "egress"
          },
          "sensitive_attributes": [],
          "private": "eyJzY2hlbWFfdmVyc2lvbiI6IjIifQ==",
          "dependencies": [
            "module.dev.module.alb-sg.aws_security_group.this",
            "module.dev.module.alb-sg.aws_security_group.this_name_prefix",
            "module.dev.module.vpc.aws_vpc.this"
          ]
        }
      ]
    },
    {
      "module": "module.dev.module.alb-sg",
      "mode": "managed",
      "type": "aws_security_group_rule",
      "name": "ingress_rules",
      "provider": "module.dev.provider[\"registry.terraform.io/hashicorp/aws\"]",
      "instances": [
        {
          "index_key": 0,
          "schema_version": 2,
          "attributes": {
            "cidr_blocks": [
              "0.0.0.0/0"
            ],
            "description": "HTTP",
            "from_port": 80,
            "id": "sgrule-1449069499",
            "ipv6_cidr_blocks": [],
            "prefix_list_ids": [],
            "protocol": "tcp",
            "security_group_id": "sg-07eb5411ec2b44acf",
            "self": false,
            "source_security_group_id": null,
            "to_port": 80,
            "type": "ingress"
          },
          "sensitive_attributes": [],
          "private": "eyJzY2hlbWFfdmVyc2lvbiI6IjIifQ==",
          "dependencies": [
            "module.dev.module.alb-sg.aws_security_group.this",
            "module.dev.module.alb-sg.aws_security_group.this_name_prefix",
            "module.dev.module.vpc.aws_vpc.this"
          ]
        },
        {
          "index_key": 1,
          "schema_version": 2,
          "attributes": {
            "cidr_blocks": [
              "0.0.0.0/0"
            ],
            "description": "HTTPS",
            "from_port": 443,
            "id": "sgrule-918592086",
            "ipv6_cidr_blocks": [],
            "prefix_list_ids": [],
            "protocol": "tcp",
            "security_group_id": "sg-07eb5411ec2b44acf",
            "self": false,
            "source_security_group_id": null,
            "to_port": 443,
            "type": "ingress"
          },
          "sensitive_attributes": [],
          "private": "eyJzY2hlbWFfdmVyc2lvbiI6IjIifQ==",
          "dependencies": [
            "module.dev.module.alb-sg.aws_security_group.this",
            "module.dev.module.alb-sg.aws_security_group.this_name_prefix",
            "module.dev.module.vpc.aws_vpc.this"
          ]
        }
      ]
    },
    {
      "module": "module.dev.module.asg",
      "mode": "managed",
      "type": "aws_autoscaling_group",
      "name": "this",
      "provider": "module.dev.provider[\"registry.terraform.io/hashicorp/aws\"]",
      "instances": [
        {
          "index_key": 0,
          "schema_version": 0,
          "attributes": {
            "arn": "arn:aws:autoscaling:us-east-2:052776272001:autoScalingGroup:1e09078e-80c2-4181-a172-11e9dacde88a:autoScalingGroupName/ec-web-server-2021092214223373690000000a",
            "availability_zones": [
              "us-east-2a",
              "us-east-2b"
            ],
            "capacity_rebalance": false,
            "default_cooldown": 300,
            "desired_capacity": 2,
            "enabled_metrics": null,
            "force_delete": false,
            "force_delete_warm_pool": false,
            "health_check_grace_period": 300,
            "health_check_type": "EC2",
            "id": "ec-web-server-2021092214223373690000000a",
            "initial_lifecycle_hook": [
              {
                "default_result": "CONTINUE",
                "heartbeat_timeout": 180,
                "lifecycle_transition": "autoscaling:EC2_INSTANCE_TERMINATING",
                "name": "ExampleTerminationLifeCycleHook",
                "notification_metadata": "{\"goodbye\":\"world\"}",
                "notification_target_arn": "",
                "role_arn": ""
              },
              {
                "default_result": "CONTINUE",
                "heartbeat_timeout": 60,
                "lifecycle_transition": "autoscaling:EC2_INSTANCE_LAUNCHING",
                "name": "ExampleStartupLifeCycleHook",
                "notification_metadata": "{\"hello\":\"world\"}",
                "notification_target_arn": "",
                "role_arn": ""
              }
            ],
            "instance_refresh": [
              {
                "preferences": [
                  {
                    "instance_warmup": "",
                    "min_healthy_percentage": 50
                  }
                ],
                "strategy": "Rolling",
                "triggers": [
                  "tag"
                ]
              }
            ],
            "launch_configuration": "",
            "launch_template": [
              {
                "id": "lt-0412105e6f4edbf16",
                "name": "run-web-app2",
                "version": ""
              }
            ],
            "load_balancers": null,
            "max_instance_lifetime": 0,
            "max_size": 4,
            "metrics_granularity": "1Minute",
            "min_elb_capacity": null,
            "min_size": 2,
            "mixed_instances_policy": [],
            "name": "ec-web-server-2021092214223373690000000a",
            "name_prefix": "ec-web-server-",
            "placement_group": "",
            "protect_from_scale_in": false,
            "service_linked_role_arn": "arn:aws:iam::052776272001:role/aws-service-role/autoscaling.amazonaws.com/AWSServiceRoleForAutoScaling",
            "suspended_processes": null,
            "tag": [],
            "tags": [
              {
                "key": "Environment",
                "propagate_at_launch": "true",
                "value": "dev"
              },
              {
                "key": "Name",
                "propagate_at_launch": "true",
                "value": "ec-web-server"
              },
              {
                "key": "Project",
                "propagate_at_launch": "true",
                "value": "megasecret"
              },
              {
                "key": "extra_tag1",
                "propagate_at_launch": "true",
                "value": "extra_value1"
              },
              {
                "key": "extra_tag2",
                "propagate_at_launch": "true",
                "value": "extra_value2"
              }
            ],
            "target_group_arns": null,
            "termination_policies": null,
            "timeouts": {
              "delete": null
            },
            "vpc_zone_identifier": [
              "subnet-080e9677a8a1a0d25",
              "subnet-0dedc85eecf506a7a"
            ],
            "wait_for_capacity_timeout": "0",
            "wait_for_elb_capacity": null,
            "warm_pool": []
          },
          "sensitive_attributes": [],
          "private": "eyJlMmJmYjczMC1lY2FhLTExZTYtOGY4OC0zNDM2M2JjN2M0YzAiOnsiZGVsZXRlIjo2MDAwMDAwMDAwMDB9fQ==",
          "dependencies": [
            "module.dev.aws_launch_template.web-app-template2",
            "module.dev.data.aws_ami.ubuntu",
            "module.dev.module.asg.aws_launch_configuration.this",
            "module.dev.module.asg.aws_launch_template.this",
            "module.dev.module.asg.null_resource.tags_as_list_of_maps",
            "module.dev.module.vpc.aws_subnet.private",
            "module.dev.module.vpc.aws_vpc.this",
            "module.dev.module.vpc.aws_vpc_ipv4_cidr_block_association.this",
            "module.dev.module.web-sg.aws_security_group.this",
            "module.dev.module.web-sg.aws_security_group.this_name_prefix"
          ],
          "create_before_destroy": true
        }
      ]
    },
    {
      "module": "module.dev.module.asg",
      "mode": "managed",
      "type": "null_resource",
      "name": "tags_as_list_of_maps",
      "provider": "provider[\"registry.terraform.io/hashicorp/null\"]",
      "instances": [
        {
          "index_key": 0,
          "schema_version": 0,
          "attributes": {
            "id": "4835236222123548873",
            "triggers": {
              "key": "extra_tag1",
              "propagate_at_launch": "true",
              "value": "extra_value1"
            }
          },
          "sensitive_attributes": [],
          "private": "bnVsbA==",
          "create_before_destroy": true
        },
        {
          "index_key": 1,
          "schema_version": 0,
          "attributes": {
            "id": "7297328925563969931",
            "triggers": {
              "key": "extra_tag2",
              "propagate_at_launch": "true",
              "value": "extra_value2"
            }
          },
          "sensitive_attributes": [],
          "private": "bnVsbA==",
          "create_before_destroy": true
        }
      ]
    },
    {
      "module": "module.dev.module.bastion-sg",
      "mode": "managed",
      "type": "aws_security_group",
      "name": "this_name_prefix",
      "provider": "module.dev.provider[\"registry.terraform.io/hashicorp/aws\"]",
      "instances": [
        {
          "index_key": 0,
          "schema_version": 1,
          "attributes": {
            "arn": "arn:aws:ec2:us-east-2:052776272001:security-group/sg-06ec40e588642d06f",
            "description": "Security group for bastion host",
            "egress": [],
            "id": "sg-06ec40e588642d06f",
            "ingress": [],
            "name": "sg_for_bastion-20210922142221680200000003",
            "name_prefix": "sg_for_bastion-",
            "owner_id": "052776272001",
            "revoke_rules_on_delete": false,
            "tags": {
              "Name": "sg_for_bastion"
            },
            "tags_all": {
              "Name": "sg_for_bastion"
            },
            "timeouts": null,
            "vpc_id": "vpc-037cc1391cc37e565"
          },
          "sensitive_attributes": [],
          "private": "eyJlMmJmYjczMC1lY2FhLTExZTYtOGY4OC0zNDM2M2JjN2M0YzAiOnsiY3JlYXRlIjo2MDAwMDAwMDAwMDAsImRlbGV0ZSI6OTAwMDAwMDAwMDAwfSwic2NoZW1hX3ZlcnNpb24iOiIxIn0=",
          "dependencies": [
            "module.dev.module.vpc.aws_vpc.this"
          ],
          "create_before_destroy": true
        }
      ]
    },
    {
      "module": "module.dev.module.bastion-sg",
      "mode": "managed",
      "type": "aws_security_group_rule",
      "name": "egress_rules",
      "provider": "module.dev.provider[\"registry.terraform.io/hashicorp/aws\"]",
      "instances": [
        {
          "index_key": 0,
          "schema_version": 2,
          "attributes": {
            "cidr_blocks": [
              "0.0.0.0/0"
            ],
            "description": "All protocols",
            "from_port": -1,
            "id": "sgrule-3499201030",
            "ipv6_cidr_blocks": [
              "::/0"
            ],
            "prefix_list_ids": [],
            "protocol": "-1",
            "security_group_id": "sg-06ec40e588642d06f",
            "self": false,
            "source_security_group_id": null,
            "to_port": -1,
            "type": "egress"
          },
          "sensitive_attributes": [],
          "private": "eyJzY2hlbWFfdmVyc2lvbiI6IjIifQ==",
          "dependencies": [
            "module.dev.module.bastion-sg.aws_security_group.this",
            "module.dev.module.bastion-sg.aws_security_group.this_name_prefix",
            "module.dev.module.vpc.aws_vpc.this"
          ]
        }
      ]
    },
    {
      "module": "module.dev.module.bastion-sg",
      "mode": "managed",
      "type": "aws_security_group_rule",
      "name": "ingress_rules",
      "provider": "module.dev.provider[\"registry.terraform.io/hashicorp/aws\"]",
      "instances": [
        {
          "index_key": 0,
          "schema_version": 2,
          "attributes": {
            "cidr_blocks": [
              "0.0.0.0/0"
            ],
            "description": "SSH",
            "from_port": 22,
            "id": "sgrule-172353010",
            "ipv6_cidr_blocks": [],
            "prefix_list_ids": [],
            "protocol": "tcp",
            "security_group_id": "sg-06ec40e588642d06f",
            "self": false,
            "source_security_group_id": null,
            "to_port": 22,
            "type": "ingress"
          },
          "sensitive_attributes": [],
          "private": "eyJzY2hlbWFfdmVyc2lvbiI6IjIifQ==",
          "dependencies": [
            "module.dev.module.bastion-sg.aws_security_group.this",
            "module.dev.module.bastion-sg.aws_security_group.this_name_prefix",
            "module.dev.module.vpc.aws_vpc.this"
          ]
        }
      ]
    },
    {
      "module": "module.dev.module.db-sg",
      "mode": "managed",
      "type": "aws_security_group",
      "name": "this_name_prefix",
      "provider": "module.dev.provider[\"registry.terraform.io/hashicorp/aws\"]",
      "instances": [
        {
          "index_key": 0,
          "schema_version": 1,
          "attributes": {
            "arn": "arn:aws:ec2:us-east-2:052776272001:security-group/sg-00b18b0a201bade5d",
            "description": "Security group for database",
            "egress": [],
            "id": "sg-00b18b0a201bade5d",
            "ingress": [],
            "name": "sg_for_database-20210922142223601700000005",
            "name_prefix": "sg_for_database-",
            "owner_id": "052776272001",
            "revoke_rules_on_delete": false,
            "tags": {
              "Name": "sg_for_database"
            },
            "tags_all": {
              "Name": "sg_for_database"
            },
            "timeouts": null,
            "vpc_id": "vpc-037cc1391cc37e565"
          },
          "sensitive_attributes": [],
          "private": "eyJlMmJmYjczMC1lY2FhLTExZTYtOGY4OC0zNDM2M2JjN2M0YzAiOnsiY3JlYXRlIjo2MDAwMDAwMDAwMDAsImRlbGV0ZSI6OTAwMDAwMDAwMDAwfSwic2NoZW1hX3ZlcnNpb24iOiIxIn0=",
          "dependencies": [
            "module.dev.module.vpc.aws_vpc.this"
          ],
          "create_before_destroy": true
        }
      ]
    },
    {
      "module": "module.dev.module.db-sg",
      "mode": "managed",
      "type": "aws_security_group_rule",
      "name": "egress_rules",
      "provider": "module.dev.provider[\"registry.terraform.io/hashicorp/aws\"]",
      "instances": [
        {
          "index_key": 0,
          "schema_version": 2,
          "attributes": {
            "cidr_blocks": [
              "0.0.0.0/0"
            ],
            "description": "All protocols",
            "from_port": -1,
            "id": "sgrule-2076360130",
            "ipv6_cidr_blocks": [
              "::/0"
            ],
            "prefix_list_ids": [],
            "protocol": "-1",
            "security_group_id": "sg-00b18b0a201bade5d",
            "self": false,
            "source_security_group_id": null,
            "to_port": -1,
            "type": "egress"
          },
          "sensitive_attributes": [],
          "private": "eyJzY2hlbWFfdmVyc2lvbiI6IjIifQ==",
          "dependencies": [
            "module.dev.module.db-sg.aws_security_group.this",
            "module.dev.module.db-sg.aws_security_group.this_name_prefix",
            "module.dev.module.vpc.aws_vpc.this"
          ]
        }
      ]
    },
    {
      "module": "module.dev.module.db-sg",
      "mode": "managed",
      "type": "aws_security_group_rule",
      "name": "ingress_rules",
      "provider": "module.dev.provider[\"registry.terraform.io/hashicorp/aws\"]",
      "instances": [
        {
          "index_key": 0,
          "schema_version": 2,
          "attributes": {
            "cidr_blocks": [
              "10.10.0.0/16"
            ],
            "description": "MySQL/Aurora",
            "from_port": 3306,
            "id": "sgrule-2525032754",
            "ipv6_cidr_blocks": [],
            "prefix_list_ids": [],
            "protocol": "tcp",
            "security_group_id": "sg-00b18b0a201bade5d",
            "self": false,
            "source_security_group_id": null,
            "to_port": 3306,
            "type": "ingress"
          },
          "sensitive_attributes": [],
          "private": "eyJzY2hlbWFfdmVyc2lvbiI6IjIifQ==",
          "dependencies": [
            "module.dev.module.db-sg.aws_security_group.this",
            "module.dev.module.db-sg.aws_security_group.this_name_prefix",
            "module.dev.module.vpc.aws_vpc.this"
          ]
        },
        {
          "index_key": 1,
          "schema_version": 2,
          "attributes": {
            "cidr_blocks": [
              "10.10.0.0/16"
            ],
            "description": "SSH",
            "from_port": 22,
            "id": "sgrule-862368236",
            "ipv6_cidr_blocks": [],
            "prefix_list_ids": [],
            "protocol": "tcp",
            "security_group_id": "sg-00b18b0a201bade5d",
            "self": false,
            "source_security_group_id": null,
            "to_port": 22,
            "type": "ingress"
          },
          "sensitive_attributes": [],
          "private": "eyJzY2hlbWFfdmVyc2lvbiI6IjIifQ==",
          "dependencies": [
            "module.dev.module.db-sg.aws_security_group.this",
            "module.dev.module.db-sg.aws_security_group.this_name_prefix",
            "module.dev.module.vpc.aws_vpc.this"
          ]
        }
      ]
    },
    {
      "module": "module.dev.module.db.module.db_instance",
      "mode": "data",
      "type": "aws_iam_policy_document",
      "name": "enhanced_monitoring",
      "provider": "module.dev.provider[\"registry.terraform.io/hashicorp/aws\"]",
      "instances": [
        {
          "schema_version": 0,
          "attributes": {
            "id": "1813475199",
            "json": "{\n  \"Version\": \"2012-10-17\",\n  \"Statement\": [\n    {\n      \"Sid\": \"\",\n      \"Effect\": \"Allow\",\n      \"Action\": \"sts:AssumeRole\",\n      \"Principal\": {\n        \"Service\": \"monitoring.rds.amazonaws.com\"\n      }\n    }\n  ]\n}",
            "override_json": null,
            "override_policy_documents": null,
            "policy_id": null,
            "source_json": null,
            "source_policy_documents": null,
            "statement": [
              {
                "actions": [
                  "sts:AssumeRole"
                ],
                "condition": [],
                "effect": "Allow",
                "not_actions": [],
                "not_principals": [],
                "not_resources": [],
                "principals": [
                  {
                    "identifiers": [
                      "monitoring.rds.amazonaws.com"
                    ],
                    "type": "Service"
                  }
                ],
                "resources": [],
                "sid": ""
              }
            ],
            "version": "2012-10-17"
          },
          "sensitive_attributes": []
        }
      ]
    },
    {
      "module": "module.dev.module.db.module.db_instance",
      "mode": "data",
      "type": "aws_partition",
      "name": "current",
      "provider": "module.dev.provider[\"registry.terraform.io/hashicorp/aws\"]",
      "instances": [
        {
          "schema_version": 0,
          "attributes": {
            "dns_suffix": "amazonaws.com",
            "id": "aws",
            "partition": "aws",
            "reverse_dns_prefix": "com.amazonaws"
          },
          "sensitive_attributes": []
        }
      ]
    },
    {
      "module": "module.dev.module.db.module.db_instance",
      "mode": "managed",
      "type": "aws_db_instance",
      "name": "this",
      "provider": "module.dev.provider[\"registry.terraform.io/hashicorp/aws\"]",
      "instances": [
        {
          "index_key": 0,
          "schema_version": 1,
          "attributes": {
            "address": "webdb2.cjhm8wq6amtj.us-east-2.rds.amazonaws.com",
            "allocated_storage": 20,
            "allow_major_version_upgrade": false,
            "apply_immediately": false,
            "arn": "arn:aws:rds:us-east-2:052776272001:db:webdb2",
            "auto_minor_version_upgrade": true,
            "availability_zone": "us-east-2a",
            "backup_retention_period": 0,
            "backup_window": "03:00-06:00",
            "ca_cert_identifier": "rds-ca-2019",
            "character_set_name": "",
            "copy_tags_to_snapshot": false,
            "customer_owned_ip_enabled": false,
            "db_subnet_group_name": "webdb2-20210922142225826500000007",
            "delete_automated_backups": true,
            "deletion_protection": false,
            "domain": "",
            "domain_iam_role_name": "",
            "enabled_cloudwatch_logs_exports": [
              "postgresql",
              "upgrade"
            ],
            "endpoint": "webdb2.cjhm8wq6amtj.us-east-2.rds.amazonaws.com:5432",
            "engine": "postgres",
            "engine_version": "11.10",
            "engine_version_actual": "11.10",
            "final_snapshot_identifier": null,
            "hosted_zone_id": "Z2XHWR1WZ565X2",
            "iam_database_authentication_enabled": false,
            "id": "webdb2",
            "identifier": "webdb2",
            "identifier_prefix": null,
            "instance_class": "db.t3.large",
            "iops": 0,
            "kms_key_id": "",
            "latest_restorable_time": "0001-01-01T00:00:00Z",
            "license_model": "postgresql-license",
            "maintenance_window": "mon:00:00-mon:03:00",
            "max_allocated_storage": 100,
            "monitoring_interval": 60,
            "monitoring_role_arn": "arn:aws:iam::052776272001:role/example-monitoring-role-name2",
            "multi_az": true,
            "name": "completePostgresql",
            "nchar_character_set_name": "",
            "option_group_name": "default:postgres-11",
            "parameter_group_name": "webdb2-20210922142203630900000001",
            "password": "YourPwdShouldBeLongAndSecure!",
            "performance_insights_enabled": true,
            "performance_insights_kms_key_id": "arn:aws:kms:us-east-2:052776272001:key/15405399-d21e-4486-ad88-6d520fa3343e",
            "performance_insights_retention_period": 7,
            "port": 5432,
            "publicly_accessible": false,
            "replicas": [],
            "replicate_source_db": "",
            "resource_id": "db-QDJFINEI3SNNBXR3IS3RAUIQGE",
            "restore_to_point_in_time": [],
            "s3_import": [],
            "security_group_names": null,
            "skip_final_snapshot": true,
            "snapshot_identifier": null,
            "status": "available",
            "storage_encrypted": false,
            "storage_type": "gp2",
            "tags": {
              "Name": "webdb2",
              "Terraform": "true"
            },
            "tags_all": {
              "Name": "webdb2",
              "Terraform": "true"
            },
            "timeouts": {
              "create": "40m",
              "delete": "40m",
              "update": "80m"
            },
            "timezone": "",
            "username": "complete_postgresql",
            "vpc_security_group_ids": [
              "sg-00b18b0a201bade5d"
            ]
          },
          "sensitive_attributes": [],
          "private": "eyJlMmJmYjczMC1lY2FhLTExZTYtOGY4OC0zNDM2M2JjN2M0YzAiOnsiY3JlYXRlIjoyNDAwMDAwMDAwMDAwLCJkZWxldGUiOjI0MDAwMDAwMDAwMDAsInVwZGF0ZSI6NDgwMDAwMDAwMDAwMH0sInNjaGVtYV92ZXJzaW9uIjoiMSJ9",
          "dependencies": [
            "module.dev.module.db-sg.aws_security_group.this",
            "module.dev.module.db-sg.aws_security_group.this_name_prefix",
            "module.dev.module.db.module.db_instance.aws_iam_role.enhanced_monitoring",
            "module.dev.module.db.module.db_instance.data.aws_iam_policy_document.enhanced_monitoring",
            "module.dev.module.db.module.db_instance.random_id.snapshot_identifier",
            "module.dev.module.db.module.db_option_group.aws_db_option_group.this",
            "module.dev.module.db.module.db_parameter_group.aws_db_parameter_group.this",
            "module.dev.module.db.module.db_subnet_group.aws_db_subnet_group.this",
            "module.dev.module.db.random_password.master_password",
            "module.dev.module.vpc.aws_subnet.private",
            "module.dev.module.vpc.aws_vpc.this",
            "module.dev.module.vpc.aws_vpc_ipv4_cidr_block_association.this"
          ]
        }
      ]
    },
    {
      "module": "module.dev.module.db.module.db_instance",
      "mode": "managed",
      "type": "aws_iam_role",
      "name": "enhanced_monitoring",
      "provider": "module.dev.provider[\"registry.terraform.io/hashicorp/aws\"]",
      "instances": [
        {
          "index_key": 0,
          "schema_version": 0,
          "attributes": {
            "arn": "arn:aws:iam::052776272001:role/example-monitoring-role-name2",
            "assume_role_policy": "{\"Version\":\"2012-10-17\",\"Statement\":[{\"Sid\":\"\",\"Effect\":\"Allow\",\"Principal\":{\"Service\":\"monitoring.rds.amazonaws.com\"},\"Action\":\"sts:AssumeRole\"}]}",
            "create_date": "2021-09-22T14:22:12Z",
            "description": "Description for monitoring role",
            "force_detach_policies": false,
            "id": "example-monitoring-role-name2",
            "inline_policy": [
              {
                "name": "",
                "policy": ""
              }
            ],
            "managed_policy_arns": [],
            "max_session_duration": 3600,
            "name": "example-monitoring-role-name2",
            "name_prefix": "",
            "path": "/",
            "permissions_boundary": null,
            "tags": {
              "Name": "example-monitoring-role-name2",
              "Terraform": "true"
            },
            "tags_all": {
              "Name": "example-monitoring-role-name2",
              "Terraform": "true"
            },
            "unique_id": "AROAQYSNWACATTJDIQ62P"
          },
          "sensitive_attributes": [],
          "private": "bnVsbA==",
          "dependencies": [
            "module.dev.module.db.module.db_instance.data.aws_iam_policy_document.enhanced_monitoring"
          ]
        }
      ]
    },
    {
      "module": "module.dev.module.db.module.db_instance",
      "mode": "managed",
      "type": "aws_iam_role_policy_attachment",
      "name": "enhanced_monitoring",
      "provider": "module.dev.provider[\"registry.terraform.io/hashicorp/aws\"]",
      "instances": [
        {
          "index_key": 0,
          "schema_version": 0,
          "attributes": {
            "id": "example-monitoring-role-name2-20210922142206495600000002",
            "policy_arn": "arn:aws:iam::aws:policy/service-role/AmazonRDSEnhancedMonitoringRole",
            "role": "example-monitoring-role-name2"
          },
          "sensitive_attributes": [],
          "private": "bnVsbA==",
          "dependencies": [
            "module.dev.module.db.module.db_instance.aws_iam_role.enhanced_monitoring",
            "module.dev.module.db.module.db_instance.data.aws_iam_policy_document.enhanced_monitoring",
            "module.dev.module.db.module.db_instance.data.aws_partition.current"
          ]
        }
      ]
    },
    {
      "module": "module.dev.module.db.module.db_parameter_group",
      "mode": "managed",
      "type": "aws_db_parameter_group",
      "name": "this",
      "provider": "module.dev.provider[\"registry.terraform.io/hashicorp/aws\"]",
      "instances": [
        {
          "index_key": 0,
          "schema_version": 0,
          "attributes": {
            "arn": "arn:aws:rds:us-east-2:052776272001:pg:webdb2-20210922142203630900000001",
            "description": "webdb2 parameter group",
            "family": "postgres11",
            "id": "webdb2-20210922142203630900000001",
            "name": "webdb2-20210922142203630900000001",
            "name_prefix": "webdb2-",
            "parameter": [
              {
                "apply_method": "immediate",
                "name": "autovacuum",
                "value": "1"
              },
              {
                "apply_method": "immediate",
                "name": "client_encoding",
                "value": "utf8"
              }
            ],
            "tags": {
              "Name": "webdb2",
              "Sensitive": "low",
              "Terraform": "true"
            },
            "tags_all": {
              "Name": "webdb2",
              "Sensitive": "low",
              "Terraform": "true"
            }
          },
          "sensitive_attributes": [],
          "private": "bnVsbA==",
          "create_before_destroy": true
        }
      ]
    },
    {
      "module": "module.dev.module.db.module.db_subnet_group",
      "mode": "managed",
      "type": "aws_db_subnet_group",
      "name": "this",
      "provider": "module.dev.provider[\"registry.terraform.io/hashicorp/aws\"]",
      "instances": [
        {
          "index_key": 0,
          "schema_version": 0,
          "attributes": {
            "arn": "arn:aws:rds:us-east-2:052776272001:subgrp:webdb2-20210922142225826500000007",
            "description": "webdb2 subnet group",
            "id": "webdb2-20210922142225826500000007",
            "name": "webdb2-20210922142225826500000007",
            "name_prefix": "webdb2-",
            "subnet_ids": [
              "subnet-080e9677a8a1a0d25",
              "subnet-0dedc85eecf506a7a"
            ],
            "tags": {
              "Name": "webdb2",
              "Sensitive": "high",
              "Terraform": "true"
            },
            "tags_all": {
              "Name": "webdb2",
              "Sensitive": "high",
              "Terraform": "true"
            }
          },
          "sensitive_attributes": [],
          "private": "bnVsbA==",
          "dependencies": [
            "module.dev.module.vpc.aws_subnet.private",
            "module.dev.module.vpc.aws_vpc.this",
            "module.dev.module.vpc.aws_vpc_ipv4_cidr_block_association.this"
          ]
        }
      ]
    },
    {
      "module": "module.dev.module.public-asg",
      "mode": "managed",
      "type": "aws_autoscaling_group",
      "name": "this",
      "provider": "module.dev.provider[\"registry.terraform.io/hashicorp/aws\"]",
      "instances": [
        {
          "index_key": 0,
          "schema_version": 0,
          "attributes": {
            "arn": "arn:aws:autoscaling:us-east-2:052776272001:autoScalingGroup:78599f30-e207-40b0-8239-3dde8cb65778:autoScalingGroupName/ec2-bastion-2021092214223548880000000b",
            "availability_zones": [
              "us-east-2a",
              "us-east-2b"
            ],
            "capacity_rebalance": false,
            "default_cooldown": 300,
            "desired_capacity": 1,
            "enabled_metrics": [
              "GroupDesiredCapacity",
              "GroupInServiceInstances",
              "GroupMaxSize",
              "GroupMinSize",
              "GroupPendingInstances",
              "GroupStandbyInstances",
              "GroupTerminatingInstances",
              "GroupTotalInstances"
            ],
            "force_delete": false,
            "force_delete_warm_pool": false,
            "health_check_grace_period": 300,
            "health_check_type": "EC2",
            "id": "ec2-bastion-2021092214223548880000000b",
            "initial_lifecycle_hook": [],
            "instance_refresh": [],
            "launch_configuration": "lc-for-public-asg-20210922142227453500000008",
            "launch_template": [],
            "load_balancers": null,
            "max_instance_lifetime": 0,
            "max_size": 1,
            "metrics_granularity": "1Minute",
            "min_elb_capacity": 0,
            "min_size": 0,
            "mixed_instances_policy": [],
            "name": "ec2-bastion-2021092214223548880000000b",
            "name_prefix": "ec2-bastion-",
            "placement_group": "",
            "protect_from_scale_in": false,
            "service_linked_role_arn": "arn:aws:iam::052776272001:role/aws-service-role/autoscaling.amazonaws.com/AWSServiceRoleForAutoScaling",
            "suspended_processes": null,
            "tag": [
              {
                "key": "Environment",
                "propagate_at_launch": true,
                "value": "dev"
              },
              {
                "key": "Name",
                "propagate_at_launch": true,
                "value": "bastion-asg"
              },
              {
                "key": "Owner",
                "propagate_at_launch": true,
                "value": "inception"
              }
            ],
            "tags": null,
            "target_group_arns": null,
            "termination_policies": [
              "Default"
            ],
            "timeouts": null,
            "vpc_zone_identifier": [
              "subnet-060992c370293cb0d",
              "subnet-070057e5fe7a00de6"
            ],
            "wait_for_capacity_timeout": "0",
            "wait_for_elb_capacity": null,
            "warm_pool": []
          },
          "sensitive_attributes": [],
          "private": "eyJlMmJmYjczMC1lY2FhLTExZTYtOGY4OC0zNDM2M2JjN2M0YzAiOnsiZGVsZXRlIjo2MDAwMDAwMDAwMDB9fQ==",
          "dependencies": [
            "module.dev.data.aws_ami.ubuntu",
            "module.dev.module.bastion-sg.aws_security_group.this",
            "module.dev.module.bastion-sg.aws_security_group.this_name_prefix",
            "module.dev.module.public-asg.aws_launch_configuration.this",
            "module.dev.module.public-asg.null_resource.tags_as_list_of_maps",
            "module.dev.module.public-asg.random_pet.asg_name",
            "module.dev.module.vpc.aws_subnet.public",
            "module.dev.module.vpc.aws_vpc.this",
            "module.dev.module.vpc.aws_vpc_ipv4_cidr_block_association.this"
          ],
          "create_before_destroy": true
        }
      ]
    },
    {
      "module": "module.dev.module.public-asg",
      "mode": "managed",
      "type": "aws_launch_configuration",
      "name": "this",
      "provider": "module.dev.provider[\"registry.terraform.io/hashicorp/aws\"]",
      "instances": [
        {
          "index_key": 0,
          "schema_version": 0,
          "attributes": {
            "arn": "arn:aws:autoscaling:us-east-2:052776272001:launchConfiguration:6b2a25e2-aa9e-4b05-89c3-a9de610202c1:launchConfigurationName/lc-for-public-asg-20210922142227453500000008",
            "associate_public_ip_address": false,
            "ebs_block_device": [],
            "ebs_optimized": false,
            "enable_monitoring": true,
            "ephemeral_block_device": [],
            "iam_instance_profile": "",
            "id": "lc-for-public-asg-20210922142227453500000008",
            "image_id": "ami-01685d240b8fbbfeb",
            "instance_type": "t2.micro",
            "key_name": "vieskovtf",
            "metadata_options": [],
            "name": "lc-for-public-asg-20210922142227453500000008",
            "name_prefix": "lc-for-public-asg-",
            "placement_tenancy": "default",
            "root_block_device": [
              {
                "delete_on_termination": true,
                "encrypted": false,
                "iops": 0,
                "throughput": 0,
                "volume_size": 10,
                "volume_type": "gp2"
              }
            ],
            "security_groups": [
              "sg-06ec40e588642d06f"
            ],
            "spot_price": "",
            "user_data": null,
            "user_data_base64": null,
            "vpc_classic_link_id": "",
            "vpc_classic_link_security_groups": null
          },
          "sensitive_attributes": [],
          "private": "bnVsbA==",
          "dependencies": [
            "module.dev.data.aws_ami.ubuntu",
            "module.dev.module.bastion-sg.aws_security_group.this",
            "module.dev.module.bastion-sg.aws_security_group.this_name_prefix",
            "module.dev.module.vpc.aws_vpc.this"
          ],
          "create_before_destroy": true
        }
      ]
    },
    {
      "module": "module.dev.module.public-asg",
      "mode": "managed",
      "type": "null_resource",
      "name": "tags_as_list_of_maps",
      "provider": "provider[\"registry.terraform.io/hashicorp/null\"]",
      "instances": [
        {
          "index_key": 0,
          "schema_version": 0,
          "attributes": {
            "id": "3137637621082658633",
            "triggers": {
              "key": "Environment",
              "propagate_at_launch": "true",
              "value": "dev"
            }
          },
          "sensitive_attributes": [],
          "private": "bnVsbA==",
          "create_before_destroy": true
        },
        {
          "index_key": 1,
          "schema_version": 0,
          "attributes": {
            "id": "4291527549952703889",
            "triggers": {
              "key": "Owner",
              "propagate_at_launch": "true",
              "value": "inception"
            }
          },
          "sensitive_attributes": [],
          "private": "bnVsbA==",
          "create_before_destroy": true
        }
      ]
    },
    {
      "module": "module.dev.module.vpc",
      "mode": "managed",
      "type": "aws_internet_gateway",
      "name": "this",
      "provider": "module.dev.provider[\"registry.terraform.io/hashicorp/aws\"]",
      "instances": [
        {
          "index_key": 0,
          "schema_version": 0,
          "attributes": {
            "arn": "arn:aws:ec2:us-east-2:052776272001:internet-gateway/igw-042683b1ac9cf6905",
            "id": "igw-042683b1ac9cf6905",
            "owner_id": "052776272001",
            "tags": {
              "Name": "vpc-app"
            },
            "tags_all": {
              "Name": "vpc-app"
            },
            "vpc_id": "vpc-037cc1391cc37e565"
          },
          "sensitive_attributes": [],
          "private": "bnVsbA==",
          "dependencies": [
            "module.dev.module.vpc.aws_vpc.this",
            "module.dev.module.vpc.aws_vpc_ipv4_cidr_block_association.this"
          ]
        }
      ]
    },
    {
      "module": "module.dev.module.vpc",
      "mode": "managed",
      "type": "aws_route",
      "name": "public_internet_gateway",
      "provider": "module.dev.provider[\"registry.terraform.io/hashicorp/aws\"]",
      "instances": [
        {
          "index_key": 0,
          "schema_version": 0,
          "attributes": {
            "carrier_gateway_id": "",
            "destination_cidr_block": "0.0.0.0/0",
            "destination_ipv6_cidr_block": "",
            "destination_prefix_list_id": "",
            "egress_only_gateway_id": "",
            "gateway_id": "igw-042683b1ac9cf6905",
            "id": "r-rtb-0ae9951f86537e7471080289494",
            "instance_id": "",
            "instance_owner_id": "",
            "local_gateway_id": "",
            "nat_gateway_id": "",
            "network_interface_id": "",
            "origin": "CreateRoute",
            "route_table_id": "rtb-0ae9951f86537e747",
            "state": "active",
            "timeouts": {
              "create": "5m",
              "delete": null
            },
            "transit_gateway_id": "",
            "vpc_endpoint_id": "",
            "vpc_peering_connection_id": ""
          },
          "sensitive_attributes": [],
          "private": "eyJlMmJmYjczMC1lY2FhLTExZTYtOGY4OC0zNDM2M2JjN2M0YzAiOnsiY3JlYXRlIjozMDAwMDAwMDAwMDAsImRlbGV0ZSI6MzAwMDAwMDAwMDAwfX0=",
          "dependencies": [
            "module.dev.module.vpc.aws_internet_gateway.this",
            "module.dev.module.vpc.aws_route_table.public",
            "module.dev.module.vpc.aws_vpc.this",
            "module.dev.module.vpc.aws_vpc_ipv4_cidr_block_association.this"
          ]
        }
      ]
    },
    {
      "module": "module.dev.module.vpc",
      "mode": "managed",
      "type": "aws_route_table",
      "name": "private",
      "provider": "module.dev.provider[\"registry.terraform.io/hashicorp/aws\"]",
      "instances": [
        {
          "index_key": 0,
          "schema_version": 0,
          "attributes": {
            "arn": "arn:aws:ec2:us-east-2:052776272001:route-table/rtb-0fbdea2837118490d",
            "id": "rtb-0fbdea2837118490d",
            "owner_id": "052776272001",
            "propagating_vgws": [],
            "route": [],
            "tags": {
              "Name": "vpc-app-private-us-east-2a"
            },
            "tags_all": {
              "Name": "vpc-app-private-us-east-2a"
            },
            "vpc_id": "vpc-037cc1391cc37e565"
          },
          "sensitive_attributes": [],
          "private": "bnVsbA==",
          "dependencies": [
            "module.dev.module.vpc.aws_vpc.this",
            "module.dev.module.vpc.aws_vpc_ipv4_cidr_block_association.this"
          ]
        },
        {
          "index_key": 1,
          "schema_version": 0,
          "attributes": {
            "arn": "arn:aws:ec2:us-east-2:052776272001:route-table/rtb-0cc3e543867dabf34",
            "id": "rtb-0cc3e543867dabf34",
            "owner_id": "052776272001",
            "propagating_vgws": [],
            "route": [],
            "tags": {
              "Name": "vpc-app-private-us-east-2b"
            },
            "tags_all": {
              "Name": "vpc-app-private-us-east-2b"
            },
            "vpc_id": "vpc-037cc1391cc37e565"
          },
          "sensitive_attributes": [],
          "private": "bnVsbA==",
          "dependencies": [
            "module.dev.module.vpc.aws_vpc.this",
            "module.dev.module.vpc.aws_vpc_ipv4_cidr_block_association.this"
          ]
        }
      ]
    },
    {
      "module": "module.dev.module.vpc",
      "mode": "managed",
      "type": "aws_route_table",
      "name": "public",
      "provider": "module.dev.provider[\"registry.terraform.io/hashicorp/aws\"]",
      "instances": [
        {
          "index_key": 0,
          "schema_version": 0,
          "attributes": {
            "arn": "arn:aws:ec2:us-east-2:052776272001:route-table/rtb-0ae9951f86537e747",
            "id": "rtb-0ae9951f86537e747",
            "owner_id": "052776272001",
            "propagating_vgws": [],
            "route": [],
            "tags": {
              "Name": "vpc-app-public"
            },
            "tags_all": {
              "Name": "vpc-app-public"
            },
            "vpc_id": "vpc-037cc1391cc37e565"
          },
          "sensitive_attributes": [],
          "private": "bnVsbA==",
          "dependencies": [
            "module.dev.module.vpc.aws_vpc.this",
            "module.dev.module.vpc.aws_vpc_ipv4_cidr_block_association.this"
          ]
        }
      ]
    },
    {
      "module": "module.dev.module.vpc",
      "mode": "managed",
      "type": "aws_route_table_association",
      "name": "private",
      "provider": "module.dev.provider[\"registry.terraform.io/hashicorp/aws\"]",
      "instances": [
        {
          "index_key": 0,
          "schema_version": 0,
          "attributes": {
            "gateway_id": "",
            "id": "rtbassoc-00e4284261fec8171",
            "route_table_id": "rtb-0fbdea2837118490d",
            "subnet_id": "subnet-0dedc85eecf506a7a"
          },
          "sensitive_attributes": [],
          "private": "bnVsbA==",
          "dependencies": [
            "module.dev.module.vpc.aws_route_table.private",
            "module.dev.module.vpc.aws_subnet.private",
            "module.dev.module.vpc.aws_vpc.this",
            "module.dev.module.vpc.aws_vpc_ipv4_cidr_block_association.this"
          ]
        },
        {
          "index_key": 1,
          "schema_version": 0,
          "attributes": {
            "gateway_id": "",
            "id": "rtbassoc-0e4f0d4385fbd919f",
            "route_table_id": "rtb-0cc3e543867dabf34",
            "subnet_id": "subnet-080e9677a8a1a0d25"
          },
          "sensitive_attributes": [],
          "private": "bnVsbA==",
          "dependencies": [
            "module.dev.module.vpc.aws_route_table.private",
            "module.dev.module.vpc.aws_subnet.private",
            "module.dev.module.vpc.aws_vpc.this",
            "module.dev.module.vpc.aws_vpc_ipv4_cidr_block_association.this"
          ]
        }
      ]
    },
    {
      "module": "module.dev.module.vpc",
      "mode": "managed",
      "type": "aws_route_table_association",
      "name": "public",
      "provider": "module.dev.provider[\"registry.terraform.io/hashicorp/aws\"]",
      "instances": [
        {
          "index_key": 0,
          "schema_version": 0,
          "attributes": {
            "gateway_id": "",
            "id": "rtbassoc-03b53f4348768da1d",
            "route_table_id": "rtb-0ae9951f86537e747",
            "subnet_id": "subnet-070057e5fe7a00de6"
          },
          "sensitive_attributes": [],
          "private": "bnVsbA==",
          "dependencies": [
            "module.dev.module.vpc.aws_route_table.public",
            "module.dev.module.vpc.aws_subnet.public",
            "module.dev.module.vpc.aws_vpc.this",
            "module.dev.module.vpc.aws_vpc_ipv4_cidr_block_association.this"
          ]
        },
        {
          "index_key": 1,
          "schema_version": 0,
          "attributes": {
            "gateway_id": "",
            "id": "rtbassoc-05da746550256964a",
            "route_table_id": "rtb-0ae9951f86537e747",
            "subnet_id": "subnet-060992c370293cb0d"
          },
          "sensitive_attributes": [],
          "private": "bnVsbA==",
          "dependencies": [
            "module.dev.module.vpc.aws_route_table.public",
            "module.dev.module.vpc.aws_subnet.public",
            "module.dev.module.vpc.aws_vpc.this",
            "module.dev.module.vpc.aws_vpc_ipv4_cidr_block_association.this"
          ]
        }
      ]
    },
    {
      "module": "module.dev.module.vpc",
      "mode": "managed",
      "type": "aws_subnet",
      "name": "private",
      "provider": "module.dev.provider[\"registry.terraform.io/hashicorp/aws\"]",
      "instances": [
        {
          "index_key": 0,
          "schema_version": 1,
          "attributes": {
            "arn": "arn:aws:ec2:us-east-2:052776272001:subnet/subnet-0dedc85eecf506a7a",
            "assign_ipv6_address_on_creation": false,
            "availability_zone": "us-east-2a",
            "availability_zone_id": "use2-az1",
            "cidr_block": "10.10.1.0/24",
            "customer_owned_ipv4_pool": "",
            "id": "subnet-0dedc85eecf506a7a",
            "ipv6_cidr_block": "",
            "ipv6_cidr_block_association_id": "",
            "map_customer_owned_ip_on_launch": false,
            "map_public_ip_on_launch": false,
            "outpost_arn": "",
            "owner_id": "052776272001",
            "tags": {
              "Name": "vpc-app-private-us-east-2a"
            },
            "tags_all": {
              "Name": "vpc-app-private-us-east-2a"
            },
            "timeouts": null,
            "vpc_id": "vpc-037cc1391cc37e565"
          },
          "sensitive_attributes": [],
          "private": "eyJlMmJmYjczMC1lY2FhLTExZTYtOGY4OC0zNDM2M2JjN2M0YzAiOnsiY3JlYXRlIjo2MDAwMDAwMDAwMDAsImRlbGV0ZSI6MTIwMDAwMDAwMDAwMH0sInNjaGVtYV92ZXJzaW9uIjoiMSJ9",
          "dependencies": [
            "module.dev.module.vpc.aws_vpc.this",
            "module.dev.module.vpc.aws_vpc_ipv4_cidr_block_association.this"
          ],
          "create_before_destroy": true
        },
        {
          "index_key": 1,
          "schema_version": 1,
          "attributes": {
            "arn": "arn:aws:ec2:us-east-2:052776272001:subnet/subnet-080e9677a8a1a0d25",
            "assign_ipv6_address_on_creation": false,
            "availability_zone": "us-east-2b",
            "availability_zone_id": "use2-az2",
            "cidr_block": "10.10.2.0/24",
            "customer_owned_ipv4_pool": "",
            "id": "subnet-080e9677a8a1a0d25",
            "ipv6_cidr_block": "",
            "ipv6_cidr_block_association_id": "",
            "map_customer_owned_ip_on_launch": false,
            "map_public_ip_on_launch": false,
            "outpost_arn": "",
            "owner_id": "052776272001",
            "tags": {
              "Name": "vpc-app-private-us-east-2b"
            },
            "tags_all": {
              "Name": "vpc-app-private-us-east-2b"
            },
            "timeouts": null,
            "vpc_id": "vpc-037cc1391cc37e565"
          },
          "sensitive_attributes": [],
          "private": "eyJlMmJmYjczMC1lY2FhLTExZTYtOGY4OC0zNDM2M2JjN2M0YzAiOnsiY3JlYXRlIjo2MDAwMDAwMDAwMDAsImRlbGV0ZSI6MTIwMDAwMDAwMDAwMH0sInNjaGVtYV92ZXJzaW9uIjoiMSJ9",
          "dependencies": [
            "module.dev.module.vpc.aws_vpc.this",
            "module.dev.module.vpc.aws_vpc_ipv4_cidr_block_association.this"
          ],
          "create_before_destroy": true
        }
      ]
    },
    {
      "module": "module.dev.module.vpc",
      "mode": "managed",
      "type": "aws_subnet",
      "name": "public",
      "provider": "module.dev.provider[\"registry.terraform.io/hashicorp/aws\"]",
      "instances": [
        {
          "index_key": 0,
          "schema_version": 1,
          "attributes": {
            "arn": "arn:aws:ec2:us-east-2:052776272001:subnet/subnet-070057e5fe7a00de6",
            "assign_ipv6_address_on_creation": false,
            "availability_zone": "us-east-2a",
            "availability_zone_id": "use2-az1",
            "cidr_block": "10.10.101.0/24",
            "customer_owned_ipv4_pool": "",
            "id": "subnet-070057e5fe7a00de6",
            "ipv6_cidr_block": "",
            "ipv6_cidr_block_association_id": "",
            "map_customer_owned_ip_on_launch": false,
            "map_public_ip_on_launch": true,
            "outpost_arn": "",
            "owner_id": "052776272001",
            "tags": {
              "Name": "vpc-app-public-us-east-2a"
            },
            "tags_all": {
              "Name": "vpc-app-public-us-east-2a"
            },
            "timeouts": null,
            "vpc_id": "vpc-037cc1391cc37e565"
          },
          "sensitive_attributes": [],
          "private": "eyJlMmJmYjczMC1lY2FhLTExZTYtOGY4OC0zNDM2M2JjN2M0YzAiOnsiY3JlYXRlIjo2MDAwMDAwMDAwMDAsImRlbGV0ZSI6MTIwMDAwMDAwMDAwMH0sInNjaGVtYV92ZXJzaW9uIjoiMSJ9",
          "dependencies": [
            "module.dev.module.vpc.aws_vpc.this",
            "module.dev.module.vpc.aws_vpc_ipv4_cidr_block_association.this"
          ],
          "create_before_destroy": true
        },
        {
          "index_key": 1,
          "schema_version": 1,
          "attributes": {
            "arn": "arn:aws:ec2:us-east-2:052776272001:subnet/subnet-060992c370293cb0d",
            "assign_ipv6_address_on_creation": false,
            "availability_zone": "us-east-2b",
            "availability_zone_id": "use2-az2",
            "cidr_block": "10.10.102.0/24",
            "customer_owned_ipv4_pool": "",
            "id": "subnet-060992c370293cb0d",
            "ipv6_cidr_block": "",
            "ipv6_cidr_block_association_id": "",
            "map_customer_owned_ip_on_launch": false,
            "map_public_ip_on_launch": true,
            "outpost_arn": "",
            "owner_id": "052776272001",
            "tags": {
              "Name": "vpc-app-public-us-east-2b"
            },
            "tags_all": {
              "Name": "vpc-app-public-us-east-2b"
            },
            "timeouts": null,
            "vpc_id": "vpc-037cc1391cc37e565"
          },
          "sensitive_attributes": [],
          "private": "eyJlMmJmYjczMC1lY2FhLTExZTYtOGY4OC0zNDM2M2JjN2M0YzAiOnsiY3JlYXRlIjo2MDAwMDAwMDAwMDAsImRlbGV0ZSI6MTIwMDAwMDAwMDAwMH0sInNjaGVtYV92ZXJzaW9uIjoiMSJ9",
          "dependencies": [
            "module.dev.module.vpc.aws_vpc.this",
            "module.dev.module.vpc.aws_vpc_ipv4_cidr_block_association.this"
          ],
          "create_before_destroy": true
        }
      ]
    },
    {
      "module": "module.dev.module.vpc",
      "mode": "managed",
      "type": "aws_vpc",
      "name": "this",
      "provider": "module.dev.provider[\"registry.terraform.io/hashicorp/aws\"]",
      "instances": [
        {
          "index_key": 0,
          "schema_version": 1,
          "attributes": {
            "arn": "arn:aws:ec2:us-east-2:052776272001:vpc/vpc-037cc1391cc37e565",
            "assign_generated_ipv6_cidr_block": false,
            "cidr_block": "10.10.0.0/16",
            "default_network_acl_id": "acl-0563456e59303c5ea",
            "default_route_table_id": "rtb-02cb4e34e32685fb5",
            "default_security_group_id": "sg-038fb4a8ac8963321",
            "dhcp_options_id": "dopt-5513733e",
            "enable_classiclink": null,
            "enable_classiclink_dns_support": null,
            "enable_dns_hostnames": true,
            "enable_dns_support": true,
            "id": "vpc-037cc1391cc37e565",
            "instance_tenancy": "default",
            "ipv6_association_id": "",
            "ipv6_cidr_block": "",
            "main_route_table_id": "rtb-02cb4e34e32685fb5",
            "owner_id": "052776272001",
            "tags": {
              "Name": "vpc-app"
            },
            "tags_all": {
              "Name": "vpc-app"
            }
          },
          "sensitive_attributes": [],
          "private": "eyJzY2hlbWFfdmVyc2lvbiI6IjEifQ==",
          "create_before_destroy": true
        }
      ]
    },
    {
      "module": "module.dev.module.web-sg",
      "mode": "managed",
      "type": "aws_security_group",
      "name": "this_name_prefix",
      "provider": "module.dev.provider[\"registry.terraform.io/hashicorp/aws\"]",
      "instances": [
        {
          "index_key": 0,
          "schema_version": 1,
          "attributes": {
            "arn": "arn:aws:ec2:us-east-2:052776272001:security-group/sg-02a6845cba4737435",
            "description": "Security group for web servers",
            "egress": [],
            "id": "sg-02a6845cba4737435",
            "ingress": [],
            "name": "sg_for_apache-20210922142223529400000004",
            "name_prefix": "sg_for_apache-",
            "owner_id": "052776272001",
            "revoke_rules_on_delete": false,
            "tags": {
              "Name": "sg_for_apache"
            },
            "tags_all": {
              "Name": "sg_for_apache"
            },
            "timeouts": null,
            "vpc_id": "vpc-037cc1391cc37e565"
          },
          "sensitive_attributes": [],
          "private": "eyJlMmJmYjczMC1lY2FhLTExZTYtOGY4OC0zNDM2M2JjN2M0YzAiOnsiY3JlYXRlIjo2MDAwMDAwMDAwMDAsImRlbGV0ZSI6OTAwMDAwMDAwMDAwfSwic2NoZW1hX3ZlcnNpb24iOiIxIn0=",
          "dependencies": [
            "module.dev.module.vpc.aws_vpc.this"
          ],
          "create_before_destroy": true
        }
      ]
    },
    {
      "module": "module.dev.module.web-sg",
      "mode": "managed",
      "type": "aws_security_group_rule",
      "name": "egress_rules",
      "provider": "module.dev.provider[\"registry.terraform.io/hashicorp/aws\"]",
      "instances": [
        {
          "index_key": 0,
          "schema_version": 2,
          "attributes": {
            "cidr_blocks": [
              "0.0.0.0/0"
            ],
            "description": "All protocols",
            "from_port": -1,
            "id": "sgrule-2631646434",
            "ipv6_cidr_blocks": [
              "::/0"
            ],
            "prefix_list_ids": [],
            "protocol": "-1",
            "security_group_id": "sg-02a6845cba4737435",
            "self": false,
            "source_security_group_id": null,
            "to_port": -1,
            "type": "egress"
          },
          "sensitive_attributes": [],
          "private": "eyJzY2hlbWFfdmVyc2lvbiI6IjIifQ==",
          "dependencies": [
            "module.dev.module.vpc.aws_vpc.this",
            "module.dev.module.web-sg.aws_security_group.this",
            "module.dev.module.web-sg.aws_security_group.this_name_prefix"
          ]
        }
      ]
    },
    {
      "module": "module.dev.module.web-sg",
      "mode": "managed",
      "type": "aws_security_group_rule",
      "name": "ingress_rules",
      "provider": "module.dev.provider[\"registry.terraform.io/hashicorp/aws\"]",
      "instances": [
        {
          "index_key": 0,
          "schema_version": 2,
          "attributes": {
            "cidr_blocks": [
              "10.10.0.0/16"
            ],
            "description": "HTTP",
            "from_port": 80,
            "id": "sgrule-1241200176",
            "ipv6_cidr_blocks": [],
            "prefix_list_ids": [],
            "protocol": "tcp",
            "security_group_id": "sg-02a6845cba4737435",
            "self": false,
            "source_security_group_id": null,
            "to_port": 80,
            "type": "ingress"
          },
          "sensitive_attributes": [],
          "private": "eyJzY2hlbWFfdmVyc2lvbiI6IjIifQ==",
          "dependencies": [
            "module.dev.module.vpc.aws_vpc.this",
            "module.dev.module.web-sg.aws_security_group.this",
            "module.dev.module.web-sg.aws_security_group.this_name_prefix"
          ]
        },
        {
          "index_key": 1,
          "schema_version": 2,
          "attributes": {
            "cidr_blocks": [
              "10.10.0.0/16"
            ],
            "description": "HTTPS",
            "from_port": 443,
            "id": "sgrule-1833347814",
            "ipv6_cidr_blocks": [],
            "prefix_list_ids": [],
            "protocol": "tcp",
            "security_group_id": "sg-02a6845cba4737435",
            "self": false,
            "source_security_group_id": null,
            "to_port": 443,
            "type": "ingress"
          },
          "sensitive_attributes": [],
          "private": "eyJzY2hlbWFfdmVyc2lvbiI6IjIifQ==",
          "dependencies": [
            "module.dev.module.vpc.aws_vpc.this",
            "module.dev.module.web-sg.aws_security_group.this",
            "module.dev.module.web-sg.aws_security_group.this_name_prefix"
          ]
        },
        {
          "index_key": 2,
          "schema_version": 2,
          "attributes": {
            "cidr_blocks": [
              "10.10.0.0/16"
            ],
            "description": "All IPV4 ICMP",
            "from_port": -1,
            "id": "sgrule-2453797210",
            "ipv6_cidr_blocks": [],
            "prefix_list_ids": [],
            "protocol": "icmp",
            "security_group_id": "sg-02a6845cba4737435",
            "self": false,
            "source_security_group_id": null,
            "to_port": -1,
            "type": "ingress"
          },
          "sensitive_attributes": [],
          "private": "eyJzY2hlbWFfdmVyc2lvbiI6IjIifQ==",
          "dependencies": [
            "module.dev.module.vpc.aws_vpc.this",
            "module.dev.module.web-sg.aws_security_group.this",
            "module.dev.module.web-sg.aws_security_group.this_name_prefix"
          ]
        }
      ]
    },
    {
      "module": "module.dev.module.web-sg",
      "mode": "managed",
      "type": "aws_security_group_rule",
      "name": "ingress_with_cidr_blocks",
      "provider": "module.dev.provider[\"registry.terraform.io/hashicorp/aws\"]",
      "instances": [
        {
          "index_key": 0,
          "schema_version": 2,
          "attributes": {
            "cidr_blocks": [
              "0.0.0.0/0"
            ],
            "description": "User-service ports",
            "from_port": 22,
            "id": "sgrule-966802528",
            "ipv6_cidr_blocks": null,
            "prefix_list_ids": [],
            "protocol": "tcp",
            "security_group_id": "sg-02a6845cba4737435",
            "self": false,
            "source_security_group_id": null,
            "to_port": 22,
            "type": "ingress"
          },
          "sensitive_attributes": [],
          "private": "eyJzY2hlbWFfdmVyc2lvbiI6IjIifQ==",
          "dependencies": [
            "module.dev.module.vpc.aws_vpc.this",
            "module.dev.module.web-sg.aws_security_group.this",
            "module.dev.module.web-sg.aws_security_group.this_name_prefix"
          ]
        }
      ]
    }
  ]
}
